// !$*UTF8*$!
{
	archiveVersion = 1;
	classes = {
	};
	objectVersion = 56;
	objects = {

/* Begin PBXBuildFile section */
		E774576B2A73AA6300920E39 /* SampleApp.swift in Sources */ = {isa = PBXBuildFile; fileRef = E774576A2A73AA6300920E39 /* SampleApp.swift */; };
		E774576D2A73AA6300920E39 /* MainView.swift in Sources */ = {isa = PBXBuildFile; fileRef = E774576C2A73AA6300920E39 /* MainView.swift */; };
		E774576F2A73AA6300920E39 /* Assets.xcassets in Resources */ = {isa = PBXBuildFile; fileRef = E774576E2A73AA6300920E39 /* Assets.xcassets */; };
		E774577F2A73AC9000920E39 /* BeyondDotNETSampleKit.xcframework in Frameworks */ = {isa = PBXBuildFile; fileRef = E774577E2A73AC9000920E39 /* BeyondDotNETSampleKit.xcframework */; };
		E77457802A73AC9000920E39 /* BeyondDotNETSampleKit.xcframework in Embed Frameworks */ = {isa = PBXBuildFile; fileRef = E774577E2A73AC9000920E39 /* BeyondDotNETSampleKit.xcframework */; settings = {ATTRIBUTES = (CodeSignOnCopy, RemoveHeadersOnCopy, ); }; };
		E77457832A73B40900920E39 /* GuidView.swift in Sources */ = {isa = PBXBuildFile; fileRef = E77457822A73B40900920E39 /* GuidView.swift */; };
		E77457852A73B60400920E39 /* ClockView.swift in Sources */ = {isa = PBXBuildFile; fileRef = E77457842A73B60400920E39 /* ClockView.swift */; };
		E77457872A73C85500920E39 /* Base64View.swift in Sources */ = {isa = PBXBuildFile; fileRef = E77457862A73C85500920E39 /* Base64View.swift */; };
		E77457892A73D1E500920E39 /* ExceptionView.swift in Sources */ = {isa = PBXBuildFile; fileRef = E77457882A73D1E500920E39 /* ExceptionView.swift */; };
		E7977F862A73F6A900493C61 /* TimerView.swift in Sources */ = {isa = PBXBuildFile; fileRef = E7977F852A73F6A900493C61 /* TimerView.swift */; };
		E7FC0A952B1A383400259AC6 /* PerformanceView.swift in Sources */ = {isa = PBXBuildFile; fileRef = E7FC0A942B1A383400259AC6 /* PerformanceView.swift */; };
/* End PBXBuildFile section */

/* Begin PBXCopyFilesBuildPhase section */
		E77457812A73AC9000920E39 /* Embed Frameworks */ = {
			isa = PBXCopyFilesBuildPhase;
			buildActionMask = 2147483647;
			dstPath = "";
			dstSubfolderSpec = 10;
			files = (
				E77457802A73AC9000920E39 /* BeyondDotNETSampleKit.xcframework in Embed Frameworks */,
			);
			name = "Embed Frameworks";
			runOnlyForDeploymentPostprocessing = 0;
		};
/* End PBXCopyFilesBuildPhase section */

/* Begin PBXFileReference section */
		E77457672A73AA6200920E39 /* BeyondNETSampleSwiftUIApp.app */ = {isa = PBXFileReference; explicitFileType = wrapper.application; includeInIndex = 0; path = BeyondNETSampleSwiftUIApp.app; sourceTree = BUILT_PRODUCTS_DIR; };
		E774576A2A73AA6300920E39 /* SampleApp.swift */ = {isa = PBXFileReference; lastKnownFileType = sourcecode.swift; path = SampleApp.swift; sourceTree = "<group>"; };
		E774576C2A73AA6300920E39 /* MainView.swift */ = {isa = PBXFileReference; lastKnownFileType = sourcecode.swift; path = MainView.swift; sourceTree = "<group>"; };
		E774576E2A73AA6300920E39 /* Assets.xcassets */ = {isa = PBXFileReference; lastKnownFileType = folder.assetcatalog; path = Assets.xcassets; sourceTree = "<group>"; };
		E77457702A73AA6300920E39 /* BeyondNETSampleSwiftUIApp.entitlements */ = {isa = PBXFileReference; lastKnownFileType = text.plist.entitlements; path = BeyondNETSampleSwiftUIApp.entitlements; sourceTree = "<group>"; };
		E774577E2A73AC9000920E39 /* BeyondDotNETSampleKit.xcframework */ = {isa = PBXFileReference; lastKnownFileType = wrapper.xcframework; name = BeyondDotNETSampleKit.xcframework; path = ../Generated/BeyondDotNETSampleKit.xcframework; sourceTree = "<group>"; };
		E77457822A73B40900920E39 /* GuidView.swift */ = {isa = PBXFileReference; lastKnownFileType = sourcecode.swift; path = GuidView.swift; sourceTree = "<group>"; };
		E77457842A73B60400920E39 /* ClockView.swift */ = {isa = PBXFileReference; lastKnownFileType = sourcecode.swift; path = ClockView.swift; sourceTree = "<group>"; };
		E77457862A73C85500920E39 /* Base64View.swift */ = {isa = PBXFileReference; lastKnownFileType = sourcecode.swift; path = Base64View.swift; sourceTree = "<group>"; };
		E77457882A73D1E500920E39 /* ExceptionView.swift */ = {isa = PBXFileReference; lastKnownFileType = sourcecode.swift; path = ExceptionView.swift; sourceTree = "<group>"; };
		E7977F852A73F6A900493C61 /* TimerView.swift */ = {isa = PBXFileReference; lastKnownFileType = sourcecode.swift; path = TimerView.swift; sourceTree = "<group>"; };
		E7FC0A942B1A383400259AC6 /* PerformanceView.swift */ = {isa = PBXFileReference; lastKnownFileType = sourcecode.swift; path = PerformanceView.swift; sourceTree = "<group>"; };
/* End PBXFileReference section */

/* Begin PBXFrameworksBuildPhase section */
		E77457642A73AA6200920E39 /* Frameworks */ = {
			isa = PBXFrameworksBuildPhase;
			buildActionMask = 2147483647;
			files = (
				E774577F2A73AC9000920E39 /* BeyondDotNETSampleKit.xcframework in Frameworks */,
			);
			runOnlyForDeploymentPostprocessing = 0;
		};
/* End PBXFrameworksBuildPhase section */

/* Begin PBXGroup section */
		E774575E2A73AA6200920E39 = {
			isa = PBXGroup;
			children = (
				E77457692A73AA6200920E39 /* SwiftUIApp */,
				E77457682A73AA6200920E39 /* Products */,
				E77457792A73AB0200920E39 /* Frameworks */,
			);
			sourceTree = "<group>";
		};
		E77457682A73AA6200920E39 /* Products */ = {
			isa = PBXGroup;
			children = (
				E77457672A73AA6200920E39 /* BeyondNETSampleSwiftUIApp.app */,
			);
			name = Products;
			sourceTree = "<group>";
		};
		E77457692A73AA6200920E39 /* SwiftUIApp */ = {
			isa = PBXGroup;
			children = (
				E774576A2A73AA6300920E39 /* SampleApp.swift */,
				E774576C2A73AA6300920E39 /* MainView.swift */,
				E77457822A73B40900920E39 /* GuidView.swift */,
				E77457842A73B60400920E39 /* ClockView.swift */,
				E77457862A73C85500920E39 /* Base64View.swift */,
				E77457882A73D1E500920E39 /* ExceptionView.swift */,
				E7977F852A73F6A900493C61 /* TimerView.swift */,
				E7FC0A942B1A383400259AC6 /* PerformanceView.swift */,
				E774576E2A73AA6300920E39 /* Assets.xcassets */,
				E77457702A73AA6300920E39 /* BeyondNETSampleSwiftUIApp.entitlements */,
			);
			path = SwiftUIApp;
			sourceTree = "<group>";
		};
		E77457792A73AB0200920E39 /* Frameworks */ = {
			isa = PBXGroup;
			children = (
				E774577E2A73AC9000920E39 /* BeyondDotNETSampleKit.xcframework */,
			);
			name = Frameworks;
			sourceTree = "<group>";
		};
/* End PBXGroup section */

/* Begin PBXNativeTarget section */
		E77457662A73AA6200920E39 /* BeyondNETSampleSwiftUIApp */ = {
			isa = PBXNativeTarget;
			buildConfigurationList = E77457762A73AA6300920E39 /* Build configuration list for PBXNativeTarget "BeyondNETSampleSwiftUIApp" */;
			buildPhases = (
				E77457632A73AA6200920E39 /* Sources */,
				E77457642A73AA6200920E39 /* Frameworks */,
				E77457652A73AA6200920E39 /* Resources */,
				E77457812A73AC9000920E39 /* Embed Frameworks */,
			);
			buildRules = (
			);
			dependencies = (
			);
			name = BeyondNETSampleSwiftUIApp;
			productName = BeyondNETSampleSwiftUIApp;
			productReference = E77457672A73AA6200920E39 /* BeyondNETSampleSwiftUIApp.app */;
			productType = "com.apple.product-type.application";
		};
/* End PBXNativeTarget section */

/* Begin PBXProject section */
		E774575F2A73AA6200920E39 /* Project object */ = {
			isa = PBXProject;
			attributes = {
				BuildIndependentTargetsInParallel = 1;
				LastSwiftUpdateCheck = 1430;
				LastUpgradeCheck = 1600;
				TargetAttributes = {
					E77457662A73AA6200920E39 = {
						CreatedOnToolsVersion = 14.3.1;
					};
				};
			};
			buildConfigurationList = E77457622A73AA6200920E39 /* Build configuration list for PBXProject "BeyondNETSampleSwiftUIApp" */;
			compatibilityVersion = "Xcode 14.0";
			developmentRegion = en;
			hasScannedForEncodings = 0;
			knownRegions = (
				en,
				Base,
			);
			mainGroup = E774575E2A73AA6200920E39;
			productRefGroup = E77457682A73AA6200920E39 /* Products */;
			projectDirPath = "";
			projectRoot = "";
			targets = (
				E77457662A73AA6200920E39 /* BeyondNETSampleSwiftUIApp */,
			);
		};
/* End PBXProject section */

/* Begin PBXResourcesBuildPhase section */
		E77457652A73AA6200920E39 /* Resources */ = {
			isa = PBXResourcesBuildPhase;
			buildActionMask = 2147483647;
			files = (
				E774576F2A73AA6300920E39 /* Assets.xcassets in Resources */,
			);
			runOnlyForDeploymentPostprocessing = 0;
		};
/* End PBXResourcesBuildPhase section */

/* Begin PBXSourcesBuildPhase section */
		E77457632A73AA6200920E39 /* Sources */ = {
			isa = PBXSourcesBuildPhase;
			buildActionMask = 2147483647;
			files = (
				E7977F862A73F6A900493C61 /* TimerView.swift in Sources */,
				E77457832A73B40900920E39 /* GuidView.swift in Sources */,
				E77457852A73B60400920E39 /* ClockView.swift in Sources */,
				E77457892A73D1E500920E39 /* ExceptionView.swift in Sources */,
				E774576D2A73AA6300920E39 /* MainView.swift in Sources */,
				E7FC0A952B1A383400259AC6 /* PerformanceView.swift in Sources */,
				E77457872A73C85500920E39 /* Base64View.swift in Sources */,
				E774576B2A73AA6300920E39 /* SampleApp.swift in Sources */,
			);
			runOnlyForDeploymentPostprocessing = 0;
		};
/* End PBXSourcesBuildPhase section */

/* Begin XCBuildConfiguration section */
		E77457742A73AA6300920E39 /* Debug */ = {
			isa = XCBuildConfiguration;
			buildSettings = {
				ALWAYS_SEARCH_USER_PATHS = NO;
				CLANG_ANALYZER_NONNULL = YES;
				CLANG_ANALYZER_NUMBER_OBJECT_CONVERSION = YES_AGGRESSIVE;
				CLANG_CXX_LANGUAGE_STANDARD = "gnu++20";
				CLANG_ENABLE_MODULES = YES;
				CLANG_ENABLE_OBJC_ARC = YES;
				CLANG_ENABLE_OBJC_WEAK = YES;
				CLANG_WARN_BLOCK_CAPTURE_AUTORELEASING = YES;
				CLANG_WARN_BOOL_CONVERSION = YES;
				CLANG_WARN_COMMA = YES;
				CLANG_WARN_CONSTANT_CONVERSION = YES;
				CLANG_WARN_DEPRECATED_OBJC_IMPLEMENTATIONS = YES;
				CLANG_WARN_DIRECT_OBJC_ISA_USAGE = YES_ERROR;
				CLANG_WARN_DOCUMENTATION_COMMENTS = YES;
				CLANG_WARN_EMPTY_BODY = YES;
				CLANG_WARN_ENUM_CONVERSION = YES;
				CLANG_WARN_INFINITE_RECURSION = YES;
				CLANG_WARN_INT_CONVERSION = YES;
				CLANG_WARN_NON_LITERAL_NULL_CONVERSION = YES;
				CLANG_WARN_OBJC_IMPLICIT_RETAIN_SELF = YES;
				CLANG_WARN_OBJC_LITERAL_CONVERSION = YES;
				CLANG_WARN_OBJC_ROOT_CLASS = YES_ERROR;
				CLANG_WARN_QUOTED_INCLUDE_IN_FRAMEWORK_HEADER = YES;
				CLANG_WARN_RANGE_LOOP_ANALYSIS = YES;
				CLANG_WARN_STRICT_PROTOTYPES = YES;
				CLANG_WARN_SUSPICIOUS_MOVE = YES;
				CLANG_WARN_UNGUARDED_AVAILABILITY = YES_AGGRESSIVE;
				CLANG_WARN_UNREACHABLE_CODE = YES;
				CLANG_WARN__DUPLICATE_METHOD_MATCH = YES;
				COPY_PHASE_STRIP = NO;
				DEAD_CODE_STRIPPING = YES;
				DEBUG_INFORMATION_FORMAT = dwarf;
				ENABLE_STRICT_OBJC_MSGSEND = YES;
				ENABLE_TESTABILITY = YES;
				ENABLE_USER_SCRIPT_SANDBOXING = YES;
				GCC_C_LANGUAGE_STANDARD = gnu11;
				GCC_DYNAMIC_NO_PIC = NO;
				GCC_NO_COMMON_BLOCKS = YES;
				GCC_OPTIMIZATION_LEVEL = 0;
				GCC_PREPROCESSOR_DEFINITIONS = (
					"DEBUG=1",
					"$(inherited)",
				);
				GCC_WARN_64_TO_32_BIT_CONVERSION = YES;
				GCC_WARN_ABOUT_RETURN_TYPE = YES_ERROR;
				GCC_WARN_UNDECLARED_SELECTOR = YES;
				GCC_WARN_UNINITIALIZED_AUTOS = YES_AGGRESSIVE;
				GCC_WARN_UNUSED_FUNCTION = YES;
				GCC_WARN_UNUSED_VARIABLE = YES;
				IPHONEOS_DEPLOYMENT_TARGET = 16.0;
				MACOSX_DEPLOYMENT_TARGET = 13.0;
				MTL_ENABLE_DEBUG_INFO = INCLUDE_SOURCE;
				MTL_FAST_MATH = YES;
				ONLY_ACTIVE_ARCH = YES;
				SWIFT_ACTIVE_COMPILATION_CONDITIONS = DEBUG;
				SWIFT_OPTIMIZATION_LEVEL = "-Onone";
			};
			name = Debug;
		};
		E77457752A73AA6300920E39 /* Release */ = {
			isa = XCBuildConfiguration;
			buildSettings = {
				ALWAYS_SEARCH_USER_PATHS = NO;
				CLANG_ANALYZER_NONNULL = YES;
				CLANG_ANALYZER_NUMBER_OBJECT_CONVERSION = YES_AGGRESSIVE;
				CLANG_CXX_LANGUAGE_STANDARD = "gnu++20";
				CLANG_ENABLE_MODULES = YES;
				CLANG_ENABLE_OBJC_ARC = YES;
				CLANG_ENABLE_OBJC_WEAK = YES;
				CLANG_WARN_BLOCK_CAPTURE_AUTORELEASING = YES;
				CLANG_WARN_BOOL_CONVERSION = YES;
				CLANG_WARN_COMMA = YES;
				CLANG_WARN_CONSTANT_CONVERSION = YES;
				CLANG_WARN_DEPRECATED_OBJC_IMPLEMENTATIONS = YES;
				CLANG_WARN_DIRECT_OBJC_ISA_USAGE = YES_ERROR;
				CLANG_WARN_DOCUMENTATION_COMMENTS = YES;
				CLANG_WARN_EMPTY_BODY = YES;
				CLANG_WARN_ENUM_CONVERSION = YES;
				CLANG_WARN_INFINITE_RECURSION = YES;
				CLANG_WARN_INT_CONVERSION = YES;
				CLANG_WARN_NON_LITERAL_NULL_CONVERSION = YES;
				CLANG_WARN_OBJC_IMPLICIT_RETAIN_SELF = YES;
				CLANG_WARN_OBJC_LITERAL_CONVERSION = YES;
				CLANG_WARN_OBJC_ROOT_CLASS = YES_ERROR;
				CLANG_WARN_QUOTED_INCLUDE_IN_FRAMEWORK_HEADER = YES;
				CLANG_WARN_RANGE_LOOP_ANALYSIS = YES;
				CLANG_WARN_STRICT_PROTOTYPES = YES;
				CLANG_WARN_SUSPICIOUS_MOVE = YES;
				CLANG_WARN_UNGUARDED_AVAILABILITY = YES_AGGRESSIVE;
				CLANG_WARN_UNREACHABLE_CODE = YES;
				CLANG_WARN__DUPLICATE_METHOD_MATCH = YES;
				COPY_PHASE_STRIP = NO;
				DEAD_CODE_STRIPPING = YES;
				DEBUG_INFORMATION_FORMAT = "dwarf-with-dsym";
				ENABLE_NS_ASSERTIONS = NO;
				ENABLE_STRICT_OBJC_MSGSEND = YES;
				ENABLE_USER_SCRIPT_SANDBOXING = YES;
				GCC_C_LANGUAGE_STANDARD = gnu11;
				GCC_NO_COMMON_BLOCKS = YES;
				GCC_WARN_64_TO_32_BIT_CONVERSION = YES;
				GCC_WARN_ABOUT_RETURN_TYPE = YES_ERROR;
				GCC_WARN_UNDECLARED_SELECTOR = YES;
				GCC_WARN_UNINITIALIZED_AUTOS = YES_AGGRESSIVE;
				GCC_WARN_UNUSED_FUNCTION = YES;
				GCC_WARN_UNUSED_VARIABLE = YES;
				IPHONEOS_DEPLOYMENT_TARGET = 16.0;
				MACOSX_DEPLOYMENT_TARGET = 13.0;
				MTL_ENABLE_DEBUG_INFO = NO;
				MTL_FAST_MATH = YES;
				SWIFT_COMPILATION_MODE = wholemodule;
				SWIFT_OPTIMIZATION_LEVEL = "-O";
			};
			name = Release;
		};
		E77457772A73AA6300920E39 /* Debug */ = {
			isa = XCBuildConfiguration;
			buildSettings = {
				ASSETCATALOG_COMPILER_APPICON_NAME = AppIcon;
				ASSETCATALOG_COMPILER_GLOBAL_ACCENT_COLOR_NAME = AccentColor;
				CODE_SIGN_ENTITLEMENTS = SwiftUIApp/BeyondNETSampleSwiftUIApp.entitlements;
				CODE_SIGN_STYLE = Automatic;
				CURRENT_PROJECT_VERSION = 1;
				DEAD_CODE_STRIPPING = YES;
				DEVELOPMENT_ASSET_PATHS = "";
				ENABLE_PREVIEWS = YES;
				GENERATE_INFOPLIST_FILE = YES;
				INFOPLIST_KEY_CFBundleDisplayName = "Beyond.NET Sample";
				"INFOPLIST_KEY_UIApplicationSceneManifest_Generation[sdk=iphoneos*]" = YES;
				"INFOPLIST_KEY_UIApplicationSceneManifest_Generation[sdk=iphonesimulator*]" = YES;
				"INFOPLIST_KEY_UIApplicationSupportsIndirectInputEvents[sdk=iphoneos*]" = YES;
				"INFOPLIST_KEY_UIApplicationSupportsIndirectInputEvents[sdk=iphonesimulator*]" = YES;
				"INFOPLIST_KEY_UILaunchScreen_Generation[sdk=iphoneos*]" = YES;
				"INFOPLIST_KEY_UILaunchScreen_Generation[sdk=iphonesimulator*]" = YES;
				"INFOPLIST_KEY_UIStatusBarStyle[sdk=iphoneos*]" = UIStatusBarStyleDefault;
				"INFOPLIST_KEY_UIStatusBarStyle[sdk=iphonesimulator*]" = UIStatusBarStyleDefault;
				INFOPLIST_KEY_UISupportedInterfaceOrientations_iPad = "UIInterfaceOrientationPortrait UIInterfaceOrientationPortraitUpsideDown UIInterfaceOrientationLandscapeLeft UIInterfaceOrientationLandscapeRight";
				INFOPLIST_KEY_UISupportedInterfaceOrientations_iPhone = "UIInterfaceOrientationPortrait UIInterfaceOrientationLandscapeLeft UIInterfaceOrientationLandscapeRight";
				LD_RUNPATH_SEARCH_PATHS = "@executable_path/Frameworks";
				"LD_RUNPATH_SEARCH_PATHS[sdk=macosx*]" = "@executable_path/../Frameworks";
				MARKETING_VERSION = 1.0;
				PRODUCT_BUNDLE_IDENTIFIER = com.royalapps.beyonddotnetsampleswiftuiapp;
				PRODUCT_NAME = "$(TARGET_NAME)";
				SDKROOT = auto;
				SUPPORTED_PLATFORMS = "iphoneos iphonesimulator macosx";
				SWIFT_EMIT_LOC_STRINGS = YES;
				SWIFT_VERSION = 6.0;
				TARGETED_DEVICE_FAMILY = "1,2";
			};
			name = Debug;
		};
		E77457782A73AA6300920E39 /* Release */ = {
			isa = XCBuildConfiguration;
			buildSettings = {
				ASSETCATALOG_COMPILER_APPICON_NAME = AppIcon;
				ASSETCATALOG_COMPILER_GLOBAL_ACCENT_COLOR_NAME = AccentColor;
				CODE_SIGN_ENTITLEMENTS = SwiftUIApp/BeyondNETSampleSwiftUIApp.entitlements;
				CODE_SIGN_STYLE = Automatic;
				CURRENT_PROJECT_VERSION = 1;
				DEAD_CODE_STRIPPING = YES;
				DEVELOPMENT_ASSET_PATHS = "";
				ENABLE_PREVIEWS = YES;
				GENERATE_INFOPLIST_FILE = YES;
				INFOPLIST_KEY_CFBundleDisplayName = "Beyond.NET Sample";
				"INFOPLIST_KEY_UIApplicationSceneManifest_Generation[sdk=iphoneos*]" = YES;
				"INFOPLIST_KEY_UIApplicationSceneManifest_Generation[sdk=iphonesimulator*]" = YES;
				"INFOPLIST_KEY_UIApplicationSupportsIndirectInputEvents[sdk=iphoneos*]" = YES;
				"INFOPLIST_KEY_UIApplicationSupportsIndirectInputEvents[sdk=iphonesimulator*]" = YES;
				"INFOPLIST_KEY_UILaunchScreen_Generation[sdk=iphoneos*]" = YES;
				"INFOPLIST_KEY_UILaunchScreen_Generation[sdk=iphonesimulator*]" = YES;
				"INFOPLIST_KEY_UIStatusBarStyle[sdk=iphoneos*]" = UIStatusBarStyleDefault;
				"INFOPLIST_KEY_UIStatusBarStyle[sdk=iphonesimulator*]" = UIStatusBarStyleDefault;
				INFOPLIST_KEY_UISupportedInterfaceOrientations_iPad = "UIInterfaceOrientationPortrait UIInterfaceOrientationPortraitUpsideDown UIInterfaceOrientationLandscapeLeft UIInterfaceOrientationLandscapeRight";
				INFOPLIST_KEY_UISupportedInterfaceOrientations_iPhone = "UIInterfaceOrientationPortrait UIInterfaceOrientationLandscapeLeft UIInterfaceOrientationLandscapeRight";
				LD_RUNPATH_SEARCH_PATHS = "@executable_path/Frameworks";
				"LD_RUNPATH_SEARCH_PATHS[sdk=macosx*]" = "@executable_path/../Frameworks";
				MARKETING_VERSION = 1.0;
				PRODUCT_BUNDLE_IDENTIFIER = com.royalapps.beyonddotnetsampleswiftuiapp;
				PRODUCT_NAME = "$(TARGET_NAME)";
				SDKROOT = auto;
				SUPPORTED_PLATFORMS = "iphoneos iphonesimulator macosx";
				SWIFT_EMIT_LOC_STRINGS = YES;
				SWIFT_VERSION = 6.0;
				TARGETED_DEVICE_FAMILY = "1,2";
			};
			name = Release;
		};
/* End XCBuildConfiguration section */

/* Begin XCConfigurationList section */
		E77457622A73AA6200920E39 /* Build configuration list for PBXProject "BeyondNETSampleSwiftUIApp" */ = {
			isa = XCConfigurationList;
			buildConfigurations = (
				E77457742A73AA6300920E39 /* Debug */,
				E77457752A73AA6300920E39 /* Release */,
			);
			defaultConfigurationIsVisible = 0;
			defaultConfigurationName = Release;
		};
		E77457762A73AA6300920E39 /* Build configuration list for PBXNativeTarget "BeyondNETSampleSwiftUIApp" */ = {
			isa = XCConfigurationList;
			buildConfigurations = (
				E77457772A73AA6300920E39 /* Debug */,
				E77457782A73AA6300920E39 /* Release */,
			);
			defaultConfigurationIsVisible = 0;
			defaultConfigurationName = Release;
		};
/* End XCConfigurationList section */
	};
	rootObject = E774575F2A73AA6200920E39 /* Project object */;
}
