// !$*UTF8*$!
{
	archiveVersion = 1;
	classes = {
	};
	objectVersion = 56;
	objects = {

/* Begin PBXBuildFile section */
		E70D118329C1F54400B4E738 /* SystemNamespace.swift in Sources */ = {isa = PBXBuildFile; fileRef = E70D118229C1F54400B4E738 /* SystemNamespace.swift */; };
		E716200029A66CC000D45FCD /* CommonTypes.h in Headers */ = {isa = PBXBuildFile; fileRef = E7161FFF29A66CBB00D45FCD /* CommonTypes.h */; settings = {ATTRIBUTES = (Private, ); }; };
		E716200229A6795D00D45FCD /* Debug.swift in Sources */ = {isa = PBXBuildFile; fileRef = E716200129A6795D00D45FCD /* Debug.swift */; };
		E71625CE29A942D900F47651 /* NativeBox.swift in Sources */ = {isa = PBXBuildFile; fileRef = E71625CD29A942D900F47651 /* NativeBox.swift */; };
		E716C71429AF71470099E179 /* CBool.swift in Sources */ = {isa = PBXBuildFile; fileRef = E716C71329AF71470099E179 /* CBool.swift */; };
		E716C71629AF74DF0099E179 /* CStatus.swift in Sources */ = {isa = PBXBuildFile; fileRef = E716C71529AF74DF0099E179 /* CStatus.swift */; };
		E738715E29ACD36C00BEA7DA /* System_AppDomain.h in Headers */ = {isa = PBXBuildFile; fileRef = E738715D29ACD36500BEA7DA /* System_AppDomain.h */; settings = {ATTRIBUTES = (Private, ); }; };
		E738716029ACD3AF00BEA7DA /* System.AppDomain.swift in Sources */ = {isa = PBXBuildFile; fileRef = E738715F29ACD3AF00BEA7DA /* System.AppDomain.swift */; };
		E738716229ACD50700BEA7DA /* System.AppDomain_Tests.swift in Sources */ = {isa = PBXBuildFile; fileRef = E738716129ACD50700BEA7DA /* System.AppDomain_Tests.swift */; };
		E738716529ACD9CB00BEA7DA /* System_UnhandledExceptionEventArgs.h in Headers */ = {isa = PBXBuildFile; fileRef = E738716429ACD98C00BEA7DA /* System_UnhandledExceptionEventArgs.h */; settings = {ATTRIBUTES = (Private, ); }; };
		E738716729ACDA1200BEA7DA /* System.UnhandledExceptionEventArgs.swift in Sources */ = {isa = PBXBuildFile; fileRef = E738716629ACDA1200BEA7DA /* System.UnhandledExceptionEventArgs.swift */; };
		E738716929ACE3D100BEA7DA /* NativeAOTSample_UnhandledExceptionTest.h in Headers */ = {isa = PBXBuildFile; fileRef = E738716829ACE3D100BEA7DA /* NativeAOTSample_UnhandledExceptionTest.h */; settings = {ATTRIBUTES = (Private, ); }; };
		E738716B29ACE41600BEA7DA /* UnhandledExceptionTest.swift in Sources */ = {isa = PBXBuildFile; fileRef = E738716A29ACE41600BEA7DA /* UnhandledExceptionTest.swift */; };
		E78E02A529B0AB65003604E3 /* ClosureToken.swift in Sources */ = {isa = PBXBuildFile; fileRef = E78E02A429B0AB65003604E3 /* ClosureToken.swift */; };
		E797ABB829AE0ECE006F9849 /* System.Object_Tests.swift in Sources */ = {isa = PBXBuildFile; fileRef = E797ABB729AE0ECE006F9849 /* System.Object_Tests.swift */; };
		E797ABBA29AE112D006F9849 /* System.Type_Tests.swift in Sources */ = {isa = PBXBuildFile; fileRef = E797ABB929AE112D006F9849 /* System.Type_Tests.swift */; };
		E797ABBC29AE14E6006F9849 /* System.Exception_Tests.swift in Sources */ = {isa = PBXBuildFile; fileRef = E797ABBB29AE14E6006F9849 /* System.Exception_Tests.swift */; };
		E797ABBE29AE3282006F9849 /* NativeAOTSample.dylib in Frameworks */ = {isa = PBXBuildFile; fileRef = E797ABBD29AE3282006F9849 /* NativeAOTSample.dylib */; };
		E797ABBF29AE3286006F9849 /* NativeAOTSample.dylib in Embed Libraries */ = {isa = PBXBuildFile; fileRef = E797ABBD29AE3282006F9849 /* NativeAOTSample.dylib */; settings = {ATTRIBUTES = (CodeSignOnCopy, ); }; };
		E7AACF3829A6278E00846A75 /* NativeAOTSample.h in Headers */ = {isa = PBXBuildFile; fileRef = E7AACF3729A6278E00846A75 /* NativeAOTSample.h */; settings = {ATTRIBUTES = (Public, ); }; };
		E7BBE57629B0DE8900394855 /* NativeAOTSample_CompanySerializer.h in Headers */ = {isa = PBXBuildFile; fileRef = E7BBE57529B0DE8900394855 /* NativeAOTSample_CompanySerializer.h */; settings = {ATTRIBUTES = (Private, ); }; };
		E7BBE57829B0DF3000394855 /* CompanySerializer.swift in Sources */ = {isa = PBXBuildFile; fileRef = E7BBE57729B0DF3000394855 /* CompanySerializer.swift */; };
		E7BBE57A29B0E0EB00394855 /* CompanySerializer_Tests.swift in Sources */ = {isa = PBXBuildFile; fileRef = E7BBE57929B0E0EB00394855 /* CompanySerializer_Tests.swift */; };
		E7BC393E29A7A17400806ADD /* System_Type.h in Headers */ = {isa = PBXBuildFile; fileRef = E7BC393D29A7A17400806ADD /* System_Type.h */; settings = {ATTRIBUTES = (Private, ); }; };
		E7BC394329A7A27600806ADD /* System.Type.swift in Sources */ = {isa = PBXBuildFile; fileRef = E7BC394229A7A27600806ADD /* System.Type.swift */; };
		E7BC394C29A7A87600806ADD /* System_Exception.h in Headers */ = {isa = PBXBuildFile; fileRef = E7BC394B29A7A87600806ADD /* System_Exception.h */; settings = {ATTRIBUTES = (Private, ); }; };
		E7BC394E29A7A8BC00806ADD /* System.Exception.swift in Sources */ = {isa = PBXBuildFile; fileRef = E7BC394D29A7A8BC00806ADD /* System.Exception.swift */; };
		E7BC395429A7B95200806ADD /* System.Exception.Error.swift in Sources */ = {isa = PBXBuildFile; fileRef = E7BC395329A7B95200806ADD /* System.Exception.Error.swift */; };
		E7BC395629A7BECC00806ADD /* System_GC.h in Headers */ = {isa = PBXBuildFile; fileRef = E7BC395529A7BECC00806ADD /* System_GC.h */; settings = {ATTRIBUTES = (Private, ); }; };
		E7BC395829A7BEF500806ADD /* System.GC.swift in Sources */ = {isa = PBXBuildFile; fileRef = E7BC395729A7BEF500806ADD /* System.GC.swift */; };
		E7C8CF1129C252B200C4230F /* NativeAOTSample_NativeDelegate.h in Headers */ = {isa = PBXBuildFile; fileRef = E7C8CF1029C252B200C4230F /* NativeAOTSample_NativeDelegate.h */; settings = {ATTRIBUTES = (Private, ); }; };
		E7C8CF1329C2531A00C4230F /* NativeDelegate.swift in Sources */ = {isa = PBXBuildFile; fileRef = E7C8CF1229C2531A00C4230F /* NativeDelegate.swift */; };
		E7E26AC429A62FBD005334CF /* NativeAOTSample_Person.h in Headers */ = {isa = PBXBuildFile; fileRef = E7E26AC329A62FB8005334CF /* NativeAOTSample_Person.h */; settings = {ATTRIBUTES = (Private, ); }; };
		E7E26AC629A63147005334CF /* Person.swift in Sources */ = {isa = PBXBuildFile; fileRef = E7E26AC529A63147005334CF /* Person.swift */; };
		E7E26AC929A668F8005334CF /* Company.swift in Sources */ = {isa = PBXBuildFile; fileRef = E7E26AC829A668F8005334CF /* Company.swift */; };
		E7E26ACA29A6696B005334CF /* NativeAOTSample_Company.h in Headers */ = {isa = PBXBuildFile; fileRef = E7E26AC729A668CD005334CF /* NativeAOTSample_Company.h */; settings = {ATTRIBUTES = (Private, ); }; };
		E7E9D57229A76683002C3834 /* NativeAOTSample.framework in Frameworks */ = {isa = PBXBuildFile; fileRef = E7AACF3429A6278E00846A75 /* NativeAOTSample.framework */; };
		E7E9D57929A766A2002C3834 /* Person_Tests.swift in Sources */ = {isa = PBXBuildFile; fileRef = E7E9D57829A766A2002C3834 /* Person_Tests.swift */; };
		E7E9D57B29A768F7002C3834 /* Company_Tests.swift in Sources */ = {isa = PBXBuildFile; fileRef = E7E9D57A29A768F7002C3834 /* Company_Tests.swift */; };
		E7E9D57D29A76DB4002C3834 /* System_Object.h in Headers */ = {isa = PBXBuildFile; fileRef = E7E9D57C29A76DB4002C3834 /* System_Object.h */; settings = {ATTRIBUTES = (Private, ); }; };
		E7E9D58029A77776002C3834 /* System.Object.swift in Sources */ = {isa = PBXBuildFile; fileRef = E7E9D57E29A77714002C3834 /* System.Object.swift */; };
/* End PBXBuildFile section */

/* Begin PBXContainerItemProxy section */
		E7E9D57329A76683002C3834 /* PBXContainerItemProxy */ = {
			isa = PBXContainerItemProxy;
			containerPortal = E7AACF2B29A6278E00846A75 /* Project object */;
			proxyType = 1;
			remoteGlobalIDString = E7AACF3329A6278E00846A75;
			remoteInfo = NativeAOTLibraryTest;
		};
/* End PBXContainerItemProxy section */

/* Begin PBXCopyFilesBuildPhase section */
		E7AACF4229A6282C00846A75 /* Embed Libraries */ = {
			isa = PBXCopyFilesBuildPhase;
			buildActionMask = 2147483647;
			dstPath = "";
			dstSubfolderSpec = 10;
			files = (
				E797ABBF29AE3286006F9849 /* NativeAOTSample.dylib in Embed Libraries */,
			);
			name = "Embed Libraries";
			runOnlyForDeploymentPostprocessing = 0;
		};
/* End PBXCopyFilesBuildPhase section */

/* Begin PBXFileReference section */
		E70D118229C1F54400B4E738 /* SystemNamespace.swift */ = {isa = PBXFileReference; lastKnownFileType = sourcecode.swift; path = SystemNamespace.swift; sourceTree = "<group>"; };
		E7161FFF29A66CBB00D45FCD /* CommonTypes.h */ = {isa = PBXFileReference; lastKnownFileType = sourcecode.c.h; path = CommonTypes.h; sourceTree = "<group>"; };
		E716200129A6795D00D45FCD /* Debug.swift */ = {isa = PBXFileReference; lastKnownFileType = sourcecode.swift; path = Debug.swift; sourceTree = "<group>"; };
		E71625CD29A942D900F47651 /* NativeBox.swift */ = {isa = PBXFileReference; lastKnownFileType = sourcecode.swift; path = NativeBox.swift; sourceTree = "<group>"; };
		E716C71329AF71470099E179 /* CBool.swift */ = {isa = PBXFileReference; lastKnownFileType = sourcecode.swift; path = CBool.swift; sourceTree = "<group>"; };
		E716C71529AF74DF0099E179 /* CStatus.swift */ = {isa = PBXFileReference; lastKnownFileType = sourcecode.swift; path = CStatus.swift; sourceTree = "<group>"; };
		E738715D29ACD36500BEA7DA /* System_AppDomain.h */ = {isa = PBXFileReference; lastKnownFileType = sourcecode.c.h; path = System_AppDomain.h; sourceTree = "<group>"; };
		E738715F29ACD3AF00BEA7DA /* System.AppDomain.swift */ = {isa = PBXFileReference; lastKnownFileType = sourcecode.swift; path = System.AppDomain.swift; sourceTree = "<group>"; };
		E738716129ACD50700BEA7DA /* System.AppDomain_Tests.swift */ = {isa = PBXFileReference; lastKnownFileType = sourcecode.swift; path = System.AppDomain_Tests.swift; sourceTree = "<group>"; };
		E738716429ACD98C00BEA7DA /* System_UnhandledExceptionEventArgs.h */ = {isa = PBXFileReference; lastKnownFileType = sourcecode.c.h; path = System_UnhandledExceptionEventArgs.h; sourceTree = "<group>"; };
		E738716629ACDA1200BEA7DA /* System.UnhandledExceptionEventArgs.swift */ = {isa = PBXFileReference; lastKnownFileType = sourcecode.swift; path = System.UnhandledExceptionEventArgs.swift; sourceTree = "<group>"; };
		E738716829ACE3D100BEA7DA /* NativeAOTSample_UnhandledExceptionTest.h */ = {isa = PBXFileReference; lastKnownFileType = sourcecode.c.h; path = NativeAOTSample_UnhandledExceptionTest.h; sourceTree = "<group>"; };
		E738716A29ACE41600BEA7DA /* UnhandledExceptionTest.swift */ = {isa = PBXFileReference; lastKnownFileType = sourcecode.swift; path = UnhandledExceptionTest.swift; sourceTree = "<group>"; };
		E78E02A429B0AB65003604E3 /* ClosureToken.swift */ = {isa = PBXFileReference; lastKnownFileType = sourcecode.swift; path = ClosureToken.swift; sourceTree = "<group>"; };
		E797ABB729AE0ECE006F9849 /* System.Object_Tests.swift */ = {isa = PBXFileReference; lastKnownFileType = sourcecode.swift; path = System.Object_Tests.swift; sourceTree = "<group>"; };
		E797ABB929AE112D006F9849 /* System.Type_Tests.swift */ = {isa = PBXFileReference; lastKnownFileType = sourcecode.swift; path = System.Type_Tests.swift; sourceTree = "<group>"; };
		E797ABBB29AE14E6006F9849 /* System.Exception_Tests.swift */ = {isa = PBXFileReference; lastKnownFileType = sourcecode.swift; path = System.Exception_Tests.swift; sourceTree = "<group>"; };
		E797ABBD29AE3282006F9849 /* NativeAOTSample.dylib */ = {isa = PBXFileReference; lastKnownFileType = "compiled.mach-o.dylib"; path = NativeAOTSample.dylib; sourceTree = "<group>"; };
		E7AACF3429A6278E00846A75 /* NativeAOTSample.framework */ = {isa = PBXFileReference; explicitFileType = wrapper.framework; includeInIndex = 0; path = NativeAOTSample.framework; sourceTree = BUILT_PRODUCTS_DIR; };
		E7AACF3729A6278E00846A75 /* NativeAOTSample.h */ = {isa = PBXFileReference; lastKnownFileType = sourcecode.c.h; path = NativeAOTSample.h; sourceTree = "<group>"; };
		E7AACF4C29A6296E00846A75 /* module.modulemap */ = {isa = PBXFileReference; lastKnownFileType = "sourcecode.module-map"; path = module.modulemap; sourceTree = "<group>"; };
		E7BBE57529B0DE8900394855 /* NativeAOTSample_CompanySerializer.h */ = {isa = PBXFileReference; lastKnownFileType = sourcecode.c.h; path = NativeAOTSample_CompanySerializer.h; sourceTree = "<group>"; };
		E7BBE57729B0DF3000394855 /* CompanySerializer.swift */ = {isa = PBXFileReference; lastKnownFileType = sourcecode.swift; path = CompanySerializer.swift; sourceTree = "<group>"; };
		E7BBE57929B0E0EB00394855 /* CompanySerializer_Tests.swift */ = {isa = PBXFileReference; lastKnownFileType = sourcecode.swift; path = CompanySerializer_Tests.swift; sourceTree = "<group>"; };
		E7BC393D29A7A17400806ADD /* System_Type.h */ = {isa = PBXFileReference; lastKnownFileType = sourcecode.c.h; path = System_Type.h; sourceTree = "<group>"; };
		E7BC394229A7A27600806ADD /* System.Type.swift */ = {isa = PBXFileReference; lastKnownFileType = sourcecode.swift; path = System.Type.swift; sourceTree = "<group>"; };
		E7BC394B29A7A87600806ADD /* System_Exception.h */ = {isa = PBXFileReference; lastKnownFileType = sourcecode.c.h; path = System_Exception.h; sourceTree = "<group>"; };
		E7BC394D29A7A8BC00806ADD /* System.Exception.swift */ = {isa = PBXFileReference; lastKnownFileType = sourcecode.swift; path = System.Exception.swift; sourceTree = "<group>"; };
		E7BC395329A7B95200806ADD /* System.Exception.Error.swift */ = {isa = PBXFileReference; lastKnownFileType = sourcecode.swift; path = System.Exception.Error.swift; sourceTree = "<group>"; };
		E7BC395529A7BECC00806ADD /* System_GC.h */ = {isa = PBXFileReference; lastKnownFileType = sourcecode.c.h; path = System_GC.h; sourceTree = "<group>"; };
		E7BC395729A7BEF500806ADD /* System.GC.swift */ = {isa = PBXFileReference; lastKnownFileType = sourcecode.swift; path = System.GC.swift; sourceTree = "<group>"; };
		E7C8CF1029C252B200C4230F /* NativeAOTSample_NativeDelegate.h */ = {isa = PBXFileReference; lastKnownFileType = sourcecode.c.h; path = NativeAOTSample_NativeDelegate.h; sourceTree = "<group>"; };
		E7C8CF1229C2531A00C4230F /* NativeDelegate.swift */ = {isa = PBXFileReference; lastKnownFileType = sourcecode.swift; path = NativeDelegate.swift; sourceTree = "<group>"; };
		E7E26AC329A62FB8005334CF /* NativeAOTSample_Person.h */ = {isa = PBXFileReference; lastKnownFileType = sourcecode.c.h; path = NativeAOTSample_Person.h; sourceTree = "<group>"; };
		E7E26AC529A63147005334CF /* Person.swift */ = {isa = PBXFileReference; lastKnownFileType = sourcecode.swift; path = Person.swift; sourceTree = "<group>"; };
		E7E26AC729A668CD005334CF /* NativeAOTSample_Company.h */ = {isa = PBXFileReference; lastKnownFileType = sourcecode.c.h; path = NativeAOTSample_Company.h; sourceTree = "<group>"; };
		E7E26AC829A668F8005334CF /* Company.swift */ = {isa = PBXFileReference; lastKnownFileType = sourcecode.swift; path = Company.swift; sourceTree = "<group>"; };
		E7E9D56E29A76683002C3834 /* NativeAOTSampleTests.xctest */ = {isa = PBXFileReference; explicitFileType = wrapper.cfbundle; includeInIndex = 0; path = NativeAOTSampleTests.xctest; sourceTree = BUILT_PRODUCTS_DIR; };
		E7E9D57829A766A2002C3834 /* Person_Tests.swift */ = {isa = PBXFileReference; lastKnownFileType = sourcecode.swift; path = Person_Tests.swift; sourceTree = "<group>"; };
		E7E9D57A29A768F7002C3834 /* Company_Tests.swift */ = {isa = PBXFileReference; lastKnownFileType = sourcecode.swift; path = Company_Tests.swift; sourceTree = "<group>"; };
		E7E9D57C29A76DB4002C3834 /* System_Object.h */ = {isa = PBXFileReference; lastKnownFileType = sourcecode.c.h; path = System_Object.h; sourceTree = "<group>"; };
		E7E9D57E29A77714002C3834 /* System.Object.swift */ = {isa = PBXFileReference; lastKnownFileType = sourcecode.swift; path = System.Object.swift; sourceTree = "<group>"; };
/* End PBXFileReference section */

/* Begin PBXFrameworksBuildPhase section */
		E7AACF3129A6278E00846A75 /* Frameworks */ = {
			isa = PBXFrameworksBuildPhase;
			buildActionMask = 2147483647;
			files = (
				E797ABBE29AE3282006F9849 /* NativeAOTSample.dylib in Frameworks */,
			);
			runOnlyForDeploymentPostprocessing = 0;
		};
		E7E9D56B29A76683002C3834 /* Frameworks */ = {
			isa = PBXFrameworksBuildPhase;
			buildActionMask = 2147483647;
			files = (
				E7E9D57229A76683002C3834 /* NativeAOTSample.framework in Frameworks */,
			);
			runOnlyForDeploymentPostprocessing = 0;
		};
/* End PBXFrameworksBuildPhase section */

/* Begin PBXGroup section */
		E716C71729AF77C20099E179 /* System */ = {
			isa = PBXGroup;
			children = (
				E7E9D57C29A76DB4002C3834 /* System_Object.h */,
				E7BC393D29A7A17400806ADD /* System_Type.h */,
				E7BC394B29A7A87600806ADD /* System_Exception.h */,
				E738715D29ACD36500BEA7DA /* System_AppDomain.h */,
				E738716429ACD98C00BEA7DA /* System_UnhandledExceptionEventArgs.h */,
				E7BC395529A7BECC00806ADD /* System_GC.h */,
			);
			path = System;
			sourceTree = "<group>";
		};
		E716C71829AF77D30099E179 /* NativeAOTSample */ = {
			isa = PBXGroup;
			children = (
				E7C8CF1029C252B200C4230F /* NativeAOTSample_NativeDelegate.h */,
				E7E26AC329A62FB8005334CF /* NativeAOTSample_Person.h */,
				E7E26AC729A668CD005334CF /* NativeAOTSample_Company.h */,
				E7BBE57529B0DE8900394855 /* NativeAOTSample_CompanySerializer.h */,
				E738716829ACE3D100BEA7DA /* NativeAOTSample_UnhandledExceptionTest.h */,
			);
			path = NativeAOTSample;
			sourceTree = "<group>";
		};
		E716C71929AF78100099E179 /* Headers */ = {
			isa = PBXGroup;
			children = (
				E7161FFF29A66CBB00D45FCD /* CommonTypes.h */,
				E716C71729AF77C20099E179 /* System */,
				E716C71829AF77D30099E179 /* NativeAOTSample */,
			);
			path = Headers;
			sourceTree = "<group>";
		};
		E7AACF2A29A6278E00846A75 = {
			isa = PBXGroup;
			children = (
				E7AACF4C29A6296E00846A75 /* module.modulemap */,
				E7AACF3629A6278E00846A75 /* Source */,
				E7AACF3E29A627E400846A75 /* Library */,
				E7AACF3529A6278E00846A75 /* Products */,
			);
			sourceTree = "<group>";
		};
		E7AACF3529A6278E00846A75 /* Products */ = {
			isa = PBXGroup;
			children = (
				E7AACF3429A6278E00846A75 /* NativeAOTSample.framework */,
				E7E9D56E29A76683002C3834 /* NativeAOTSampleTests.xctest */,
			);
			name = Products;
			sourceTree = "<group>";
		};
		E7AACF3629A6278E00846A75 /* Source */ = {
			isa = PBXGroup;
			children = (
				E7AACF3729A6278E00846A75 /* NativeAOTSample.h */,
				E7BC393F29A7A24400806ADD /* Utils */,
				E7BC394029A7A24F00806ADD /* System */,
				E7BC394129A7A25600806ADD /* NativeAOTSample */,
			);
			path = Source;
			sourceTree = "<group>";
		};
		E7AACF3E29A627E400846A75 /* Library */ = {
			isa = PBXGroup;
			children = (
				E797ABBD29AE3282006F9849 /* NativeAOTSample.dylib */,
				E716C71929AF78100099E179 /* Headers */,
			);
			path = Library;
			sourceTree = "<group>";
		};
		E7BC393F29A7A24400806ADD /* Utils */ = {
			isa = PBXGroup;
			children = (
				E716200129A6795D00D45FCD /* Debug.swift */,
				E71625CD29A942D900F47651 /* NativeBox.swift */,
				E78E02A429B0AB65003604E3 /* ClosureToken.swift */,
				E716C71329AF71470099E179 /* CBool.swift */,
				E716C71529AF74DF0099E179 /* CStatus.swift */,
			);
			path = Utils;
			sourceTree = "<group>";
		};
		E7BC394029A7A24F00806ADD /* System */ = {
			isa = PBXGroup;
			children = (
				E70D118229C1F54400B4E738 /* SystemNamespace.swift */,
				E7E9D57E29A77714002C3834 /* System.Object.swift */,
				E797ABB729AE0ECE006F9849 /* System.Object_Tests.swift */,
				E7BC394229A7A27600806ADD /* System.Type.swift */,
				E797ABB929AE112D006F9849 /* System.Type_Tests.swift */,
				E7BC394D29A7A8BC00806ADD /* System.Exception.swift */,
				E797ABBB29AE14E6006F9849 /* System.Exception_Tests.swift */,
				E7BC395329A7B95200806ADD /* System.Exception.Error.swift */,
				E738715F29ACD3AF00BEA7DA /* System.AppDomain.swift */,
				E738716129ACD50700BEA7DA /* System.AppDomain_Tests.swift */,
				E738716629ACDA1200BEA7DA /* System.UnhandledExceptionEventArgs.swift */,
				E7BC395729A7BEF500806ADD /* System.GC.swift */,
			);
			path = System;
			sourceTree = "<group>";
		};
		E7BC394129A7A25600806ADD /* NativeAOTSample */ = {
			isa = PBXGroup;
			children = (
				E7C8CF1229C2531A00C4230F /* NativeDelegate.swift */,
				E7E26AC529A63147005334CF /* Person.swift */,
				E7E9D57829A766A2002C3834 /* Person_Tests.swift */,
				E7E26AC829A668F8005334CF /* Company.swift */,
				E7E9D57A29A768F7002C3834 /* Company_Tests.swift */,
				E7BBE57729B0DF3000394855 /* CompanySerializer.swift */,
				E7BBE57929B0E0EB00394855 /* CompanySerializer_Tests.swift */,
				E738716A29ACE41600BEA7DA /* UnhandledExceptionTest.swift */,
			);
			path = NativeAOTSample;
			sourceTree = "<group>";
		};
/* End PBXGroup section */

/* Begin PBXHeadersBuildPhase section */
		E7AACF2F29A6278E00846A75 /* Headers */ = {
			isa = PBXHeadersBuildPhase;
			buildActionMask = 2147483647;
			files = (
				E7AACF3829A6278E00846A75 /* NativeAOTSample.h in Headers */,
				E7C8CF1129C252B200C4230F /* NativeAOTSample_NativeDelegate.h in Headers */,
				E738716529ACD9CB00BEA7DA /* System_UnhandledExceptionEventArgs.h in Headers */,
				E7BBE57629B0DE8900394855 /* NativeAOTSample_CompanySerializer.h in Headers */,
				E738715E29ACD36C00BEA7DA /* System_AppDomain.h in Headers */,
				E7BC393E29A7A17400806ADD /* System_Type.h in Headers */,
				E716200029A66CC000D45FCD /* CommonTypes.h in Headers */,
				E7E9D57D29A76DB4002C3834 /* System_Object.h in Headers */,
				E7BC394C29A7A87600806ADD /* System_Exception.h in Headers */,
				E7E26AC429A62FBD005334CF /* NativeAOTSample_Person.h in Headers */,
				E7E26ACA29A6696B005334CF /* NativeAOTSample_Company.h in Headers */,
				E738716929ACE3D100BEA7DA /* NativeAOTSample_UnhandledExceptionTest.h in Headers */,
				E7BC395629A7BECC00806ADD /* System_GC.h in Headers */,
			);
			runOnlyForDeploymentPostprocessing = 0;
		};
/* End PBXHeadersBuildPhase section */

/* Begin PBXNativeTarget section */
		E7AACF3329A6278E00846A75 /* NativeAOTSample */ = {
			isa = PBXNativeTarget;
			buildConfigurationList = E7AACF3B29A6278E00846A75 /* Build configuration list for PBXNativeTarget "NativeAOTSample" */;
			buildPhases = (
				E7E26AC229A62C03005334CF /* Build .NET Library */,
				E7AACF2F29A6278E00846A75 /* Headers */,
				E7AACF3029A6278E00846A75 /* Sources */,
				E7AACF3129A6278E00846A75 /* Frameworks */,
				E7BC394829A7A3A600806ADD /* Swiftlint */,
				E7AACF3229A6278E00846A75 /* Resources */,
				E7AACF4229A6282C00846A75 /* Embed Libraries */,
			);
			buildRules = (
			);
			dependencies = (
			);
			name = NativeAOTSample;
			productName = NativeAOTLibraryTest;
			productReference = E7AACF3429A6278E00846A75 /* NativeAOTSample.framework */;
			productType = "com.apple.product-type.framework";
		};
		E7E9D56D29A76683002C3834 /* NativeAOTSampleTests */ = {
			isa = PBXNativeTarget;
			buildConfigurationList = E7E9D57729A76683002C3834 /* Build configuration list for PBXNativeTarget "NativeAOTSampleTests" */;
			buildPhases = (
				E7E9D56A29A76683002C3834 /* Sources */,
				E7E9D56B29A76683002C3834 /* Frameworks */,
				E7BC394929A7A3BF00806ADD /* Swiftlint */,
				E7E9D56C29A76683002C3834 /* Resources */,
			);
			buildRules = (
			);
			dependencies = (
				E7E9D57429A76683002C3834 /* PBXTargetDependency */,
			);
			name = NativeAOTSampleTests;
			productName = NativeAOTLibraryTestTests;
			productReference = E7E9D56E29A76683002C3834 /* NativeAOTSampleTests.xctest */;
			productType = "com.apple.product-type.bundle.unit-test";
		};
/* End PBXNativeTarget section */

/* Begin PBXProject section */
		E7AACF2B29A6278E00846A75 /* Project object */ = {
			isa = PBXProject;
			attributes = {
				BuildIndependentTargetsInParallel = 1;
				LastSwiftUpdateCheck = 1420;
				LastUpgradeCheck = 1420;
				TargetAttributes = {
					E7AACF3329A6278E00846A75 = {
						CreatedOnToolsVersion = 14.2;
						LastSwiftMigration = 1420;
					};
					E7E9D56D29A76683002C3834 = {
						CreatedOnToolsVersion = 14.2;
						LastSwiftMigration = 1420;
					};
				};
			};
			buildConfigurationList = E7AACF2E29A6278E00846A75 /* Build configuration list for PBXProject "NativeAOTSample" */;
			compatibilityVersion = "Xcode 14.0";
			developmentRegion = en;
			hasScannedForEncodings = 0;
			knownRegions = (
				en,
				Base,
			);
			mainGroup = E7AACF2A29A6278E00846A75;
			productRefGroup = E7AACF3529A6278E00846A75 /* Products */;
			projectDirPath = "";
			projectRoot = "";
			targets = (
				E7AACF3329A6278E00846A75 /* NativeAOTSample */,
				E7E9D56D29A76683002C3834 /* NativeAOTSampleTests */,
			);
		};
/* End PBXProject section */

/* Begin PBXResourcesBuildPhase section */
		E7AACF3229A6278E00846A75 /* Resources */ = {
			isa = PBXResourcesBuildPhase;
			buildActionMask = 2147483647;
			files = (
			);
			runOnlyForDeploymentPostprocessing = 0;
		};
		E7E9D56C29A76683002C3834 /* Resources */ = {
			isa = PBXResourcesBuildPhase;
			buildActionMask = 2147483647;
			files = (
			);
			runOnlyForDeploymentPostprocessing = 0;
		};
/* End PBXResourcesBuildPhase section */

/* Begin PBXShellScriptBuildPhase section */
		E7BC394829A7A3A600806ADD /* Swiftlint */ = {
			isa = PBXShellScriptBuildPhase;
			alwaysOutOfDate = 1;
			buildActionMask = 2147483647;
			files = (
			);
			inputFileListPaths = (
			);
			inputPaths = (
			);
			name = Swiftlint;
			outputFileListPaths = (
			);
			outputPaths = (
			);
			runOnlyForDeploymentPostprocessing = 0;
			shellPath = /bin/sh;
			shellScript = "if which swiftlint >/dev/null; then\n\tswiftlint\nelse\n\techo \"Warning: SwiftLint not installed, download from https://github.com/realm/SwiftLint\"\nfi\n";
		};
		E7BC394929A7A3BF00806ADD /* Swiftlint */ = {
			isa = PBXShellScriptBuildPhase;
			alwaysOutOfDate = 1;
			buildActionMask = 2147483647;
			files = (
			);
			inputFileListPaths = (
			);
			inputPaths = (
			);
			name = Swiftlint;
			outputFileListPaths = (
			);
			outputPaths = (
			);
			runOnlyForDeploymentPostprocessing = 0;
			shellPath = /bin/sh;
			shellScript = "if which swiftlint >/dev/null; then\n\tswiftlint\nelse\n\techo \"Warning: SwiftLint not installed, download from https://github.com/realm/SwiftLint\"\nfi\n";
		};
		E7E26AC229A62C03005334CF /* Build .NET Library */ = {
			isa = PBXShellScriptBuildPhase;
			alwaysOutOfDate = 1;
			buildActionMask = 2147483647;
			files = (
			);
			inputFileListPaths = (
			);
			inputPaths = (
			);
			name = "Build .NET Library";
			outputFileListPaths = (
			);
			outputPaths = (
			);
			runOnlyForDeploymentPostprocessing = 0;
			shellPath = /bin/sh;
			shellScript = "set -e\n\n# Important: This variable is set by Xcode but messes with msbuild/dotnet publish \nTARGETNAME=\"\"\n\ncd \"${PROJECT_DIR}/../../\"\n\n./publish\n";
		};
/* End PBXShellScriptBuildPhase section */

/* Begin PBXSourcesBuildPhase section */
		E7AACF3029A6278E00846A75 /* Sources */ = {
			isa = PBXSourcesBuildPhase;
			buildActionMask = 2147483647;
			files = (
				E7BC395829A7BEF500806ADD /* System.GC.swift in Sources */,
				E716C71429AF71470099E179 /* CBool.swift in Sources */,
				E7BC395429A7B95200806ADD /* System.Exception.Error.swift in Sources */,
				E7BBE57829B0DF3000394855 /* CompanySerializer.swift in Sources */,
				E7BC394E29A7A8BC00806ADD /* System.Exception.swift in Sources */,
				E71625CE29A942D900F47651 /* NativeBox.swift in Sources */,
				E7E26AC629A63147005334CF /* Person.swift in Sources */,
				E738716B29ACE41600BEA7DA /* UnhandledExceptionTest.swift in Sources */,
				E716C71629AF74DF0099E179 /* CStatus.swift in Sources */,
				E78E02A529B0AB65003604E3 /* ClosureToken.swift in Sources */,
				E70D118329C1F54400B4E738 /* SystemNamespace.swift in Sources */,
				E7E9D58029A77776002C3834 /* System.Object.swift in Sources */,
				E716200229A6795D00D45FCD /* Debug.swift in Sources */,
				E7E26AC929A668F8005334CF /* Company.swift in Sources */,
				E738716029ACD3AF00BEA7DA /* System.AppDomain.swift in Sources */,
				E738716729ACDA1200BEA7DA /* System.UnhandledExceptionEventArgs.swift in Sources */,
				E7BC394329A7A27600806ADD /* System.Type.swift in Sources */,
				E7C8CF1329C2531A00C4230F /* NativeDelegate.swift in Sources */,
			);
			runOnlyForDeploymentPostprocessing = 0;
		};
		E7E9D56A29A76683002C3834 /* Sources */ = {
			isa = PBXSourcesBuildPhase;
			buildActionMask = 2147483647;
			files = (
				E7BBE57A29B0E0EB00394855 /* CompanySerializer_Tests.swift in Sources */,
				E7E9D57929A766A2002C3834 /* Person_Tests.swift in Sources */,
				E797ABB829AE0ECE006F9849 /* System.Object_Tests.swift in Sources */,
				E797ABBA29AE112D006F9849 /* System.Type_Tests.swift in Sources */,
				E738716229ACD50700BEA7DA /* System.AppDomain_Tests.swift in Sources */,
				E797ABBC29AE14E6006F9849 /* System.Exception_Tests.swift in Sources */,
				E7E9D57B29A768F7002C3834 /* Company_Tests.swift in Sources */,
			);
			runOnlyForDeploymentPostprocessing = 0;
		};
/* End PBXSourcesBuildPhase section */

/* Begin PBXTargetDependency section */
		E7E9D57429A76683002C3834 /* PBXTargetDependency */ = {
			isa = PBXTargetDependency;
			target = E7AACF3329A6278E00846A75 /* NativeAOTSample */;
			targetProxy = E7E9D57329A76683002C3834 /* PBXContainerItemProxy */;
		};
/* End PBXTargetDependency section */

/* Begin XCBuildConfiguration section */
		E7AACF3929A6278E00846A75 /* Debug */ = {
			isa = XCBuildConfiguration;
			buildSettings = {
				ALWAYS_SEARCH_USER_PATHS = NO;
				CLANG_ANALYZER_NONNULL = YES;
				CLANG_ANALYZER_NUMBER_OBJECT_CONVERSION = YES_AGGRESSIVE;
				CLANG_CXX_LANGUAGE_STANDARD = "gnu++20";
				CLANG_ENABLE_MODULES = YES;
				CLANG_ENABLE_OBJC_ARC = YES;
				CLANG_ENABLE_OBJC_WEAK = YES;
				CLANG_WARN_BLOCK_CAPTURE_AUTORELEASING = YES;
				CLANG_WARN_BOOL_CONVERSION = YES;
				CLANG_WARN_COMMA = YES;
				CLANG_WARN_CONSTANT_CONVERSION = YES;
				CLANG_WARN_DEPRECATED_OBJC_IMPLEMENTATIONS = YES;
				CLANG_WARN_DIRECT_OBJC_ISA_USAGE = YES_ERROR;
				CLANG_WARN_DOCUMENTATION_COMMENTS = YES;
				CLANG_WARN_EMPTY_BODY = YES;
				CLANG_WARN_ENUM_CONVERSION = YES;
				CLANG_WARN_INFINITE_RECURSION = YES;
				CLANG_WARN_INT_CONVERSION = YES;
				CLANG_WARN_NON_LITERAL_NULL_CONVERSION = YES;
				CLANG_WARN_OBJC_IMPLICIT_RETAIN_SELF = YES;
				CLANG_WARN_OBJC_LITERAL_CONVERSION = YES;
				CLANG_WARN_OBJC_ROOT_CLASS = YES_ERROR;
				CLANG_WARN_QUOTED_INCLUDE_IN_FRAMEWORK_HEADER = YES;
				CLANG_WARN_RANGE_LOOP_ANALYSIS = YES;
				CLANG_WARN_STRICT_PROTOTYPES = YES;
				CLANG_WARN_SUSPICIOUS_MOVE = YES;
				CLANG_WARN_UNGUARDED_AVAILABILITY = YES_AGGRESSIVE;
				CLANG_WARN_UNREACHABLE_CODE = YES;
				CLANG_WARN__DUPLICATE_METHOD_MATCH = YES;
				COPY_PHASE_STRIP = NO;
				CURRENT_PROJECT_VERSION = 1;
				DEBUG_INFORMATION_FORMAT = dwarf;
				ENABLE_STRICT_OBJC_MSGSEND = YES;
				ENABLE_TESTABILITY = YES;
				GCC_C_LANGUAGE_STANDARD = gnu11;
				GCC_DYNAMIC_NO_PIC = NO;
				GCC_NO_COMMON_BLOCKS = YES;
				GCC_OPTIMIZATION_LEVEL = 0;
				GCC_PREPROCESSOR_DEFINITIONS = (
					"DEBUG=1",
					"$(inherited)",
				);
				GCC_WARN_64_TO_32_BIT_CONVERSION = YES;
				GCC_WARN_ABOUT_RETURN_TYPE = YES_ERROR;
				GCC_WARN_UNDECLARED_SELECTOR = YES;
				GCC_WARN_UNINITIALIZED_AUTOS = YES_AGGRESSIVE;
				GCC_WARN_UNUSED_FUNCTION = YES;
				GCC_WARN_UNUSED_VARIABLE = YES;
				MACOSX_DEPLOYMENT_TARGET = 13.0;
				MTL_ENABLE_DEBUG_INFO = INCLUDE_SOURCE;
				MTL_FAST_MATH = YES;
				ONLY_ACTIVE_ARCH = YES;
				SDKROOT = macosx;
				SWIFT_ACTIVE_COMPILATION_CONDITIONS = DEBUG;
				SWIFT_OPTIMIZATION_LEVEL = "-Onone";
				VERSIONING_SYSTEM = "apple-generic";
				VERSION_INFO_PREFIX = "";
			};
			name = Debug;
		};
		E7AACF3A29A6278E00846A75 /* Release */ = {
			isa = XCBuildConfiguration;
			buildSettings = {
				ALWAYS_SEARCH_USER_PATHS = NO;
				CLANG_ANALYZER_NONNULL = YES;
				CLANG_ANALYZER_NUMBER_OBJECT_CONVERSION = YES_AGGRESSIVE;
				CLANG_CXX_LANGUAGE_STANDARD = "gnu++20";
				CLANG_ENABLE_MODULES = YES;
				CLANG_ENABLE_OBJC_ARC = YES;
				CLANG_ENABLE_OBJC_WEAK = YES;
				CLANG_WARN_BLOCK_CAPTURE_AUTORELEASING = YES;
				CLANG_WARN_BOOL_CONVERSION = YES;
				CLANG_WARN_COMMA = YES;
				CLANG_WARN_CONSTANT_CONVERSION = YES;
				CLANG_WARN_DEPRECATED_OBJC_IMPLEMENTATIONS = YES;
				CLANG_WARN_DIRECT_OBJC_ISA_USAGE = YES_ERROR;
				CLANG_WARN_DOCUMENTATION_COMMENTS = YES;
				CLANG_WARN_EMPTY_BODY = YES;
				CLANG_WARN_ENUM_CONVERSION = YES;
				CLANG_WARN_INFINITE_RECURSION = YES;
				CLANG_WARN_INT_CONVERSION = YES;
				CLANG_WARN_NON_LITERAL_NULL_CONVERSION = YES;
				CLANG_WARN_OBJC_IMPLICIT_RETAIN_SELF = YES;
				CLANG_WARN_OBJC_LITERAL_CONVERSION = YES;
				CLANG_WARN_OBJC_ROOT_CLASS = YES_ERROR;
				CLANG_WARN_QUOTED_INCLUDE_IN_FRAMEWORK_HEADER = YES;
				CLANG_WARN_RANGE_LOOP_ANALYSIS = YES;
				CLANG_WARN_STRICT_PROTOTYPES = YES;
				CLANG_WARN_SUSPICIOUS_MOVE = YES;
				CLANG_WARN_UNGUARDED_AVAILABILITY = YES_AGGRESSIVE;
				CLANG_WARN_UNREACHABLE_CODE = YES;
				CLANG_WARN__DUPLICATE_METHOD_MATCH = YES;
				COPY_PHASE_STRIP = NO;
				CURRENT_PROJECT_VERSION = 1;
				DEBUG_INFORMATION_FORMAT = "dwarf-with-dsym";
				ENABLE_NS_ASSERTIONS = NO;
				ENABLE_STRICT_OBJC_MSGSEND = YES;
				GCC_C_LANGUAGE_STANDARD = gnu11;
				GCC_NO_COMMON_BLOCKS = YES;
				GCC_WARN_64_TO_32_BIT_CONVERSION = YES;
				GCC_WARN_ABOUT_RETURN_TYPE = YES_ERROR;
				GCC_WARN_UNDECLARED_SELECTOR = YES;
				GCC_WARN_UNINITIALIZED_AUTOS = YES_AGGRESSIVE;
				GCC_WARN_UNUSED_FUNCTION = YES;
				GCC_WARN_UNUSED_VARIABLE = YES;
				MACOSX_DEPLOYMENT_TARGET = 13.0;
				MTL_ENABLE_DEBUG_INFO = NO;
				MTL_FAST_MATH = YES;
				SDKROOT = macosx;
				SWIFT_COMPILATION_MODE = wholemodule;
				SWIFT_OPTIMIZATION_LEVEL = "-O";
				VERSIONING_SYSTEM = "apple-generic";
				VERSION_INFO_PREFIX = "";
			};
			name = Release;
		};
		E7AACF3C29A6278E00846A75 /* Debug */ = {
			isa = XCBuildConfiguration;
			buildSettings = {
				CLANG_ENABLE_MODULES = YES;
				"CODE_SIGN_IDENTITY[sdk=macosx*]" = "-";
				CODE_SIGN_STYLE = Automatic;
				COMBINE_HIDPI_IMAGES = YES;
				CURRENT_PROJECT_VERSION = 1;
				DEFINES_MODULE = YES;
				DEVELOPMENT_TEAM = "";
				DYLIB_COMPATIBILITY_VERSION = 1;
				DYLIB_CURRENT_VERSION = 1;
				DYLIB_INSTALL_NAME_BASE = "@rpath";
				GENERATE_INFOPLIST_FILE = YES;
				INFOPLIST_KEY_NSHumanReadableCopyright = "";
				INSTALL_PATH = "$(LOCAL_LIBRARY_DIR)/Frameworks";
				LD_RUNPATH_SEARCH_PATHS = (
					"$(inherited)",
					"@executable_path/../Frameworks",
					"@loader_path/Frameworks",
				);
				LIBRARY_SEARCH_PATHS = (
					"$(inherited)",
					"$(PROJECT_DIR)$(LOCAL_LIBRARY_DIR)",
				);
				MARKETING_VERSION = 1.0;
				MODULEMAP_FILE = module.modulemap;
				PRODUCT_BUNDLE_IDENTIFIER = com.royalapps.NativeAOTSample;
				PRODUCT_NAME = "$(TARGET_NAME:c99extidentifier)";
				SKIP_INSTALL = YES;
				SWIFT_EMIT_LOC_STRINGS = YES;
				SWIFT_OPTIMIZATION_LEVEL = "-Onone";
				SWIFT_VERSION = 5.0;
			};
			name = Debug;
		};
		E7AACF3D29A6278E00846A75 /* Release */ = {
			isa = XCBuildConfiguration;
			buildSettings = {
				CLANG_ENABLE_MODULES = YES;
				"CODE_SIGN_IDENTITY[sdk=macosx*]" = "-";
				CODE_SIGN_STYLE = Automatic;
				COMBINE_HIDPI_IMAGES = YES;
				CURRENT_PROJECT_VERSION = 1;
				DEFINES_MODULE = YES;
				DEVELOPMENT_TEAM = "";
				DYLIB_COMPATIBILITY_VERSION = 1;
				DYLIB_CURRENT_VERSION = 1;
				DYLIB_INSTALL_NAME_BASE = "@rpath";
				GENERATE_INFOPLIST_FILE = YES;
				INFOPLIST_KEY_NSHumanReadableCopyright = "";
				INSTALL_PATH = "$(LOCAL_LIBRARY_DIR)/Frameworks";
				LD_RUNPATH_SEARCH_PATHS = (
					"$(inherited)",
					"@executable_path/../Frameworks",
					"@loader_path/Frameworks",
				);
				LIBRARY_SEARCH_PATHS = (
					"$(inherited)",
					"$(PROJECT_DIR)$(LOCAL_LIBRARY_DIR)",
				);
				MARKETING_VERSION = 1.0;
				MODULEMAP_FILE = module.modulemap;
				PRODUCT_BUNDLE_IDENTIFIER = com.royalapps.NativeAOTSample;
				PRODUCT_NAME = "$(TARGET_NAME:c99extidentifier)";
				SKIP_INSTALL = YES;
				SWIFT_EMIT_LOC_STRINGS = YES;
				SWIFT_VERSION = 5.0;
			};
			name = Release;
		};
		E7E9D57529A76683002C3834 /* Debug */ = {
			isa = XCBuildConfiguration;
			buildSettings = {
				CLANG_ENABLE_MODULES = YES;
				CODE_SIGN_STYLE = Automatic;
				CURRENT_PROJECT_VERSION = 1;
				DEVELOPMENT_TEAM = VXP8K9EDP6;
				GENERATE_INFOPLIST_FILE = YES;
				LD_RUNPATH_SEARCH_PATHS = (
					"$(inherited)",
					"@executable_path/../Frameworks",
					"@loader_path/../Frameworks",
				);
				MACOSX_DEPLOYMENT_TARGET = 13.1;
				MARKETING_VERSION = 1.0;
				PRODUCT_BUNDLE_IDENTIFIER = com.royalapps.NativeAOTSampleTests;
				PRODUCT_NAME = "$(TARGET_NAME)";
				SWIFT_EMIT_LOC_STRINGS = NO;
				SWIFT_OPTIMIZATION_LEVEL = "-Onone";
				SWIFT_VERSION = 5.0;
			};
			name = Debug;
		};
		E7E9D57629A76683002C3834 /* Release */ = {
			isa = XCBuildConfiguration;
			buildSettings = {
				CLANG_ENABLE_MODULES = YES;
				CODE_SIGN_STYLE = Automatic;
				CURRENT_PROJECT_VERSION = 1;
				DEVELOPMENT_TEAM = VXP8K9EDP6;
				GENERATE_INFOPLIST_FILE = YES;
				LD_RUNPATH_SEARCH_PATHS = (
					"$(inherited)",
					"@executable_path/../Frameworks",
					"@loader_path/../Frameworks",
				);
				MACOSX_DEPLOYMENT_TARGET = 13.1;
				MARKETING_VERSION = 1.0;
				PRODUCT_BUNDLE_IDENTIFIER = com.royalapps.NativeAOTSampleTests;
				PRODUCT_NAME = "$(TARGET_NAME)";
				SWIFT_EMIT_LOC_STRINGS = NO;
				SWIFT_VERSION = 5.0;
			};
			name = Release;
		};
/* End XCBuildConfiguration section */

/* Begin XCConfigurationList section */
		E7AACF2E29A6278E00846A75 /* Build configuration list for PBXProject "NativeAOTSample" */ = {
			isa = XCConfigurationList;
			buildConfigurations = (
				E7AACF3929A6278E00846A75 /* Debug */,
				E7AACF3A29A6278E00846A75 /* Release */,
			);
			defaultConfigurationIsVisible = 0;
			defaultConfigurationName = Release;
		};
		E7AACF3B29A6278E00846A75 /* Build configuration list for PBXNativeTarget "NativeAOTSample" */ = {
			isa = XCConfigurationList;
			buildConfigurations = (
				E7AACF3C29A6278E00846A75 /* Debug */,
				E7AACF3D29A6278E00846A75 /* Release */,
			);
			defaultConfigurationIsVisible = 0;
			defaultConfigurationName = Release;
		};
		E7E9D57729A76683002C3834 /* Build configuration list for PBXNativeTarget "NativeAOTSampleTests" */ = {
			isa = XCConfigurationList;
			buildConfigurations = (
				E7E9D57529A76683002C3834 /* Debug */,
				E7E9D57629A76683002C3834 /* Release */,
			);
			defaultConfigurationIsVisible = 0;
			defaultConfigurationName = Release;
		};
/* End XCConfigurationList section */
	};
	rootObject = E7AACF2B29A6278E00846A75 /* Project object */;
}
