
Microsoft Visual Studio Solution File, Format Version 12.00
Project("{2150E333-8FDC-42A3-9474-1A3956D46DE8}") = "Samples", "Samples", "{CF88563D-5990-4B38-B18C-4203D57465F9}"
	ProjectSection(SolutionItems) = preProject
		Samples\Beyond.NET.Sample_Config.json = Samples\Beyond.NET.Sample_Config.json
		Samples\Beyond.NET.Sample_BuildConfig.json = Samples\Beyond.NET.Sample_BuildConfig.json
	EndProjectSection
EndProject
Project("{FAE04EC0-301F-11D3-BF4B-00C04F79EFBC}") = "Beyond.NET.CodeGenerator", "Generator\Beyond.NET.CodeGenerator\Beyond.NET.CodeGenerator.csproj", "{CA3E6F4C-C309-4512-968F-504132C39520}"
EndProject
Project("{FAE04EC0-301F-11D3-BF4B-00C04F79EFBC}") = "Beyond.NET.CodeGenerator.CLI", "Generator\Beyond.NET.CodeGenerator.CLI\Beyond.NET.CodeGenerator.CLI.csproj", "{A8C40548-DEAB-413E-A58A-EADD7519FB1A}"
EndProject
Project("{FAE04EC0-301F-11D3-BF4B-00C04F79EFBC}") = "Beyond.NET.Sample.Managed", "Samples\Beyond.NET.Sample.Managed\Beyond.NET.Sample.Managed.csproj", "{5B858977-4D1C-49E2-A235-377FCC8B7176}"
EndProject
Project("{FAE04EC0-301F-11D3-BF4B-00C04F79EFBC}") = "Beyond.NET.Sample.Native", "Samples\Beyond.NET.Sample.Native\Beyond.NET.Sample.Native.csproj", "{916C53D8-9ADB-4092-8DF7-6A7622D9916B}"
EndProject
Project("{2150E333-8FDC-42A3-9474-1A3956D46DE8}") = "Generator", "Generator", "{2DD28211-3C12-43E5-B05E-CD8191B8E2FB}"
EndProject
Project("{2150E333-8FDC-42A3-9474-1A3956D46DE8}") = "Builder", "Builder", "{C9FB09F0-B358-4EAD-A522-E2BD296FBA41}"
EndProject
Project("{FAE04EC0-301F-11D3-BF4B-00C04F79EFBC}") = "Beyond.NET.Builder", "Builder\Beyond.NET.Builder\Beyond.NET.Builder.csproj", "{D561AE0F-E902-4F48-9A2A-B4300A270C75}"
EndProject
Project("{2150E333-8FDC-42A3-9474-1A3956D46DE8}") = "Core", "Core", "{F0FE15D4-3DE7-4280-96F2-646EAC76BF6A}"
EndProject
Project("{FAE04EC0-301F-11D3-BF4B-00C04F79EFBC}") = "Beyond.NET.Core", "Core\Beyond.NET.Core\Beyond.NET.Core.csproj", "{234798F0-5E0F-4A1E-A1ED-1AF0E1858101}"
EndProject
Project("{FAE04EC0-301F-11D3-BF4B-00C04F79EFBC}") = "Beyond.NET.Builder.Apple", "Builder\Beyond.NET.Builder.Apple\Beyond.NET.Builder.Apple.csproj", "{63B10487-A1DA-48FA-93D7-797F9FBFF0B8}"
EndProject
Project("{FAE04EC0-301F-11D3-BF4B-00C04F79EFBC}") = "Beyond.NET.Builder.DotNET", "Builder\Beyond.NET.Builder.DotNET\Beyond.NET.Builder.DotNET.csproj", "{6518E2AA-1638-4F5E-8465-2934D6724126}"
EndProject
Project("{2150E333-8FDC-42A3-9474-1A3956D46DE8}") = "Resources", "Resources", "{053BEEF4-DB00-4A44-BD6D-08A335C3FE36}"
	ProjectSection(SolutionItems) = preProject
		LICENSE = LICENSE
		README_MANUAL_BUILD.md = README_MANUAL_BUILD.md
		README.md = README.md
		RELEASE_NOTES.md = RELEASE_NOTES.md
	EndProjectSection
EndProject
Global
	GlobalSection(SolutionConfigurationPlatforms) = preSolution
		Debug|Any CPU = Debug|Any CPU
		Release|Any CPU = Release|Any CPU
	EndGlobalSection
	GlobalSection(ProjectConfigurationPlatforms) = postSolution
		{CA3E6F4C-C309-4512-968F-504132C39520}.Debug|Any CPU.ActiveCfg = Debug|Any CPU
		{CA3E6F4C-C309-4512-968F-504132C39520}.Debug|Any CPU.Build.0 = Debug|Any CPU
		{CA3E6F4C-C309-4512-968F-504132C39520}.Release|Any CPU.ActiveCfg = Release|Any CPU
		{CA3E6F4C-C309-4512-968F-504132C39520}.Release|Any CPU.Build.0 = Release|Any CPU
		{A8C40548-DEAB-413E-A58A-EADD7519FB1A}.Debug|Any CPU.ActiveCfg = Debug|Any CPU
		{A8C40548-DEAB-413E-A58A-EADD7519FB1A}.Debug|Any CPU.Build.0 = Debug|Any CPU
		{A8C40548-DEAB-413E-A58A-EADD7519FB1A}.Release|Any CPU.ActiveCfg = Release|Any CPU
		{A8C40548-DEAB-413E-A58A-EADD7519FB1A}.Release|Any CPU.Build.0 = Release|Any CPU
		{5B858977-4D1C-49E2-A235-377FCC8B7176}.Debug|Any CPU.ActiveCfg = Debug|Any CPU
		{5B858977-4D1C-49E2-A235-377FCC8B7176}.Debug|Any CPU.Build.0 = Debug|Any CPU
		{5B858977-4D1C-49E2-A235-377FCC8B7176}.Release|Any CPU.ActiveCfg = Release|Any CPU
		{5B858977-4D1C-49E2-A235-377FCC8B7176}.Release|Any CPU.Build.0 = Release|Any CPU
		{916C53D8-9ADB-4092-8DF7-6A7622D9916B}.Debug|Any CPU.ActiveCfg = Debug|Any CPU
		{916C53D8-9ADB-4092-8DF7-6A7622D9916B}.Debug|Any CPU.Build.0 = Debug|Any CPU
		{916C53D8-9ADB-4092-8DF7-6A7622D9916B}.Release|Any CPU.ActiveCfg = Release|Any CPU
		{916C53D8-9ADB-4092-8DF7-6A7622D9916B}.Release|Any CPU.Build.0 = Release|Any CPU
		{D561AE0F-E902-4F48-9A2A-B4300A270C75}.Debug|Any CPU.ActiveCfg = Debug|Any CPU
		{D561AE0F-E902-4F48-9A2A-B4300A270C75}.Debug|Any CPU.Build.0 = Debug|Any CPU
		{D561AE0F-E902-4F48-9A2A-B4300A270C75}.Release|Any CPU.ActiveCfg = Release|Any CPU
		{D561AE0F-E902-4F48-9A2A-B4300A270C75}.Release|Any CPU.Build.0 = Release|Any CPU
		{234798F0-5E0F-4A1E-A1ED-1AF0E1858101}.Debug|Any CPU.ActiveCfg = Debug|Any CPU
		{234798F0-5E0F-4A1E-A1ED-1AF0E1858101}.Debug|Any CPU.Build.0 = Debug|Any CPU
		{234798F0-5E0F-4A1E-A1ED-1AF0E1858101}.Release|Any CPU.ActiveCfg = Release|Any CPU
		{234798F0-5E0F-4A1E-A1ED-1AF0E1858101}.Release|Any CPU.Build.0 = Release|Any CPU
		{63B10487-A1DA-48FA-93D7-797F9FBFF0B8}.Debug|Any CPU.ActiveCfg = Debug|Any CPU
		{63B10487-A1DA-48FA-93D7-797F9FBFF0B8}.Debug|Any CPU.Build.0 = Debug|Any CPU
		{63B10487-A1DA-48FA-93D7-797F9FBFF0B8}.Release|Any CPU.ActiveCfg = Release|Any CPU
		{63B10487-A1DA-48FA-93D7-797F9FBFF0B8}.Release|Any CPU.Build.0 = Release|Any CPU
		{6518E2AA-1638-4F5E-8465-2934D6724126}.Debug|Any CPU.ActiveCfg = Debug|Any CPU
		{6518E2AA-1638-4F5E-8465-2934D6724126}.Debug|Any CPU.Build.0 = Debug|Any CPU
		{6518E2AA-1638-4F5E-8465-2934D6724126}.Release|Any CPU.ActiveCfg = Release|Any CPU
		{6518E2AA-1638-4F5E-8465-2934D6724126}.Release|Any CPU.Build.0 = Release|Any CPU
	EndGlobalSection
	GlobalSection(NestedProjects) = preSolution
		{5B858977-4D1C-49E2-A235-377FCC8B7176} = {CF88563D-5990-4B38-B18C-4203D57465F9}
		{916C53D8-9ADB-4092-8DF7-6A7622D9916B} = {CF88563D-5990-4B38-B18C-4203D57465F9}
		{CA3E6F4C-C309-4512-968F-504132C39520} = {2DD28211-3C12-43E5-B05E-CD8191B8E2FB}
		{A8C40548-DEAB-413E-A58A-EADD7519FB1A} = {2DD28211-3C12-43E5-B05E-CD8191B8E2FB}
		{D561AE0F-E902-4F48-9A2A-B4300A270C75} = {C9FB09F0-B358-4EAD-A522-E2BD296FBA41}
		{234798F0-5E0F-4A1E-A1ED-1AF0E1858101} = {F0FE15D4-3DE7-4280-96F2-646EAC76BF6A}
		{63B10487-A1DA-48FA-93D7-797F9FBFF0B8} = {C9FB09F0-B358-4EAD-A522-E2BD296FBA41}
		{6518E2AA-1638-4F5E-8465-2934D6724126} = {C9FB09F0-B358-4EAD-A522-E2BD296FBA41}
	EndGlobalSection
EndGlobal
