// !$*UTF8*$!
{
	archiveVersion = 1;
	classes = {
	};
	objectVersion = 56;
	objects = {

/* Begin PBXBuildFile section */
		E71E423C2A603D830075FE5F /* BeyondNETSampleSwiftMacOSAppApp.swift in Sources */ = {isa = PBXBuildFile; fileRef = E71E423B2A603D830075FE5F /* BeyondNETSampleSwiftMacOSAppApp.swift */; };
		E71E423E2A603D830075FE5F /* ContentView.swift in Sources */ = {isa = PBXBuildFile; fileRef = E71E423D2A603D830075FE5F /* ContentView.swift */; };
		E71E42402A603D840075FE5F /* Assets.xcassets in Resources */ = {isa = PBXBuildFile; fileRef = E71E423F2A603D840075FE5F /* Assets.xcassets */; };
		E71E424F2A603E0A0075FE5F /* BeyondNETSampleSwift.framework in Frameworks */ = {isa = PBXBuildFile; fileRef = E71E424E2A603E0A0075FE5F /* BeyondNETSampleSwift.framework */; };
		E71E42502A603E0A0075FE5F /* BeyondNETSampleSwift.framework in Embed Frameworks */ = {isa = PBXBuildFile; fileRef = E71E424E2A603E0A0075FE5F /* BeyondNETSampleSwift.framework */; settings = {ATTRIBUTES = (CodeSignOnCopy, RemoveHeadersOnCopy, ); }; };
/* End PBXBuildFile section */

/* Begin PBXCopyFilesBuildPhase section */
		E71E42512A603E0A0075FE5F /* Embed Frameworks */ = {
			isa = PBXCopyFilesBuildPhase;
			buildActionMask = 2147483647;
			dstPath = "";
			dstSubfolderSpec = 10;
			files = (
				E71E42502A603E0A0075FE5F /* BeyondNETSampleSwift.framework in Embed Frameworks */,
			);
			name = "Embed Frameworks";
			runOnlyForDeploymentPostprocessing = 0;
		};
/* End PBXCopyFilesBuildPhase section */

/* Begin PBXFileReference section */
		E71E42382A603D830075FE5F /* BeyondNETSampleSwiftMacOSApp.app */ = {isa = PBXFileReference; explicitFileType = wrapper.application; includeInIndex = 0; path = BeyondNETSampleSwiftMacOSApp.app; sourceTree = BUILT_PRODUCTS_DIR; };
		E71E423B2A603D830075FE5F /* BeyondNETSampleSwiftMacOSAppApp.swift */ = {isa = PBXFileReference; lastKnownFileType = sourcecode.swift; path = BeyondNETSampleSwiftMacOSAppApp.swift; sourceTree = "<group>"; };
		E71E423D2A603D830075FE5F /* ContentView.swift */ = {isa = PBXFileReference; lastKnownFileType = sourcecode.swift; path = ContentView.swift; sourceTree = "<group>"; };
		E71E423F2A603D840075FE5F /* Assets.xcassets */ = {isa = PBXFileReference; lastKnownFileType = folder.assetcatalog; path = Assets.xcassets; sourceTree = "<group>"; };
		E71E42442A603D840075FE5F /* BeyondNETSampleSwiftMacOSApp.entitlements */ = {isa = PBXFileReference; lastKnownFileType = text.plist.entitlements; path = BeyondNETSampleSwiftMacOSApp.entitlements; sourceTree = "<group>"; };
		E71E424E2A603E0A0075FE5F /* BeyondNETSampleSwift.framework */ = {isa = PBXFileReference; explicitFileType = wrapper.framework; path = BeyondNETSampleSwift.framework; sourceTree = BUILT_PRODUCTS_DIR; };
		E71E42522A603E110075FE5F /* BeyondDotNETSampleNative.xcframework */ = {isa = PBXFileReference; lastKnownFileType = wrapper.xcframework; name = BeyondDotNETSampleNative.xcframework; path = "../../Beyond.NET.Sample.Native/bin/Release/net8.0/apple-universal/publish/BeyondDotNETSampleNative.xcframework"; sourceTree = "<group>"; };
/* End PBXFileReference section */

/* Begin PBXFrameworksBuildPhase section */
		E71E42352A603D830075FE5F /* Frameworks */ = {
			isa = PBXFrameworksBuildPhase;
			buildActionMask = 2147483647;
			files = (
				E71E424F2A603E0A0075FE5F /* BeyondNETSampleSwift.framework in Frameworks */,
			);
			runOnlyForDeploymentPostprocessing = 0;
		};
/* End PBXFrameworksBuildPhase section */

/* Begin PBXGroup section */
		E71E422F2A603D830075FE5F = {
			isa = PBXGroup;
			children = (
				E71E423A2A603D830075FE5F /* Source */,
				E71E42392A603D830075FE5F /* Products */,
				E71E424D2A603E0A0075FE5F /* Frameworks */,
			);
			sourceTree = "<group>";
		};
		E71E42392A603D830075FE5F /* Products */ = {
			isa = PBXGroup;
			children = (
				E71E42382A603D830075FE5F /* BeyondNETSampleSwiftMacOSApp.app */,
			);
			name = Products;
			sourceTree = "<group>";
		};
		E71E423A2A603D830075FE5F /* Source */ = {
			isa = PBXGroup;
			children = (
				E71E423D2A603D830075FE5F /* ContentView.swift */,
				E71E423B2A603D830075FE5F /* BeyondNETSampleSwiftMacOSAppApp.swift */,
				E71E423F2A603D840075FE5F /* Assets.xcassets */,
				E71E42442A603D840075FE5F /* BeyondNETSampleSwiftMacOSApp.entitlements */,
			);
			path = Source;
			sourceTree = "<group>";
		};
		E71E424D2A603E0A0075FE5F /* Frameworks */ = {
			isa = PBXGroup;
			children = (
				E71E42522A603E110075FE5F /* BeyondDotNETSampleNative.xcframework */,
				E71E424E2A603E0A0075FE5F /* BeyondNETSampleSwift.framework */,
			);
			name = Frameworks;
			sourceTree = "<group>";
		};
/* End PBXGroup section */

/* Begin PBXNativeTarget section */
		E71E42372A603D830075FE5F /* BeyondNETSampleSwiftMacOSApp */ = {
			isa = PBXNativeTarget;
			buildConfigurationList = E71E42472A603D840075FE5F /* Build configuration list for PBXNativeTarget "BeyondNETSampleSwiftMacOSApp" */;
			buildPhases = (
				E71E42342A603D830075FE5F /* Sources */,
				E71E42352A603D830075FE5F /* Frameworks */,
				E71E42362A603D830075FE5F /* Resources */,
				E71E42512A603E0A0075FE5F /* Embed Frameworks */,
			);
			buildRules = (
			);
			dependencies = (
			);
			name = BeyondNETSampleSwiftMacOSApp;
			productName = BeyondNETSampleSwiftMacOSApp;
			productReference = E71E42382A603D830075FE5F /* BeyondNETSampleSwiftMacOSApp.app */;
			productType = "com.apple.product-type.application";
		};
/* End PBXNativeTarget section */

/* Begin PBXProject section */
		E71E42302A603D830075FE5F /* Project object */ = {
			isa = PBXProject;
			attributes = {
				BuildIndependentTargetsInParallel = 1;
				LastSwiftUpdateCheck = 1430;
				LastUpgradeCheck = 1430;
				TargetAttributes = {
					E71E42372A603D830075FE5F = {
						CreatedOnToolsVersion = 14.3.1;
					};
				};
			};
			buildConfigurationList = E71E42332A603D830075FE5F /* Build configuration list for PBXProject "BeyondNETSampleSwiftMacOSApp" */;
			compatibilityVersion = "Xcode 14.0";
			developmentRegion = en;
			hasScannedForEncodings = 0;
			knownRegions = (
				en,
				Base,
			);
			mainGroup = E71E422F2A603D830075FE5F;
			productRefGroup = E71E42392A603D830075FE5F /* Products */;
			projectDirPath = "";
			projectRoot = "";
			targets = (
				E71E42372A603D830075FE5F /* BeyondNETSampleSwiftMacOSApp */,
			);
		};
/* End PBXProject section */

/* Begin PBXResourcesBuildPhase section */
		E71E42362A603D830075FE5F /* Resources */ = {
			isa = PBXResourcesBuildPhase;
			buildActionMask = 2147483647;
			files = (
				E71E42402A603D840075FE5F /* Assets.xcassets in Resources */,
			);
			runOnlyForDeploymentPostprocessing = 0;
		};
/* End PBXResourcesBuildPhase section */

/* Begin PBXSourcesBuildPhase section */
		E71E42342A603D830075FE5F /* Sources */ = {
			isa = PBXSourcesBuildPhase;
			buildActionMask = 2147483647;
			files = (
				E71E423E2A603D830075FE5F /* ContentView.swift in Sources */,
				E71E423C2A603D830075FE5F /* BeyondNETSampleSwiftMacOSAppApp.swift in Sources */,
			);
			runOnlyForDeploymentPostprocessing = 0;
		};
/* End PBXSourcesBuildPhase section */

/* Begin XCBuildConfiguration section */
		E71E42452A603D840075FE5F /* Debug */ = {
			isa = XCBuildConfiguration;
			buildSettings = {
				ALWAYS_SEARCH_USER_PATHS = NO;
				CLANG_ANALYZER_NONNULL = YES;
				CLANG_ANALYZER_NUMBER_OBJECT_CONVERSION = YES_AGGRESSIVE;
				CLANG_CXX_LANGUAGE_STANDARD = "gnu++20";
				CLANG_ENABLE_MODULES = YES;
				CLANG_ENABLE_OBJC_ARC = YES;
				CLANG_ENABLE_OBJC_WEAK = YES;
				CLANG_WARN_BLOCK_CAPTURE_AUTORELEASING = YES;
				CLANG_WARN_BOOL_CONVERSION = YES;
				CLANG_WARN_COMMA = YES;
				CLANG_WARN_CONSTANT_CONVERSION = YES;
				CLANG_WARN_DEPRECATED_OBJC_IMPLEMENTATIONS = YES;
				CLANG_WARN_DIRECT_OBJC_ISA_USAGE = YES_ERROR;
				CLANG_WARN_DOCUMENTATION_COMMENTS = YES;
				CLANG_WARN_EMPTY_BODY = YES;
				CLANG_WARN_ENUM_CONVERSION = YES;
				CLANG_WARN_INFINITE_RECURSION = YES;
				CLANG_WARN_INT_CONVERSION = YES;
				CLANG_WARN_NON_LITERAL_NULL_CONVERSION = YES;
				CLANG_WARN_OBJC_IMPLICIT_RETAIN_SELF = YES;
				CLANG_WARN_OBJC_LITERAL_CONVERSION = YES;
				CLANG_WARN_OBJC_ROOT_CLASS = YES_ERROR;
				CLANG_WARN_QUOTED_INCLUDE_IN_FRAMEWORK_HEADER = YES;
				CLANG_WARN_RANGE_LOOP_ANALYSIS = YES;
				CLANG_WARN_STRICT_PROTOTYPES = YES;
				CLANG_WARN_SUSPICIOUS_MOVE = YES;
				CLANG_WARN_UNGUARDED_AVAILABILITY = YES_AGGRESSIVE;
				CLANG_WARN_UNREACHABLE_CODE = YES;
				CLANG_WARN__DUPLICATE_METHOD_MATCH = YES;
				COPY_PHASE_STRIP = NO;
				DEBUG_INFORMATION_FORMAT = dwarf;
				ENABLE_STRICT_OBJC_MSGSEND = YES;
				ENABLE_TESTABILITY = YES;
				GCC_C_LANGUAGE_STANDARD = gnu11;
				GCC_DYNAMIC_NO_PIC = NO;
				GCC_NO_COMMON_BLOCKS = YES;
				GCC_OPTIMIZATION_LEVEL = 0;
				GCC_PREPROCESSOR_DEFINITIONS = (
					"DEBUG=1",
					"$(inherited)",
				);
				GCC_WARN_64_TO_32_BIT_CONVERSION = YES;
				GCC_WARN_ABOUT_RETURN_TYPE = YES_ERROR;
				GCC_WARN_UNDECLARED_SELECTOR = YES;
				GCC_WARN_UNINITIALIZED_AUTOS = YES_AGGRESSIVE;
				GCC_WARN_UNUSED_FUNCTION = YES;
				GCC_WARN_UNUSED_VARIABLE = YES;
				MACOSX_DEPLOYMENT_TARGET = 13.0;
				MTL_ENABLE_DEBUG_INFO = INCLUDE_SOURCE;
				MTL_FAST_MATH = YES;
				ONLY_ACTIVE_ARCH = YES;
				SDKROOT = macosx;
				SWIFT_ACTIVE_COMPILATION_CONDITIONS = DEBUG;
				SWIFT_OPTIMIZATION_LEVEL = "-Onone";
			};
			name = Debug;
		};
		E71E42462A603D840075FE5F /* Release */ = {
			isa = XCBuildConfiguration;
			buildSettings = {
				ALWAYS_SEARCH_USER_PATHS = NO;
				CLANG_ANALYZER_NONNULL = YES;
				CLANG_ANALYZER_NUMBER_OBJECT_CONVERSION = YES_AGGRESSIVE;
				CLANG_CXX_LANGUAGE_STANDARD = "gnu++20";
				CLANG_ENABLE_MODULES = YES;
				CLANG_ENABLE_OBJC_ARC = YES;
				CLANG_ENABLE_OBJC_WEAK = YES;
				CLANG_WARN_BLOCK_CAPTURE_AUTORELEASING = YES;
				CLANG_WARN_BOOL_CONVERSION = YES;
				CLANG_WARN_COMMA = YES;
				CLANG_WARN_CONSTANT_CONVERSION = YES;
				CLANG_WARN_DEPRECATED_OBJC_IMPLEMENTATIONS = YES;
				CLANG_WARN_DIRECT_OBJC_ISA_USAGE = YES_ERROR;
				CLANG_WARN_DOCUMENTATION_COMMENTS = YES;
				CLANG_WARN_EMPTY_BODY = YES;
				CLANG_WARN_ENUM_CONVERSION = YES;
				CLANG_WARN_INFINITE_RECURSION = YES;
				CLANG_WARN_INT_CONVERSION = YES;
				CLANG_WARN_NON_LITERAL_NULL_CONVERSION = YES;
				CLANG_WARN_OBJC_IMPLICIT_RETAIN_SELF = YES;
				CLANG_WARN_OBJC_LITERAL_CONVERSION = YES;
				CLANG_WARN_OBJC_ROOT_CLASS = YES_ERROR;
				CLANG_WARN_QUOTED_INCLUDE_IN_FRAMEWORK_HEADER = YES;
				CLANG_WARN_RANGE_LOOP_ANALYSIS = YES;
				CLANG_WARN_STRICT_PROTOTYPES = YES;
				CLANG_WARN_SUSPICIOUS_MOVE = YES;
				CLANG_WARN_UNGUARDED_AVAILABILITY = YES_AGGRESSIVE;
				CLANG_WARN_UNREACHABLE_CODE = YES;
				CLANG_WARN__DUPLICATE_METHOD_MATCH = YES;
				COPY_PHASE_STRIP = NO;
				DEBUG_INFORMATION_FORMAT = "dwarf-with-dsym";
				ENABLE_NS_ASSERTIONS = NO;
				ENABLE_STRICT_OBJC_MSGSEND = YES;
				GCC_C_LANGUAGE_STANDARD = gnu11;
				GCC_NO_COMMON_BLOCKS = YES;
				GCC_WARN_64_TO_32_BIT_CONVERSION = YES;
				GCC_WARN_ABOUT_RETURN_TYPE = YES_ERROR;
				GCC_WARN_UNDECLARED_SELECTOR = YES;
				GCC_WARN_UNINITIALIZED_AUTOS = YES_AGGRESSIVE;
				GCC_WARN_UNUSED_FUNCTION = YES;
				GCC_WARN_UNUSED_VARIABLE = YES;
				MACOSX_DEPLOYMENT_TARGET = 13.0;
				MTL_ENABLE_DEBUG_INFO = NO;
				MTL_FAST_MATH = YES;
				SDKROOT = macosx;
				SWIFT_COMPILATION_MODE = wholemodule;
				SWIFT_OPTIMIZATION_LEVEL = "-O";
			};
			name = Release;
		};
		E71E42482A603D840075FE5F /* Debug */ = {
			isa = XCBuildConfiguration;
			buildSettings = {
				ASSETCATALOG_COMPILER_APPICON_NAME = AppIcon;
				ASSETCATALOG_COMPILER_GLOBAL_ACCENT_COLOR_NAME = AccentColor;
				CODE_SIGN_ENTITLEMENTS = Source/BeyondNETSampleSwiftMacOSApp.entitlements;
				CODE_SIGN_STYLE = Automatic;
				COMBINE_HIDPI_IMAGES = YES;
				CURRENT_PROJECT_VERSION = 1;
				ENABLE_PREVIEWS = YES;
				GENERATE_INFOPLIST_FILE = YES;
				INFOPLIST_KEY_NSHumanReadableCopyright = "";
				LD_RUNPATH_SEARCH_PATHS = (
					"$(inherited)",
					"@executable_path/../Frameworks",
				);
				MARKETING_VERSION = 1.0;
				PRODUCT_BUNDLE_IDENTIFIER = com.royalapps.BeyondNETSampleSwiftMacOSApp;
				PRODUCT_NAME = "$(TARGET_NAME)";
				SWIFT_EMIT_LOC_STRINGS = YES;
				SWIFT_VERSION = 5.0;
			};
			name = Debug;
		};
		E71E42492A603D840075FE5F /* Release */ = {
			isa = XCBuildConfiguration;
			buildSettings = {
				ASSETCATALOG_COMPILER_APPICON_NAME = AppIcon;
				ASSETCATALOG_COMPILER_GLOBAL_ACCENT_COLOR_NAME = AccentColor;
				CODE_SIGN_ENTITLEMENTS = Source/BeyondNETSampleSwiftMacOSApp.entitlements;
				CODE_SIGN_STYLE = Automatic;
				COMBINE_HIDPI_IMAGES = YES;
				CURRENT_PROJECT_VERSION = 1;
				ENABLE_PREVIEWS = YES;
				GENERATE_INFOPLIST_FILE = YES;
				INFOPLIST_KEY_NSHumanReadableCopyright = "";
				LD_RUNPATH_SEARCH_PATHS = (
					"$(inherited)",
					"@executable_path/../Frameworks",
				);
				MARKETING_VERSION = 1.0;
				PRODUCT_BUNDLE_IDENTIFIER = com.royalapps.BeyondNETSampleSwiftMacOSApp;
				PRODUCT_NAME = "$(TARGET_NAME)";
				SWIFT_EMIT_LOC_STRINGS = YES;
				SWIFT_VERSION = 5.0;
			};
			name = Release;
		};
/* End XCBuildConfiguration section */

/* Begin XCConfigurationList section */
		E71E42332A603D830075FE5F /* Build configuration list for PBXProject "BeyondNETSampleSwiftMacOSApp" */ = {
			isa = XCConfigurationList;
			buildConfigurations = (
				E71E42452A603D840075FE5F /* Debug */,
				E71E42462A603D840075FE5F /* Release */,
			);
			defaultConfigurationIsVisible = 0;
			defaultConfigurationName = Release;
		};
		E71E42472A603D840075FE5F /* Build configuration list for PBXNativeTarget "BeyondNETSampleSwiftMacOSApp" */ = {
			isa = XCConfigurationList;
			buildConfigurations = (
				E71E42482A603D840075FE5F /* Debug */,
				E71E42492A603D840075FE5F /* Release */,
			);
			defaultConfigurationIsVisible = 0;
			defaultConfigurationName = Release;
		};
/* End XCConfigurationList section */
	};
	rootObject = E71E42302A603D830075FE5F /* Project object */;
}
