// !$*UTF8*$!
{
	archiveVersion = 1;
	classes = {
	};
	objectVersion = 56;
	objects = {

/* Begin PBXBuildFile section */
		E70A1FAD29C3652100843CD0 /* SystemTypeTests.swift in Sources */ = {isa = PBXBuildFile; fileRef = E70A1FAC29C3652100843CD0 /* SystemTypeTests.swift */; };
		E70D116129BF9F2600B4E738 /* NativeAOTCodeGeneratorOutputSample.h in Headers */ = {isa = PBXBuildFile; fileRef = E70D116029BF9F2600B4E738 /* NativeAOTCodeGeneratorOutputSample.h */; settings = {ATTRIBUTES = (Public, ); }; };
		E70D116929BF9F8000B4E738 /* TypeDefinitions.h in Headers */ = {isa = PBXBuildFile; fileRef = E70D116829BF9F7E00B4E738 /* TypeDefinitions.h */; settings = {ATTRIBUTES = (Public, ); }; };
		E70D116B29BF9FCD00B4E738 /* NativeAOT.CodeGeneratorOutputSample.dylib in Frameworks */ = {isa = PBXBuildFile; fileRef = E70D116A29BF9FCC00B4E738 /* NativeAOT.CodeGeneratorOutputSample.dylib */; };
		E70D117629BF9FEC00B4E738 /* NativeAOTCodeGeneratorOutputSample.framework in Frameworks */ = {isa = PBXBuildFile; fileRef = E70D115D29BF9F2600B4E738 /* NativeAOTCodeGeneratorOutputSample.framework */; };
		E70D117D29BFA01300B4E738 /* TestClassesTests.swift in Sources */ = {isa = PBXBuildFile; fileRef = E70D117429BF9FEC00B4E738 /* TestClassesTests.swift */; };
		E70D117F29C0593C00B4E738 /* NativeAOT.CodeGeneratorOutputSample.dylib in Copy Libraries */ = {isa = PBXBuildFile; fileRef = E70D116A29BF9FCC00B4E738 /* NativeAOT.CodeGeneratorOutputSample.dylib */; settings = {ATTRIBUTES = (CodeSignOnCopy, ); }; };
		E70D118129C0598F00B4E738 /* NativeAOT.CodeGeneratorOutputSample.dylib in Frameworks */ = {isa = PBXBuildFile; fileRef = E70D116A29BF9FCC00B4E738 /* NativeAOT.CodeGeneratorOutputSample.dylib */; };
		E720932029CE188E0071B5B3 /* NativeBox.swift in Sources */ = {isa = PBXBuildFile; fileRef = E720931F29CE188E0071B5B3 /* NativeBox.swift */; };
		E736639329BFCB2600B6DEE2 /* NativeAOT.CodeGeneratorOutputSample.dylib in Embed Libraries */ = {isa = PBXBuildFile; fileRef = E70D116A29BF9FCC00B4E738 /* NativeAOT.CodeGeneratorOutputSample.dylib */; settings = {ATTRIBUTES = (CodeSignOnCopy, ); }; };
		E73EE8F229DAEA0500C57A71 /* SystemThreadingThreadTest.swift in Sources */ = {isa = PBXBuildFile; fileRef = E73EE8F129DAEA0500C57A71 /* SystemThreadingThreadTest.swift */; };
		E73EE8F429DAEC1A00C57A71 /* SystemThreadingTimerTest.swift in Sources */ = {isa = PBXBuildFile; fileRef = E73EE8F329DAEC1A00C57A71 /* SystemThreadingTimerTest.swift */; };
		E73EE8F629DAF09D00C57A71 /* SystemMathTests.swift in Sources */ = {isa = PBXBuildFile; fileRef = E73EE8F529DAF09D00C57A71 /* SystemMathTests.swift */; };
		E73EE8F829DB097900C57A71 /* SystemRandomTests.swift in Sources */ = {isa = PBXBuildFile; fileRef = E73EE8F729DB097900C57A71 /* SystemRandomTests.swift */; };
		E73EE8FA29DB0B3600C57A71 /* SystemIOPathTests.swift in Sources */ = {isa = PBXBuildFile; fileRef = E73EE8F929DB0B3600C57A71 /* SystemIOPathTests.swift */; };
		E73EE8FC29DB12A300C57A71 /* SystemReflectionAssemblyTests.swift in Sources */ = {isa = PBXBuildFile; fileRef = E73EE8FB29DB12A300C57A71 /* SystemReflectionAssemblyTests.swift */; };
		E73EE90029DB194F00C57A71 /* SystemSecuritySecureStringTests.swift in Sources */ = {isa = PBXBuildFile; fileRef = E73EE8FF29DB194F00C57A71 /* SystemSecuritySecureStringTests.swift */; };
		E746795C29DAE45000AF25C5 /* SystemConvertTests.swift in Sources */ = {isa = PBXBuildFile; fileRef = E746795B29DAE45000AF25C5 /* SystemConvertTests.swift */; };
		E748372429DC640A00FE2AE6 /* SystemDecimalTests.swift in Sources */ = {isa = PBXBuildFile; fileRef = E748372329DC640A00FE2AE6 /* SystemDecimalTests.swift */; };
		E7575EBF29DDA90C00AE2EC6 /* SystemTextStringBuilderTests.swift in Sources */ = {isa = PBXBuildFile; fileRef = E7575EBE29DDA90C00AE2EC6 /* SystemTextStringBuilderTests.swift */; };
		E7575EC129DDA98100AE2EC6 /* CString+Extensions.swift in Sources */ = {isa = PBXBuildFile; fileRef = E7575EC029DDA98100AE2EC6 /* CString+Extensions.swift */; };
		E779630029DC171E00E1E70B /* SystemRuntimeInteropServicesMarshalTests.swift in Sources */ = {isa = PBXBuildFile; fileRef = E77962FF29DC171E00E1E70B /* SystemRuntimeInteropServicesMarshalTests.swift */; };
		E779630229DC54E300E1E70B /* SystemThreadingTasksTests.swift in Sources */ = {isa = PBXBuildFile; fileRef = E779630129DC54E300E1E70B /* SystemThreadingTasksTests.swift */; };
		E77A85B229DD7EF9000CA09E /* GenericTestsTests.swift in Sources */ = {isa = PBXBuildFile; fileRef = E77A85B129DD7EF9000CA09E /* GenericTestsTests.swift */; };
		E7C8CF0529C1FA9500C4230F /* SystemGuidTests.swift in Sources */ = {isa = PBXBuildFile; fileRef = E7C8CF0429C1FA9500C4230F /* SystemGuidTests.swift */; };
		E7C8CF0729C1FABA00C4230F /* SystemStringTests.swift in Sources */ = {isa = PBXBuildFile; fileRef = E7C8CF0629C1FABA00C4230F /* SystemStringTests.swift */; };
		E7C8CF0929C1FB0800C4230F /* SystemDateTimeTests.swift in Sources */ = {isa = PBXBuildFile; fileRef = E7C8CF0829C1FB0800C4230F /* SystemDateTimeTests.swift */; };
		E7C8CF0B29C1FE5800C4230F /* SystemArrayTests.swift in Sources */ = {isa = PBXBuildFile; fileRef = E7C8CF0A29C1FE5800C4230F /* SystemArrayTests.swift */; };
		E7C8CF0D29C2139B00C4230F /* PersonTests.swift in Sources */ = {isa = PBXBuildFile; fileRef = E7C8CF0C29C2139B00C4230F /* PersonTests.swift */; };
		E7C8CF0F29C2180200C4230F /* AnimalTests.swift in Sources */ = {isa = PBXBuildFile; fileRef = E7C8CF0E29C2180200C4230F /* AnimalTests.swift */; };
		E7EB338629C8879100392F3D /* AddressTests.swift in Sources */ = {isa = PBXBuildFile; fileRef = E7EB338529C8879100392F3D /* AddressTests.swift */; };
		E7ED7A1829D35DF4008C96E0 /* SystemVersionTests.swift in Sources */ = {isa = PBXBuildFile; fileRef = E7ED7A1729D35DF4008C96E0 /* SystemVersionTests.swift */; };
		E7ED7A1A29D445C8008C96E0 /* SystemActionTests.swift in Sources */ = {isa = PBXBuildFile; fileRef = E7ED7A1929D445C8008C96E0 /* SystemActionTests.swift */; };
		E7F0CEB129C4B02D00E4C80A /* TransformerTests.swift in Sources */ = {isa = PBXBuildFile; fileRef = E7F0CEB029C4B02D00E4C80A /* TransformerTests.swift */; };
		E7F4A49229CB5F2A00D93D81 /* SystemObjectTests.swift in Sources */ = {isa = PBXBuildFile; fileRef = E7F4A49129CB5F2A00D93D81 /* SystemObjectTests.swift */; };
		E7F4A49429CB676100D93D81 /* SystemExceptionTests.swift in Sources */ = {isa = PBXBuildFile; fileRef = E7F4A49329CB676100D93D81 /* SystemExceptionTests.swift */; };
		E7F4A49629CB68FE00D93D81 /* SystemEnumTests.swift in Sources */ = {isa = PBXBuildFile; fileRef = E7F4A49529CB68FE00D93D81 /* SystemEnumTests.swift */; };
/* End PBXBuildFile section */

/* Begin PBXContainerItemProxy section */
		E70D117729BF9FEC00B4E738 /* PBXContainerItemProxy */ = {
			isa = PBXContainerItemProxy;
			containerPortal = E70D115429BF9F2600B4E738 /* Project object */;
			proxyType = 1;
			remoteGlobalIDString = E70D115C29BF9F2600B4E738;
			remoteInfo = NativeAOTCodeGeneratorOutputSample;
		};
/* End PBXContainerItemProxy section */

/* Begin PBXCopyFilesBuildPhase section */
		E70D118029C0597200B4E738 /* Copy Libraries */ = {
			isa = PBXCopyFilesBuildPhase;
			buildActionMask = 2147483647;
			dstPath = "";
			dstSubfolderSpec = 10;
			files = (
				E70D117F29C0593C00B4E738 /* NativeAOT.CodeGeneratorOutputSample.dylib in Copy Libraries */,
			);
			name = "Copy Libraries";
			runOnlyForDeploymentPostprocessing = 0;
		};
		E736639429BFCB2600B6DEE2 /* Embed Libraries */ = {
			isa = PBXCopyFilesBuildPhase;
			buildActionMask = 2147483647;
			dstPath = "";
			dstSubfolderSpec = 10;
			files = (
				E736639329BFCB2600B6DEE2 /* NativeAOT.CodeGeneratorOutputSample.dylib in Embed Libraries */,
			);
			name = "Embed Libraries";
			runOnlyForDeploymentPostprocessing = 0;
		};
/* End PBXCopyFilesBuildPhase section */

/* Begin PBXFileReference section */
		E70A1FAC29C3652100843CD0 /* SystemTypeTests.swift */ = {isa = PBXFileReference; lastKnownFileType = sourcecode.swift; path = SystemTypeTests.swift; sourceTree = "<group>"; };
		E70D115D29BF9F2600B4E738 /* NativeAOTCodeGeneratorOutputSample.framework */ = {isa = PBXFileReference; explicitFileType = wrapper.framework; includeInIndex = 0; path = NativeAOTCodeGeneratorOutputSample.framework; sourceTree = BUILT_PRODUCTS_DIR; };
		E70D116029BF9F2600B4E738 /* NativeAOTCodeGeneratorOutputSample.h */ = {isa = PBXFileReference; lastKnownFileType = sourcecode.c.h; path = NativeAOTCodeGeneratorOutputSample.h; sourceTree = "<group>"; };
		E70D116829BF9F7E00B4E738 /* TypeDefinitions.h */ = {isa = PBXFileReference; lastKnownFileType = sourcecode.c.h; path = TypeDefinitions.h; sourceTree = "<group>"; };
		E70D116A29BF9FCC00B4E738 /* NativeAOT.CodeGeneratorOutputSample.dylib */ = {isa = PBXFileReference; lastKnownFileType = "compiled.mach-o.dylib"; path = NativeAOT.CodeGeneratorOutputSample.dylib; sourceTree = "<group>"; };
		E70D117229BF9FEC00B4E738 /* NativeAOTCodeGeneratorOutputSampleTests.xctest */ = {isa = PBXFileReference; explicitFileType = wrapper.cfbundle; includeInIndex = 0; path = NativeAOTCodeGeneratorOutputSampleTests.xctest; sourceTree = BUILT_PRODUCTS_DIR; };
		E70D117429BF9FEC00B4E738 /* TestClassesTests.swift */ = {isa = PBXFileReference; lastKnownFileType = sourcecode.swift; path = TestClassesTests.swift; sourceTree = "<group>"; };
		E720931F29CE188E0071B5B3 /* NativeBox.swift */ = {isa = PBXFileReference; lastKnownFileType = sourcecode.swift; path = NativeBox.swift; sourceTree = "<group>"; };
		E73EE8F129DAEA0500C57A71 /* SystemThreadingThreadTest.swift */ = {isa = PBXFileReference; lastKnownFileType = sourcecode.swift; path = SystemThreadingThreadTest.swift; sourceTree = "<group>"; };
		E73EE8F329DAEC1A00C57A71 /* SystemThreadingTimerTest.swift */ = {isa = PBXFileReference; lastKnownFileType = sourcecode.swift; path = SystemThreadingTimerTest.swift; sourceTree = "<group>"; };
		E73EE8F529DAF09D00C57A71 /* SystemMathTests.swift */ = {isa = PBXFileReference; lastKnownFileType = sourcecode.swift; path = SystemMathTests.swift; sourceTree = "<group>"; };
		E73EE8F729DB097900C57A71 /* SystemRandomTests.swift */ = {isa = PBXFileReference; lastKnownFileType = sourcecode.swift; path = SystemRandomTests.swift; sourceTree = "<group>"; };
		E73EE8F929DB0B3600C57A71 /* SystemIOPathTests.swift */ = {isa = PBXFileReference; lastKnownFileType = sourcecode.swift; path = SystemIOPathTests.swift; sourceTree = "<group>"; };
		E73EE8FB29DB12A300C57A71 /* SystemReflectionAssemblyTests.swift */ = {isa = PBXFileReference; lastKnownFileType = sourcecode.swift; path = SystemReflectionAssemblyTests.swift; sourceTree = "<group>"; };
		E73EE8FF29DB194F00C57A71 /* SystemSecuritySecureStringTests.swift */ = {isa = PBXFileReference; lastKnownFileType = sourcecode.swift; path = SystemSecuritySecureStringTests.swift; sourceTree = "<group>"; };
		E746795B29DAE45000AF25C5 /* SystemConvertTests.swift */ = {isa = PBXFileReference; lastKnownFileType = sourcecode.swift; path = SystemConvertTests.swift; sourceTree = "<group>"; };
		E748372329DC640A00FE2AE6 /* SystemDecimalTests.swift */ = {isa = PBXFileReference; lastKnownFileType = sourcecode.swift; path = SystemDecimalTests.swift; sourceTree = "<group>"; };
		E7575EBE29DDA90C00AE2EC6 /* SystemTextStringBuilderTests.swift */ = {isa = PBXFileReference; lastKnownFileType = sourcecode.swift; path = SystemTextStringBuilderTests.swift; sourceTree = "<group>"; };
		E7575EC029DDA98100AE2EC6 /* CString+Extensions.swift */ = {isa = PBXFileReference; lastKnownFileType = sourcecode.swift; path = "CString+Extensions.swift"; sourceTree = "<group>"; };
		E77962FF29DC171E00E1E70B /* SystemRuntimeInteropServicesMarshalTests.swift */ = {isa = PBXFileReference; lastKnownFileType = sourcecode.swift; path = SystemRuntimeInteropServicesMarshalTests.swift; sourceTree = "<group>"; };
		E779630129DC54E300E1E70B /* SystemThreadingTasksTests.swift */ = {isa = PBXFileReference; lastKnownFileType = sourcecode.swift; path = SystemThreadingTasksTests.swift; sourceTree = "<group>"; };
		E77A85B129DD7EF9000CA09E /* GenericTestsTests.swift */ = {isa = PBXFileReference; lastKnownFileType = sourcecode.swift; path = GenericTestsTests.swift; sourceTree = "<group>"; };
		E7C8CF0429C1FA9500C4230F /* SystemGuidTests.swift */ = {isa = PBXFileReference; lastKnownFileType = sourcecode.swift; path = SystemGuidTests.swift; sourceTree = "<group>"; };
		E7C8CF0629C1FABA00C4230F /* SystemStringTests.swift */ = {isa = PBXFileReference; lastKnownFileType = sourcecode.swift; path = SystemStringTests.swift; sourceTree = "<group>"; };
		E7C8CF0829C1FB0800C4230F /* SystemDateTimeTests.swift */ = {isa = PBXFileReference; lastKnownFileType = sourcecode.swift; path = SystemDateTimeTests.swift; sourceTree = "<group>"; };
		E7C8CF0A29C1FE5800C4230F /* SystemArrayTests.swift */ = {isa = PBXFileReference; lastKnownFileType = sourcecode.swift; path = SystemArrayTests.swift; sourceTree = "<group>"; };
		E7C8CF0C29C2139B00C4230F /* PersonTests.swift */ = {isa = PBXFileReference; lastKnownFileType = sourcecode.swift; path = PersonTests.swift; sourceTree = "<group>"; };
		E7C8CF0E29C2180200C4230F /* AnimalTests.swift */ = {isa = PBXFileReference; lastKnownFileType = sourcecode.swift; path = AnimalTests.swift; sourceTree = "<group>"; };
		E7EB338529C8879100392F3D /* AddressTests.swift */ = {isa = PBXFileReference; lastKnownFileType = sourcecode.swift; path = AddressTests.swift; sourceTree = "<group>"; };
		E7ED7A1729D35DF4008C96E0 /* SystemVersionTests.swift */ = {isa = PBXFileReference; lastKnownFileType = sourcecode.swift; path = SystemVersionTests.swift; sourceTree = "<group>"; };
		E7ED7A1929D445C8008C96E0 /* SystemActionTests.swift */ = {isa = PBXFileReference; lastKnownFileType = sourcecode.swift; path = SystemActionTests.swift; sourceTree = "<group>"; };
		E7F0CEB029C4B02D00E4C80A /* TransformerTests.swift */ = {isa = PBXFileReference; lastKnownFileType = sourcecode.swift; path = TransformerTests.swift; sourceTree = "<group>"; };
		E7F4A49129CB5F2A00D93D81 /* SystemObjectTests.swift */ = {isa = PBXFileReference; lastKnownFileType = sourcecode.swift; path = SystemObjectTests.swift; sourceTree = "<group>"; };
		E7F4A49329CB676100D93D81 /* SystemExceptionTests.swift */ = {isa = PBXFileReference; lastKnownFileType = sourcecode.swift; path = SystemExceptionTests.swift; sourceTree = "<group>"; };
		E7F4A49529CB68FE00D93D81 /* SystemEnumTests.swift */ = {isa = PBXFileReference; lastKnownFileType = sourcecode.swift; path = SystemEnumTests.swift; sourceTree = "<group>"; };
/* End PBXFileReference section */

/* Begin PBXFrameworksBuildPhase section */
		E70D115A29BF9F2600B4E738 /* Frameworks */ = {
			isa = PBXFrameworksBuildPhase;
			buildActionMask = 2147483647;
			files = (
				E70D116B29BF9FCD00B4E738 /* NativeAOT.CodeGeneratorOutputSample.dylib in Frameworks */,
			);
			runOnlyForDeploymentPostprocessing = 0;
		};
		E70D116F29BF9FEC00B4E738 /* Frameworks */ = {
			isa = PBXFrameworksBuildPhase;
			buildActionMask = 2147483647;
			files = (
				E70D117629BF9FEC00B4E738 /* NativeAOTCodeGeneratorOutputSample.framework in Frameworks */,
				E70D118129C0598F00B4E738 /* NativeAOT.CodeGeneratorOutputSample.dylib in Frameworks */,
			);
			runOnlyForDeploymentPostprocessing = 0;
		};
/* End PBXFrameworksBuildPhase section */

/* Begin PBXGroup section */
		E70D115329BF9F2600B4E738 = {
			isa = PBXGroup;
			children = (
				E70D116A29BF9FCC00B4E738 /* NativeAOT.CodeGeneratorOutputSample.dylib */,
				E70D115F29BF9F2600B4E738 /* Source */,
				E70D115E29BF9F2600B4E738 /* Products */,
				E70D117E29C0593C00B4E738 /* Frameworks */,
			);
			sourceTree = "<group>";
		};
		E70D115E29BF9F2600B4E738 /* Products */ = {
			isa = PBXGroup;
			children = (
				E70D115D29BF9F2600B4E738 /* NativeAOTCodeGeneratorOutputSample.framework */,
				E70D117229BF9FEC00B4E738 /* NativeAOTCodeGeneratorOutputSampleTests.xctest */,
			);
			name = Products;
			sourceTree = "<group>";
		};
		E70D115F29BF9F2600B4E738 /* Source */ = {
			isa = PBXGroup;
			children = (
				E7C8CF0129C1FA6C00C4230F /* Tests */,
				E70D116829BF9F7E00B4E738 /* TypeDefinitions.h */,
				E70D116029BF9F2600B4E738 /* NativeAOTCodeGeneratorOutputSample.h */,
			);
			path = Source;
			sourceTree = "<group>";
		};
		E70D117E29C0593C00B4E738 /* Frameworks */ = {
			isa = PBXGroup;
			children = (
			);
			name = Frameworks;
			sourceTree = "<group>";
		};
		E720931E29CE187C0071B5B3 /* SwiftSupport */ = {
			isa = PBXGroup;
			children = (
				E720931F29CE188E0071B5B3 /* NativeBox.swift */,
				E7575EC029DDA98100AE2EC6 /* CString+Extensions.swift */,
			);
			path = SwiftSupport;
			sourceTree = "<group>";
		};
		E7C8CF0129C1FA6C00C4230F /* Tests */ = {
			isa = PBXGroup;
			children = (
				E720931E29CE187C0071B5B3 /* SwiftSupport */,
				E7C8CF0229C1FA7800C4230F /* System */,
				E7C8CF0329C1FA7B00C4230F /* TestClasses */,
			);
			path = Tests;
			sourceTree = "<group>";
		};
		E7C8CF0229C1FA7800C4230F /* System */ = {
			isa = PBXGroup;
			children = (
				E7F4A49129CB5F2A00D93D81 /* SystemObjectTests.swift */,
				E70A1FAC29C3652100843CD0 /* SystemTypeTests.swift */,
				E7F4A49329CB676100D93D81 /* SystemExceptionTests.swift */,
				E7C8CF0629C1FABA00C4230F /* SystemStringTests.swift */,
				E7C8CF0A29C1FE5800C4230F /* SystemArrayTests.swift */,
				E7F4A49529CB68FE00D93D81 /* SystemEnumTests.swift */,
				E7C8CF0429C1FA9500C4230F /* SystemGuidTests.swift */,
				E7C8CF0829C1FB0800C4230F /* SystemDateTimeTests.swift */,
				E7ED7A1729D35DF4008C96E0 /* SystemVersionTests.swift */,
				E746795B29DAE45000AF25C5 /* SystemConvertTests.swift */,
				E7ED7A1929D445C8008C96E0 /* SystemActionTests.swift */,
				E73EE8F129DAEA0500C57A71 /* SystemThreadingThreadTest.swift */,
				E73EE8F329DAEC1A00C57A71 /* SystemThreadingTimerTest.swift */,
				E779630129DC54E300E1E70B /* SystemThreadingTasksTests.swift */,
				E73EE8F529DAF09D00C57A71 /* SystemMathTests.swift */,
				E73EE8F729DB097900C57A71 /* SystemRandomTests.swift */,
				E73EE8F929DB0B3600C57A71 /* SystemIOPathTests.swift */,
				E73EE8FB29DB12A300C57A71 /* SystemReflectionAssemblyTests.swift */,
				E73EE8FF29DB194F00C57A71 /* SystemSecuritySecureStringTests.swift */,
				E77962FF29DC171E00E1E70B /* SystemRuntimeInteropServicesMarshalTests.swift */,
				E748372329DC640A00FE2AE6 /* SystemDecimalTests.swift */,
				E7575EBE29DDA90C00AE2EC6 /* SystemTextStringBuilderTests.swift */,
			);
			path = System;
			sourceTree = "<group>";
		};
		E7C8CF0329C1FA7B00C4230F /* TestClasses */ = {
			isa = PBXGroup;
			children = (
				E70D117429BF9FEC00B4E738 /* TestClassesTests.swift */,
				E7C8CF0C29C2139B00C4230F /* PersonTests.swift */,
				E7C8CF0E29C2180200C4230F /* AnimalTests.swift */,
				E7F0CEB029C4B02D00E4C80A /* TransformerTests.swift */,
				E7EB338529C8879100392F3D /* AddressTests.swift */,
				E77A85B129DD7EF9000CA09E /* GenericTestsTests.swift */,
			);
			path = TestClasses;
			sourceTree = "<group>";
		};
/* End PBXGroup section */

/* Begin PBXHeadersBuildPhase section */
		E70D115829BF9F2600B4E738 /* Headers */ = {
			isa = PBXHeadersBuildPhase;
			buildActionMask = 2147483647;
			files = (
				E70D116929BF9F8000B4E738 /* TypeDefinitions.h in Headers */,
				E70D116129BF9F2600B4E738 /* NativeAOTCodeGeneratorOutputSample.h in Headers */,
			);
			runOnlyForDeploymentPostprocessing = 0;
		};
/* End PBXHeadersBuildPhase section */

/* Begin PBXNativeTarget section */
		E70D115C29BF9F2600B4E738 /* NativeAOTCodeGeneratorOutputSample */ = {
			isa = PBXNativeTarget;
			buildConfigurationList = E70D116429BF9F2600B4E738 /* Build configuration list for PBXNativeTarget "NativeAOTCodeGeneratorOutputSample" */;
			buildPhases = (
				E736639229BFCA1300B6DEE2 /* Build .NET Library */,
				E70D115829BF9F2600B4E738 /* Headers */,
				E70D115929BF9F2600B4E738 /* Sources */,
				E70D115A29BF9F2600B4E738 /* Frameworks */,
				E70D115B29BF9F2600B4E738 /* Resources */,
				E736639429BFCB2600B6DEE2 /* Embed Libraries */,
			);
			buildRules = (
			);
			dependencies = (
			);
			name = NativeAOTCodeGeneratorOutputSample;
			productName = NativeAOTCodeGeneratorOutputSample;
			productReference = E70D115D29BF9F2600B4E738 /* NativeAOTCodeGeneratorOutputSample.framework */;
			productType = "com.apple.product-type.framework";
		};
		E70D117129BF9FEC00B4E738 /* NativeAOTCodeGeneratorOutputSampleTests */ = {
			isa = PBXNativeTarget;
			buildConfigurationList = E70D117929BF9FEC00B4E738 /* Build configuration list for PBXNativeTarget "NativeAOTCodeGeneratorOutputSampleTests" */;
			buildPhases = (
				E70D116E29BF9FEC00B4E738 /* Sources */,
				E70D116F29BF9FEC00B4E738 /* Frameworks */,
				E70D117029BF9FEC00B4E738 /* Resources */,
				E70D118029C0597200B4E738 /* Copy Libraries */,
			);
			buildRules = (
			);
			dependencies = (
				E70D117829BF9FEC00B4E738 /* PBXTargetDependency */,
			);
			name = NativeAOTCodeGeneratorOutputSampleTests;
			productName = NativeAOTCodeGeneratorOutputSampleTests;
			productReference = E70D117229BF9FEC00B4E738 /* NativeAOTCodeGeneratorOutputSampleTests.xctest */;
			productType = "com.apple.product-type.bundle.unit-test";
		};
/* End PBXNativeTarget section */

/* Begin PBXProject section */
		E70D115429BF9F2600B4E738 /* Project object */ = {
			isa = PBXProject;
			attributes = {
				BuildIndependentTargetsInParallel = 1;
				LastSwiftUpdateCheck = 1420;
				LastUpgradeCheck = 1430;
				TargetAttributes = {
					E70D115C29BF9F2600B4E738 = {
						CreatedOnToolsVersion = 14.2;
						LastSwiftMigration = 1420;
					};
					E70D117129BF9FEC00B4E738 = {
						CreatedOnToolsVersion = 14.2;
					};
				};
			};
			buildConfigurationList = E70D115729BF9F2600B4E738 /* Build configuration list for PBXProject "NativeAOTCodeGeneratorOutputSample" */;
			compatibilityVersion = "Xcode 14.0";
			developmentRegion = en;
			hasScannedForEncodings = 0;
			knownRegions = (
				en,
				Base,
			);
			mainGroup = E70D115329BF9F2600B4E738;
			productRefGroup = E70D115E29BF9F2600B4E738 /* Products */;
			projectDirPath = "";
			projectRoot = "";
			targets = (
				E70D115C29BF9F2600B4E738 /* NativeAOTCodeGeneratorOutputSample */,
				E70D117129BF9FEC00B4E738 /* NativeAOTCodeGeneratorOutputSampleTests */,
			);
		};
/* End PBXProject section */

/* Begin PBXResourcesBuildPhase section */
		E70D115B29BF9F2600B4E738 /* Resources */ = {
			isa = PBXResourcesBuildPhase;
			buildActionMask = 2147483647;
			files = (
			);
			runOnlyForDeploymentPostprocessing = 0;
		};
		E70D117029BF9FEC00B4E738 /* Resources */ = {
			isa = PBXResourcesBuildPhase;
			buildActionMask = 2147483647;
			files = (
			);
			runOnlyForDeploymentPostprocessing = 0;
		};
/* End PBXResourcesBuildPhase section */

/* Begin PBXShellScriptBuildPhase section */
		E736639229BFCA1300B6DEE2 /* Build .NET Library */ = {
			isa = PBXShellScriptBuildPhase;
			alwaysOutOfDate = 1;
			buildActionMask = 2147483647;
			files = (
			);
			inputFileListPaths = (
			);
			inputPaths = (
			);
			name = "Build .NET Library";
			outputFileListPaths = (
			);
			outputPaths = (
			);
			runOnlyForDeploymentPostprocessing = 0;
			shellPath = /bin/sh;
			shellScript = "set -e\n\n# Important: This variable is set by Xcode but messes with msbuild/dotnet publish \nTARGETNAME=\"\"\n\ncd \"${PROJECT_DIR}/../../\"\n\n./publish\n";
		};
/* End PBXShellScriptBuildPhase section */

/* Begin PBXSourcesBuildPhase section */
		E70D115929BF9F2600B4E738 /* Sources */ = {
			isa = PBXSourcesBuildPhase;
			buildActionMask = 2147483647;
			files = (
			);
			runOnlyForDeploymentPostprocessing = 0;
		};
		E70D116E29BF9FEC00B4E738 /* Sources */ = {
			isa = PBXSourcesBuildPhase;
			buildActionMask = 2147483647;
			files = (
				E7C8CF0F29C2180200C4230F /* AnimalTests.swift in Sources */,
				E746795C29DAE45000AF25C5 /* SystemConvertTests.swift in Sources */,
				E73EE8F629DAF09D00C57A71 /* SystemMathTests.swift in Sources */,
				E7F0CEB129C4B02D00E4C80A /* TransformerTests.swift in Sources */,
				E7C8CF0B29C1FE5800C4230F /* SystemArrayTests.swift in Sources */,
				E77A85B229DD7EF9000CA09E /* GenericTestsTests.swift in Sources */,
				E7575EBF29DDA90C00AE2EC6 /* SystemTextStringBuilderTests.swift in Sources */,
				E73EE8F829DB097900C57A71 /* SystemRandomTests.swift in Sources */,
				E70A1FAD29C3652100843CD0 /* SystemTypeTests.swift in Sources */,
				E7F4A49429CB676100D93D81 /* SystemExceptionTests.swift in Sources */,
				E7575EC129DDA98100AE2EC6 /* CString+Extensions.swift in Sources */,
				E779630029DC171E00E1E70B /* SystemRuntimeInteropServicesMarshalTests.swift in Sources */,
				E7C8CF0529C1FA9500C4230F /* SystemGuidTests.swift in Sources */,
				E7ED7A1829D35DF4008C96E0 /* SystemVersionTests.swift in Sources */,
				E7C8CF0929C1FB0800C4230F /* SystemDateTimeTests.swift in Sources */,
				E7ED7A1A29D445C8008C96E0 /* SystemActionTests.swift in Sources */,
				E73EE8F229DAEA0500C57A71 /* SystemThreadingThreadTest.swift in Sources */,
				E7F4A49629CB68FE00D93D81 /* SystemEnumTests.swift in Sources */,
				E7C8CF0729C1FABA00C4230F /* SystemStringTests.swift in Sources */,
				E7EB338629C8879100392F3D /* AddressTests.swift in Sources */,
				E748372429DC640A00FE2AE6 /* SystemDecimalTests.swift in Sources */,
				E7F4A49229CB5F2A00D93D81 /* SystemObjectTests.swift in Sources */,
				E779630229DC54E300E1E70B /* SystemThreadingTasksTests.swift in Sources */,
				E73EE8FC29DB12A300C57A71 /* SystemReflectionAssemblyTests.swift in Sources */,
				E7C8CF0D29C2139B00C4230F /* PersonTests.swift in Sources */,
				E73EE8F429DAEC1A00C57A71 /* SystemThreadingTimerTest.swift in Sources */,
				E720932029CE188E0071B5B3 /* NativeBox.swift in Sources */,
				E70D117D29BFA01300B4E738 /* TestClassesTests.swift in Sources */,
				E73EE90029DB194F00C57A71 /* SystemSecuritySecureStringTests.swift in Sources */,
				E73EE8FA29DB0B3600C57A71 /* SystemIOPathTests.swift in Sources */,
			);
			runOnlyForDeploymentPostprocessing = 0;
		};
/* End PBXSourcesBuildPhase section */

/* Begin PBXTargetDependency section */
		E70D117829BF9FEC00B4E738 /* PBXTargetDependency */ = {
			isa = PBXTargetDependency;
			target = E70D115C29BF9F2600B4E738 /* NativeAOTCodeGeneratorOutputSample */;
			targetProxy = E70D117729BF9FEC00B4E738 /* PBXContainerItemProxy */;
		};
/* End PBXTargetDependency section */

/* Begin XCBuildConfiguration section */
		E70D116229BF9F2600B4E738 /* Debug */ = {
			isa = XCBuildConfiguration;
			buildSettings = {
				ALWAYS_SEARCH_USER_PATHS = NO;
				CLANG_ANALYZER_NONNULL = YES;
				CLANG_ANALYZER_NUMBER_OBJECT_CONVERSION = YES_AGGRESSIVE;
				CLANG_CXX_LANGUAGE_STANDARD = "gnu++20";
				CLANG_ENABLE_MODULES = YES;
				CLANG_ENABLE_OBJC_ARC = YES;
				CLANG_ENABLE_OBJC_WEAK = YES;
				CLANG_WARN_BLOCK_CAPTURE_AUTORELEASING = YES;
				CLANG_WARN_BOOL_CONVERSION = YES;
				CLANG_WARN_COMMA = YES;
				CLANG_WARN_CONSTANT_CONVERSION = YES;
				CLANG_WARN_DEPRECATED_OBJC_IMPLEMENTATIONS = YES;
				CLANG_WARN_DIRECT_OBJC_ISA_USAGE = YES_ERROR;
				CLANG_WARN_DOCUMENTATION_COMMENTS = YES;
				CLANG_WARN_EMPTY_BODY = YES;
				CLANG_WARN_ENUM_CONVERSION = YES;
				CLANG_WARN_INFINITE_RECURSION = YES;
				CLANG_WARN_INT_CONVERSION = YES;
				CLANG_WARN_NON_LITERAL_NULL_CONVERSION = YES;
				CLANG_WARN_OBJC_IMPLICIT_RETAIN_SELF = YES;
				CLANG_WARN_OBJC_LITERAL_CONVERSION = YES;
				CLANG_WARN_OBJC_ROOT_CLASS = YES_ERROR;
				CLANG_WARN_QUOTED_INCLUDE_IN_FRAMEWORK_HEADER = YES;
				CLANG_WARN_RANGE_LOOP_ANALYSIS = YES;
				CLANG_WARN_STRICT_PROTOTYPES = YES;
				CLANG_WARN_SUSPICIOUS_MOVE = YES;
				CLANG_WARN_UNGUARDED_AVAILABILITY = YES_AGGRESSIVE;
				CLANG_WARN_UNREACHABLE_CODE = YES;
				CLANG_WARN__DUPLICATE_METHOD_MATCH = YES;
				COPY_PHASE_STRIP = NO;
				CURRENT_PROJECT_VERSION = 1;
				DEAD_CODE_STRIPPING = YES;
				DEBUG_INFORMATION_FORMAT = dwarf;
				ENABLE_STRICT_OBJC_MSGSEND = YES;
				ENABLE_TESTABILITY = YES;
				GCC_C_LANGUAGE_STANDARD = gnu11;
				GCC_DYNAMIC_NO_PIC = NO;
				GCC_NO_COMMON_BLOCKS = YES;
				GCC_OPTIMIZATION_LEVEL = 0;
				GCC_PREPROCESSOR_DEFINITIONS = (
					"DEBUG=1",
					"$(inherited)",
				);
				GCC_WARN_64_TO_32_BIT_CONVERSION = YES;
				GCC_WARN_ABOUT_RETURN_TYPE = YES_ERROR;
				GCC_WARN_UNDECLARED_SELECTOR = YES;
				GCC_WARN_UNINITIALIZED_AUTOS = YES_AGGRESSIVE;
				GCC_WARN_UNUSED_FUNCTION = YES;
				GCC_WARN_UNUSED_VARIABLE = YES;
				MACOSX_DEPLOYMENT_TARGET = 13.1;
				MTL_ENABLE_DEBUG_INFO = INCLUDE_SOURCE;
				MTL_FAST_MATH = YES;
				ONLY_ACTIVE_ARCH = YES;
				SDKROOT = macosx;
				SWIFT_ACTIVE_COMPILATION_CONDITIONS = DEBUG;
				SWIFT_OPTIMIZATION_LEVEL = "-Onone";
				VERSIONING_SYSTEM = "apple-generic";
				VERSION_INFO_PREFIX = "";
			};
			name = Debug;
		};
		E70D116329BF9F2600B4E738 /* Release */ = {
			isa = XCBuildConfiguration;
			buildSettings = {
				ALWAYS_SEARCH_USER_PATHS = NO;
				CLANG_ANALYZER_NONNULL = YES;
				CLANG_ANALYZER_NUMBER_OBJECT_CONVERSION = YES_AGGRESSIVE;
				CLANG_CXX_LANGUAGE_STANDARD = "gnu++20";
				CLANG_ENABLE_MODULES = YES;
				CLANG_ENABLE_OBJC_ARC = YES;
				CLANG_ENABLE_OBJC_WEAK = YES;
				CLANG_WARN_BLOCK_CAPTURE_AUTORELEASING = YES;
				CLANG_WARN_BOOL_CONVERSION = YES;
				CLANG_WARN_COMMA = YES;
				CLANG_WARN_CONSTANT_CONVERSION = YES;
				CLANG_WARN_DEPRECATED_OBJC_IMPLEMENTATIONS = YES;
				CLANG_WARN_DIRECT_OBJC_ISA_USAGE = YES_ERROR;
				CLANG_WARN_DOCUMENTATION_COMMENTS = YES;
				CLANG_WARN_EMPTY_BODY = YES;
				CLANG_WARN_ENUM_CONVERSION = YES;
				CLANG_WARN_INFINITE_RECURSION = YES;
				CLANG_WARN_INT_CONVERSION = YES;
				CLANG_WARN_NON_LITERAL_NULL_CONVERSION = YES;
				CLANG_WARN_OBJC_IMPLICIT_RETAIN_SELF = YES;
				CLANG_WARN_OBJC_LITERAL_CONVERSION = YES;
				CLANG_WARN_OBJC_ROOT_CLASS = YES_ERROR;
				CLANG_WARN_QUOTED_INCLUDE_IN_FRAMEWORK_HEADER = YES;
				CLANG_WARN_RANGE_LOOP_ANALYSIS = YES;
				CLANG_WARN_STRICT_PROTOTYPES = YES;
				CLANG_WARN_SUSPICIOUS_MOVE = YES;
				CLANG_WARN_UNGUARDED_AVAILABILITY = YES_AGGRESSIVE;
				CLANG_WARN_UNREACHABLE_CODE = YES;
				CLANG_WARN__DUPLICATE_METHOD_MATCH = YES;
				COPY_PHASE_STRIP = NO;
				CURRENT_PROJECT_VERSION = 1;
				DEAD_CODE_STRIPPING = YES;
				DEBUG_INFORMATION_FORMAT = "dwarf-with-dsym";
				ENABLE_NS_ASSERTIONS = NO;
				ENABLE_STRICT_OBJC_MSGSEND = YES;
				GCC_C_LANGUAGE_STANDARD = gnu11;
				GCC_NO_COMMON_BLOCKS = YES;
				GCC_WARN_64_TO_32_BIT_CONVERSION = YES;
				GCC_WARN_ABOUT_RETURN_TYPE = YES_ERROR;
				GCC_WARN_UNDECLARED_SELECTOR = YES;
				GCC_WARN_UNINITIALIZED_AUTOS = YES_AGGRESSIVE;
				GCC_WARN_UNUSED_FUNCTION = YES;
				GCC_WARN_UNUSED_VARIABLE = YES;
				MACOSX_DEPLOYMENT_TARGET = 13.1;
				MTL_ENABLE_DEBUG_INFO = NO;
				MTL_FAST_MATH = YES;
				SDKROOT = macosx;
				SWIFT_COMPILATION_MODE = wholemodule;
				SWIFT_OPTIMIZATION_LEVEL = "-O";
				VERSIONING_SYSTEM = "apple-generic";
				VERSION_INFO_PREFIX = "";
			};
			name = Release;
		};
		E70D116529BF9F2600B4E738 /* Debug */ = {
			isa = XCBuildConfiguration;
			buildSettings = {
				CLANG_ENABLE_MODULES = YES;
				CODE_SIGN_IDENTITY = "";
				CODE_SIGN_STYLE = Automatic;
				COMBINE_HIDPI_IMAGES = YES;
				CURRENT_PROJECT_VERSION = 1;
				DEAD_CODE_STRIPPING = YES;
				DEFINES_MODULE = YES;
				DEVELOPMENT_TEAM = VXP8K9EDP6;
				DYLIB_COMPATIBILITY_VERSION = 1;
				DYLIB_CURRENT_VERSION = 1;
				DYLIB_INSTALL_NAME_BASE = "@rpath";
				ENABLE_MODULE_VERIFIER = YES;
				GENERATE_INFOPLIST_FILE = YES;
				INFOPLIST_KEY_NSHumanReadableCopyright = "";
				INSTALL_PATH = "$(LOCAL_LIBRARY_DIR)/Frameworks";
				LD_RUNPATH_SEARCH_PATHS = (
					"$(inherited)",
					"@executable_path/../Frameworks",
					"@loader_path/Frameworks",
				);
				LIBRARY_SEARCH_PATHS = (
					"$(inherited)",
					"$(PROJECT_DIR)",
				);
				MARKETING_VERSION = 1.0;
				MODULE_VERIFIER_SUPPORTED_LANGUAGES = "objective-c objective-c++";
				MODULE_VERIFIER_SUPPORTED_LANGUAGE_STANDARDS = "gnu11 gnu++20";
				PRODUCT_BUNDLE_IDENTIFIER = com.royalapps.NativeAOTCodeGeneratorOutputSample;
				PRODUCT_NAME = "$(TARGET_NAME:c99extidentifier)";
				SKIP_INSTALL = YES;
				SWIFT_EMIT_LOC_STRINGS = YES;
				SWIFT_OPTIMIZATION_LEVEL = "-Onone";
				SWIFT_VERSION = 5.0;
			};
			name = Debug;
		};
		E70D116629BF9F2600B4E738 /* Release */ = {
			isa = XCBuildConfiguration;
			buildSettings = {
				CLANG_ENABLE_MODULES = YES;
				CODE_SIGN_IDENTITY = "";
				CODE_SIGN_STYLE = Automatic;
				COMBINE_HIDPI_IMAGES = YES;
				CURRENT_PROJECT_VERSION = 1;
				DEAD_CODE_STRIPPING = YES;
				DEFINES_MODULE = YES;
				DEVELOPMENT_TEAM = VXP8K9EDP6;
				DYLIB_COMPATIBILITY_VERSION = 1;
				DYLIB_CURRENT_VERSION = 1;
				DYLIB_INSTALL_NAME_BASE = "@rpath";
				ENABLE_MODULE_VERIFIER = YES;
				GENERATE_INFOPLIST_FILE = YES;
				INFOPLIST_KEY_NSHumanReadableCopyright = "";
				INSTALL_PATH = "$(LOCAL_LIBRARY_DIR)/Frameworks";
				LD_RUNPATH_SEARCH_PATHS = (
					"$(inherited)",
					"@executable_path/../Frameworks",
					"@loader_path/Frameworks",
				);
				LIBRARY_SEARCH_PATHS = (
					"$(inherited)",
					"$(PROJECT_DIR)",
				);
				MARKETING_VERSION = 1.0;
				MODULE_VERIFIER_SUPPORTED_LANGUAGES = "objective-c objective-c++";
				MODULE_VERIFIER_SUPPORTED_LANGUAGE_STANDARDS = "gnu11 gnu++20";
				PRODUCT_BUNDLE_IDENTIFIER = com.royalapps.NativeAOTCodeGeneratorOutputSample;
				PRODUCT_NAME = "$(TARGET_NAME:c99extidentifier)";
				SKIP_INSTALL = YES;
				SWIFT_EMIT_LOC_STRINGS = YES;
				SWIFT_VERSION = 5.0;
			};
			name = Release;
		};
		E70D117A29BF9FEC00B4E738 /* Debug */ = {
			isa = XCBuildConfiguration;
			buildSettings = {
				CODE_SIGN_STYLE = Automatic;
				CURRENT_PROJECT_VERSION = 1;
				DEAD_CODE_STRIPPING = YES;
				DEVELOPMENT_TEAM = VXP8K9EDP6;
				GENERATE_INFOPLIST_FILE = YES;
				LIBRARY_SEARCH_PATHS = (
					"$(inherited)",
					"$(PROJECT_DIR)",
				);
				MARKETING_VERSION = 1.0;
				PRODUCT_BUNDLE_IDENTIFIER = com.royalapps.NativeAOTCodeGeneratorOutputSampleTests;
				PRODUCT_NAME = "$(TARGET_NAME)";
				SWIFT_EMIT_LOC_STRINGS = NO;
				SWIFT_VERSION = 5.0;
			};
			name = Debug;
		};
		E70D117B29BF9FEC00B4E738 /* Release */ = {
			isa = XCBuildConfiguration;
			buildSettings = {
				CODE_SIGN_STYLE = Automatic;
				CURRENT_PROJECT_VERSION = 1;
				DEAD_CODE_STRIPPING = YES;
				DEVELOPMENT_TEAM = VXP8K9EDP6;
				GENERATE_INFOPLIST_FILE = YES;
				LIBRARY_SEARCH_PATHS = (
					"$(inherited)",
					"$(PROJECT_DIR)",
				);
				MARKETING_VERSION = 1.0;
				PRODUCT_BUNDLE_IDENTIFIER = com.royalapps.NativeAOTCodeGeneratorOutputSampleTests;
				PRODUCT_NAME = "$(TARGET_NAME)";
				SWIFT_EMIT_LOC_STRINGS = NO;
				SWIFT_VERSION = 5.0;
			};
			name = Release;
		};
/* End XCBuildConfiguration section */

/* Begin XCConfigurationList section */
		E70D115729BF9F2600B4E738 /* Build configuration list for PBXProject "NativeAOTCodeGeneratorOutputSample" */ = {
			isa = XCConfigurationList;
			buildConfigurations = (
				E70D116229BF9F2600B4E738 /* Debug */,
				E70D116329BF9F2600B4E738 /* Release */,
			);
			defaultConfigurationIsVisible = 0;
			defaultConfigurationName = Release;
		};
		E70D116429BF9F2600B4E738 /* Build configuration list for PBXNativeTarget "NativeAOTCodeGeneratorOutputSample" */ = {
			isa = XCConfigurationList;
			buildConfigurations = (
				E70D116529BF9F2600B4E738 /* Debug */,
				E70D116629BF9F2600B4E738 /* Release */,
			);
			defaultConfigurationIsVisible = 0;
			defaultConfigurationName = Release;
		};
		E70D117929BF9FEC00B4E738 /* Build configuration list for PBXNativeTarget "NativeAOTCodeGeneratorOutputSampleTests" */ = {
			isa = XCConfigurationList;
			buildConfigurations = (
				E70D117A29BF9FEC00B4E738 /* Debug */,
				E70D117B29BF9FEC00B4E738 /* Release */,
			);
			defaultConfigurationIsVisible = 0;
			defaultConfigurationName = Release;
		};
/* End XCConfigurationList section */
	};
	rootObject = E70D115429BF9F2600B4E738 /* Project object */;
}
