// !$*UTF8*$!
{
	archiveVersion = 1;
	classes = {
	};
	objectVersion = 56;
	objects = {

/* Begin PBXBuildFile section */
		E70D116129BF9F2600B4E738 /* NativeAOTCodeGeneratorOutputSample.h in Headers */ = {isa = PBXBuildFile; fileRef = E70D116029BF9F2600B4E738 /* NativeAOTCodeGeneratorOutputSample.h */; settings = {ATTRIBUTES = (Public, ); }; };
		E70D116929BF9F8000B4E738 /* TypeDefinitions.h in Headers */ = {isa = PBXBuildFile; fileRef = E70D116829BF9F7E00B4E738 /* TypeDefinitions.h */; settings = {ATTRIBUTES = (Public, ); }; };
		E70D116B29BF9FCD00B4E738 /* NativeAOT.CodeGeneratorOutputSample.dylib in Frameworks */ = {isa = PBXBuildFile; fileRef = E70D116A29BF9FCC00B4E738 /* NativeAOT.CodeGeneratorOutputSample.dylib */; };
		E70D117629BF9FEC00B4E738 /* NativeAOTCodeGeneratorOutputSample.framework in Frameworks */ = {isa = PBXBuildFile; fileRef = E70D115D29BF9F2600B4E738 /* NativeAOTCodeGeneratorOutputSample.framework */; };
		E70D117D29BFA01300B4E738 /* TestClassesTests.swift in Sources */ = {isa = PBXBuildFile; fileRef = E70D117429BF9FEC00B4E738 /* TestClassesTests.swift */; };
		E70D117F29C0593C00B4E738 /* NativeAOT.CodeGeneratorOutputSample.dylib in Copy Libraries */ = {isa = PBXBuildFile; fileRef = E70D116A29BF9FCC00B4E738 /* NativeAOT.CodeGeneratorOutputSample.dylib */; settings = {ATTRIBUTES = (CodeSignOnCopy, ); }; };
		E70D118129C0598F00B4E738 /* NativeAOT.CodeGeneratorOutputSample.dylib in Frameworks */ = {isa = PBXBuildFile; fileRef = E70D116A29BF9FCC00B4E738 /* NativeAOT.CodeGeneratorOutputSample.dylib */; };
		E736639329BFCB2600B6DEE2 /* NativeAOT.CodeGeneratorOutputSample.dylib in Embed Libraries */ = {isa = PBXBuildFile; fileRef = E70D116A29BF9FCC00B4E738 /* NativeAOT.CodeGeneratorOutputSample.dylib */; settings = {ATTRIBUTES = (CodeSignOnCopy, ); }; };
		E7C8CF0529C1FA9500C4230F /* SystemGuidTests.swift in Sources */ = {isa = PBXBuildFile; fileRef = E7C8CF0429C1FA9500C4230F /* SystemGuidTests.swift */; };
		E7C8CF0729C1FABA00C4230F /* StringTests.swift in Sources */ = {isa = PBXBuildFile; fileRef = E7C8CF0629C1FABA00C4230F /* StringTests.swift */; };
		E7C8CF0929C1FB0800C4230F /* SystemDateTimeTests.swift in Sources */ = {isa = PBXBuildFile; fileRef = E7C8CF0829C1FB0800C4230F /* SystemDateTimeTests.swift */; };
		E7C8CF0B29C1FE5800C4230F /* SystemArrayTests.swift in Sources */ = {isa = PBXBuildFile; fileRef = E7C8CF0A29C1FE5800C4230F /* SystemArrayTests.swift */; };
		E7C8CF0D29C2139B00C4230F /* PersonTests.swift in Sources */ = {isa = PBXBuildFile; fileRef = E7C8CF0C29C2139B00C4230F /* PersonTests.swift */; };
		E7C8CF0F29C2180200C4230F /* AnimalTests.swift in Sources */ = {isa = PBXBuildFile; fileRef = E7C8CF0E29C2180200C4230F /* AnimalTests.swift */; };
/* End PBXBuildFile section */

/* Begin PBXContainerItemProxy section */
		E70D117729BF9FEC00B4E738 /* PBXContainerItemProxy */ = {
			isa = PBXContainerItemProxy;
			containerPortal = E70D115429BF9F2600B4E738 /* Project object */;
			proxyType = 1;
			remoteGlobalIDString = E70D115C29BF9F2600B4E738;
			remoteInfo = NativeAOTCodeGeneratorOutputSample;
		};
/* End PBXContainerItemProxy section */

/* Begin PBXCopyFilesBuildPhase section */
		E70D118029C0597200B4E738 /* Copy Libraries */ = {
			isa = PBXCopyFilesBuildPhase;
			buildActionMask = 2147483647;
			dstPath = "";
			dstSubfolderSpec = 10;
			files = (
				E70D117F29C0593C00B4E738 /* NativeAOT.CodeGeneratorOutputSample.dylib in Copy Libraries */,
			);
			name = "Copy Libraries";
			runOnlyForDeploymentPostprocessing = 0;
		};
		E736639429BFCB2600B6DEE2 /* Embed Libraries */ = {
			isa = PBXCopyFilesBuildPhase;
			buildActionMask = 2147483647;
			dstPath = "";
			dstSubfolderSpec = 10;
			files = (
				E736639329BFCB2600B6DEE2 /* NativeAOT.CodeGeneratorOutputSample.dylib in Embed Libraries */,
			);
			name = "Embed Libraries";
			runOnlyForDeploymentPostprocessing = 0;
		};
/* End PBXCopyFilesBuildPhase section */

/* Begin PBXFileReference section */
		E70D115D29BF9F2600B4E738 /* NativeAOTCodeGeneratorOutputSample.framework */ = {isa = PBXFileReference; explicitFileType = wrapper.framework; includeInIndex = 0; path = NativeAOTCodeGeneratorOutputSample.framework; sourceTree = BUILT_PRODUCTS_DIR; };
		E70D116029BF9F2600B4E738 /* NativeAOTCodeGeneratorOutputSample.h */ = {isa = PBXFileReference; lastKnownFileType = sourcecode.c.h; path = NativeAOTCodeGeneratorOutputSample.h; sourceTree = "<group>"; };
		E70D116829BF9F7E00B4E738 /* TypeDefinitions.h */ = {isa = PBXFileReference; lastKnownFileType = sourcecode.c.h; path = TypeDefinitions.h; sourceTree = "<group>"; };
		E70D116A29BF9FCC00B4E738 /* NativeAOT.CodeGeneratorOutputSample.dylib */ = {isa = PBXFileReference; lastKnownFileType = "compiled.mach-o.dylib"; path = NativeAOT.CodeGeneratorOutputSample.dylib; sourceTree = "<group>"; };
		E70D117229BF9FEC00B4E738 /* NativeAOTCodeGeneratorOutputSampleTests.xctest */ = {isa = PBXFileReference; explicitFileType = wrapper.cfbundle; includeInIndex = 0; path = NativeAOTCodeGeneratorOutputSampleTests.xctest; sourceTree = BUILT_PRODUCTS_DIR; };
		E70D117429BF9FEC00B4E738 /* TestClassesTests.swift */ = {isa = PBXFileReference; lastKnownFileType = sourcecode.swift; path = TestClassesTests.swift; sourceTree = "<group>"; };
		E7C8CF0429C1FA9500C4230F /* SystemGuidTests.swift */ = {isa = PBXFileReference; lastKnownFileType = sourcecode.swift; path = SystemGuidTests.swift; sourceTree = "<group>"; };
		E7C8CF0629C1FABA00C4230F /* StringTests.swift */ = {isa = PBXFileReference; lastKnownFileType = sourcecode.swift; path = StringTests.swift; sourceTree = "<group>"; };
		E7C8CF0829C1FB0800C4230F /* SystemDateTimeTests.swift */ = {isa = PBXFileReference; lastKnownFileType = sourcecode.swift; path = SystemDateTimeTests.swift; sourceTree = "<group>"; };
		E7C8CF0A29C1FE5800C4230F /* SystemArrayTests.swift */ = {isa = PBXFileReference; lastKnownFileType = sourcecode.swift; path = SystemArrayTests.swift; sourceTree = "<group>"; };
		E7C8CF0C29C2139B00C4230F /* PersonTests.swift */ = {isa = PBXFileReference; lastKnownFileType = sourcecode.swift; path = PersonTests.swift; sourceTree = "<group>"; };
		E7C8CF0E29C2180200C4230F /* AnimalTests.swift */ = {isa = PBXFileReference; lastKnownFileType = sourcecode.swift; path = AnimalTests.swift; sourceTree = "<group>"; };
/* End PBXFileReference section */

/* Begin PBXFrameworksBuildPhase section */
		E70D115A29BF9F2600B4E738 /* Frameworks */ = {
			isa = PBXFrameworksBuildPhase;
			buildActionMask = 2147483647;
			files = (
				E70D116B29BF9FCD00B4E738 /* NativeAOT.CodeGeneratorOutputSample.dylib in Frameworks */,
			);
			runOnlyForDeploymentPostprocessing = 0;
		};
		E70D116F29BF9FEC00B4E738 /* Frameworks */ = {
			isa = PBXFrameworksBuildPhase;
			buildActionMask = 2147483647;
			files = (
				E70D117629BF9FEC00B4E738 /* NativeAOTCodeGeneratorOutputSample.framework in Frameworks */,
				E70D118129C0598F00B4E738 /* NativeAOT.CodeGeneratorOutputSample.dylib in Frameworks */,
			);
			runOnlyForDeploymentPostprocessing = 0;
		};
/* End PBXFrameworksBuildPhase section */

/* Begin PBXGroup section */
		E70D115329BF9F2600B4E738 = {
			isa = PBXGroup;
			children = (
				E70D116A29BF9FCC00B4E738 /* NativeAOT.CodeGeneratorOutputSample.dylib */,
				E70D115F29BF9F2600B4E738 /* Source */,
				E70D115E29BF9F2600B4E738 /* Products */,
				E70D117E29C0593C00B4E738 /* Frameworks */,
			);
			sourceTree = "<group>";
		};
		E70D115E29BF9F2600B4E738 /* Products */ = {
			isa = PBXGroup;
			children = (
				E70D115D29BF9F2600B4E738 /* NativeAOTCodeGeneratorOutputSample.framework */,
				E70D117229BF9FEC00B4E738 /* NativeAOTCodeGeneratorOutputSampleTests.xctest */,
			);
			name = Products;
			sourceTree = "<group>";
		};
		E70D115F29BF9F2600B4E738 /* Source */ = {
			isa = PBXGroup;
			children = (
				E7C8CF0129C1FA6C00C4230F /* Tests */,
				E70D116829BF9F7E00B4E738 /* TypeDefinitions.h */,
				E70D116029BF9F2600B4E738 /* NativeAOTCodeGeneratorOutputSample.h */,
			);
			path = Source;
			sourceTree = "<group>";
		};
		E70D117E29C0593C00B4E738 /* Frameworks */ = {
			isa = PBXGroup;
			children = (
			);
			name = Frameworks;
			sourceTree = "<group>";
		};
		E7C8CF0129C1FA6C00C4230F /* Tests */ = {
			isa = PBXGroup;
			children = (
				E7C8CF0229C1FA7800C4230F /* System */,
				E7C8CF0329C1FA7B00C4230F /* TestClasses */,
			);
			path = Tests;
			sourceTree = "<group>";
		};
		E7C8CF0229C1FA7800C4230F /* System */ = {
			isa = PBXGroup;
			children = (
				E7C8CF0429C1FA9500C4230F /* SystemGuidTests.swift */,
				E7C8CF0629C1FABA00C4230F /* StringTests.swift */,
				E7C8CF0829C1FB0800C4230F /* SystemDateTimeTests.swift */,
				E7C8CF0A29C1FE5800C4230F /* SystemArrayTests.swift */,
			);
			path = System;
			sourceTree = "<group>";
		};
		E7C8CF0329C1FA7B00C4230F /* TestClasses */ = {
			isa = PBXGroup;
			children = (
				E70D117429BF9FEC00B4E738 /* TestClassesTests.swift */,
				E7C8CF0C29C2139B00C4230F /* PersonTests.swift */,
				E7C8CF0E29C2180200C4230F /* AnimalTests.swift */,
			);
			path = TestClasses;
			sourceTree = "<group>";
		};
/* End PBXGroup section */

/* Begin PBXHeadersBuildPhase section */
		E70D115829BF9F2600B4E738 /* Headers */ = {
			isa = PBXHeadersBuildPhase;
			buildActionMask = 2147483647;
			files = (
				E70D116929BF9F8000B4E738 /* TypeDefinitions.h in Headers */,
				E70D116129BF9F2600B4E738 /* NativeAOTCodeGeneratorOutputSample.h in Headers */,
			);
			runOnlyForDeploymentPostprocessing = 0;
		};
/* End PBXHeadersBuildPhase section */

/* Begin PBXNativeTarget section */
		E70D115C29BF9F2600B4E738 /* NativeAOTCodeGeneratorOutputSample */ = {
			isa = PBXNativeTarget;
			buildConfigurationList = E70D116429BF9F2600B4E738 /* Build configuration list for PBXNativeTarget "NativeAOTCodeGeneratorOutputSample" */;
			buildPhases = (
				E736639229BFCA1300B6DEE2 /* Build .NET Library */,
				E70D115829BF9F2600B4E738 /* Headers */,
				E70D115929BF9F2600B4E738 /* Sources */,
				E70D115A29BF9F2600B4E738 /* Frameworks */,
				E70D115B29BF9F2600B4E738 /* Resources */,
				E736639429BFCB2600B6DEE2 /* Embed Libraries */,
			);
			buildRules = (
			);
			dependencies = (
			);
			name = NativeAOTCodeGeneratorOutputSample;
			productName = NativeAOTCodeGeneratorOutputSample;
			productReference = E70D115D29BF9F2600B4E738 /* NativeAOTCodeGeneratorOutputSample.framework */;
			productType = "com.apple.product-type.framework";
		};
		E70D117129BF9FEC00B4E738 /* NativeAOTCodeGeneratorOutputSampleTests */ = {
			isa = PBXNativeTarget;
			buildConfigurationList = E70D117929BF9FEC00B4E738 /* Build configuration list for PBXNativeTarget "NativeAOTCodeGeneratorOutputSampleTests" */;
			buildPhases = (
				E70D116E29BF9FEC00B4E738 /* Sources */,
				E70D116F29BF9FEC00B4E738 /* Frameworks */,
				E70D117029BF9FEC00B4E738 /* Resources */,
				E70D118029C0597200B4E738 /* Copy Libraries */,
			);
			buildRules = (
			);
			dependencies = (
				E70D117829BF9FEC00B4E738 /* PBXTargetDependency */,
			);
			name = NativeAOTCodeGeneratorOutputSampleTests;
			productName = NativeAOTCodeGeneratorOutputSampleTests;
			productReference = E70D117229BF9FEC00B4E738 /* NativeAOTCodeGeneratorOutputSampleTests.xctest */;
			productType = "com.apple.product-type.bundle.unit-test";
		};
/* End PBXNativeTarget section */

/* Begin PBXProject section */
		E70D115429BF9F2600B4E738 /* Project object */ = {
			isa = PBXProject;
			attributes = {
				BuildIndependentTargetsInParallel = 1;
				LastSwiftUpdateCheck = 1420;
				LastUpgradeCheck = 1420;
				TargetAttributes = {
					E70D115C29BF9F2600B4E738 = {
						CreatedOnToolsVersion = 14.2;
						LastSwiftMigration = 1420;
					};
					E70D117129BF9FEC00B4E738 = {
						CreatedOnToolsVersion = 14.2;
					};
				};
			};
			buildConfigurationList = E70D115729BF9F2600B4E738 /* Build configuration list for PBXProject "NativeAOTCodeGeneratorOutputSample" */;
			compatibilityVersion = "Xcode 14.0";
			developmentRegion = en;
			hasScannedForEncodings = 0;
			knownRegions = (
				en,
				Base,
			);
			mainGroup = E70D115329BF9F2600B4E738;
			productRefGroup = E70D115E29BF9F2600B4E738 /* Products */;
			projectDirPath = "";
			projectRoot = "";
			targets = (
				E70D115C29BF9F2600B4E738 /* NativeAOTCodeGeneratorOutputSample */,
				E70D117129BF9FEC00B4E738 /* NativeAOTCodeGeneratorOutputSampleTests */,
			);
		};
/* End PBXProject section */

/* Begin PBXResourcesBuildPhase section */
		E70D115B29BF9F2600B4E738 /* Resources */ = {
			isa = PBXResourcesBuildPhase;
			buildActionMask = 2147483647;
			files = (
			);
			runOnlyForDeploymentPostprocessing = 0;
		};
		E70D117029BF9FEC00B4E738 /* Resources */ = {
			isa = PBXResourcesBuildPhase;
			buildActionMask = 2147483647;
			files = (
			);
			runOnlyForDeploymentPostprocessing = 0;
		};
/* End PBXResourcesBuildPhase section */

/* Begin PBXShellScriptBuildPhase section */
		E736639229BFCA1300B6DEE2 /* Build .NET Library */ = {
			isa = PBXShellScriptBuildPhase;
			alwaysOutOfDate = 1;
			buildActionMask = 2147483647;
			files = (
			);
			inputFileListPaths = (
			);
			inputPaths = (
			);
			name = "Build .NET Library";
			outputFileListPaths = (
			);
			outputPaths = (
			);
			runOnlyForDeploymentPostprocessing = 0;
			shellPath = /bin/sh;
			shellScript = "set -e\n\n# Important: This variable is set by Xcode but messes with msbuild/dotnet publish \nTARGETNAME=\"\"\n\ncd \"${PROJECT_DIR}/../../\"\n\n./publish\n";
		};
/* End PBXShellScriptBuildPhase section */

/* Begin PBXSourcesBuildPhase section */
		E70D115929BF9F2600B4E738 /* Sources */ = {
			isa = PBXSourcesBuildPhase;
			buildActionMask = 2147483647;
			files = (
			);
			runOnlyForDeploymentPostprocessing = 0;
		};
		E70D116E29BF9FEC00B4E738 /* Sources */ = {
			isa = PBXSourcesBuildPhase;
			buildActionMask = 2147483647;
			files = (
				E7C8CF0F29C2180200C4230F /* AnimalTests.swift in Sources */,
				E7C8CF0B29C1FE5800C4230F /* SystemArrayTests.swift in Sources */,
				E7C8CF0529C1FA9500C4230F /* SystemGuidTests.swift in Sources */,
				E7C8CF0929C1FB0800C4230F /* SystemDateTimeTests.swift in Sources */,
				E7C8CF0729C1FABA00C4230F /* StringTests.swift in Sources */,
				E7C8CF0D29C2139B00C4230F /* PersonTests.swift in Sources */,
				E70D117D29BFA01300B4E738 /* TestClassesTests.swift in Sources */,
			);
			runOnlyForDeploymentPostprocessing = 0;
		};
/* End PBXSourcesBuildPhase section */

/* Begin PBXTargetDependency section */
		E70D117829BF9FEC00B4E738 /* PBXTargetDependency */ = {
			isa = PBXTargetDependency;
			target = E70D115C29BF9F2600B4E738 /* NativeAOTCodeGeneratorOutputSample */;
			targetProxy = E70D117729BF9FEC00B4E738 /* PBXContainerItemProxy */;
		};
/* End PBXTargetDependency section */

/* Begin XCBuildConfiguration section */
		E70D116229BF9F2600B4E738 /* Debug */ = {
			isa = XCBuildConfiguration;
			buildSettings = {
				ALWAYS_SEARCH_USER_PATHS = NO;
				CLANG_ANALYZER_NONNULL = YES;
				CLANG_ANALYZER_NUMBER_OBJECT_CONVERSION = YES_AGGRESSIVE;
				CLANG_CXX_LANGUAGE_STANDARD = "gnu++20";
				CLANG_ENABLE_MODULES = YES;
				CLANG_ENABLE_OBJC_ARC = YES;
				CLANG_ENABLE_OBJC_WEAK = YES;
				CLANG_WARN_BLOCK_CAPTURE_AUTORELEASING = YES;
				CLANG_WARN_BOOL_CONVERSION = YES;
				CLANG_WARN_COMMA = YES;
				CLANG_WARN_CONSTANT_CONVERSION = YES;
				CLANG_WARN_DEPRECATED_OBJC_IMPLEMENTATIONS = YES;
				CLANG_WARN_DIRECT_OBJC_ISA_USAGE = YES_ERROR;
				CLANG_WARN_DOCUMENTATION_COMMENTS = YES;
				CLANG_WARN_EMPTY_BODY = YES;
				CLANG_WARN_ENUM_CONVERSION = YES;
				CLANG_WARN_INFINITE_RECURSION = YES;
				CLANG_WARN_INT_CONVERSION = YES;
				CLANG_WARN_NON_LITERAL_NULL_CONVERSION = YES;
				CLANG_WARN_OBJC_IMPLICIT_RETAIN_SELF = YES;
				CLANG_WARN_OBJC_LITERAL_CONVERSION = YES;
				CLANG_WARN_OBJC_ROOT_CLASS = YES_ERROR;
				CLANG_WARN_QUOTED_INCLUDE_IN_FRAMEWORK_HEADER = YES;
				CLANG_WARN_RANGE_LOOP_ANALYSIS = YES;
				CLANG_WARN_STRICT_PROTOTYPES = YES;
				CLANG_WARN_SUSPICIOUS_MOVE = YES;
				CLANG_WARN_UNGUARDED_AVAILABILITY = YES_AGGRESSIVE;
				CLANG_WARN_UNREACHABLE_CODE = YES;
				CLANG_WARN__DUPLICATE_METHOD_MATCH = YES;
				COPY_PHASE_STRIP = NO;
				CURRENT_PROJECT_VERSION = 1;
				DEBUG_INFORMATION_FORMAT = dwarf;
				ENABLE_STRICT_OBJC_MSGSEND = YES;
				ENABLE_TESTABILITY = YES;
				GCC_C_LANGUAGE_STANDARD = gnu11;
				GCC_DYNAMIC_NO_PIC = NO;
				GCC_NO_COMMON_BLOCKS = YES;
				GCC_OPTIMIZATION_LEVEL = 0;
				GCC_PREPROCESSOR_DEFINITIONS = (
					"DEBUG=1",
					"$(inherited)",
				);
				GCC_WARN_64_TO_32_BIT_CONVERSION = YES;
				GCC_WARN_ABOUT_RETURN_TYPE = YES_ERROR;
				GCC_WARN_UNDECLARED_SELECTOR = YES;
				GCC_WARN_UNINITIALIZED_AUTOS = YES_AGGRESSIVE;
				GCC_WARN_UNUSED_FUNCTION = YES;
				GCC_WARN_UNUSED_VARIABLE = YES;
				MACOSX_DEPLOYMENT_TARGET = 13.1;
				MTL_ENABLE_DEBUG_INFO = INCLUDE_SOURCE;
				MTL_FAST_MATH = YES;
				ONLY_ACTIVE_ARCH = YES;
				SDKROOT = macosx;
				SWIFT_ACTIVE_COMPILATION_CONDITIONS = DEBUG;
				SWIFT_OPTIMIZATION_LEVEL = "-Onone";
				VERSIONING_SYSTEM = "apple-generic";
				VERSION_INFO_PREFIX = "";
			};
			name = Debug;
		};
		E70D116329BF9F2600B4E738 /* Release */ = {
			isa = XCBuildConfiguration;
			buildSettings = {
				ALWAYS_SEARCH_USER_PATHS = NO;
				CLANG_ANALYZER_NONNULL = YES;
				CLANG_ANALYZER_NUMBER_OBJECT_CONVERSION = YES_AGGRESSIVE;
				CLANG_CXX_LANGUAGE_STANDARD = "gnu++20";
				CLANG_ENABLE_MODULES = YES;
				CLANG_ENABLE_OBJC_ARC = YES;
				CLANG_ENABLE_OBJC_WEAK = YES;
				CLANG_WARN_BLOCK_CAPTURE_AUTORELEASING = YES;
				CLANG_WARN_BOOL_CONVERSION = YES;
				CLANG_WARN_COMMA = YES;
				CLANG_WARN_CONSTANT_CONVERSION = YES;
				CLANG_WARN_DEPRECATED_OBJC_IMPLEMENTATIONS = YES;
				CLANG_WARN_DIRECT_OBJC_ISA_USAGE = YES_ERROR;
				CLANG_WARN_DOCUMENTATION_COMMENTS = YES;
				CLANG_WARN_EMPTY_BODY = YES;
				CLANG_WARN_ENUM_CONVERSION = YES;
				CLANG_WARN_INFINITE_RECURSION = YES;
				CLANG_WARN_INT_CONVERSION = YES;
				CLANG_WARN_NON_LITERAL_NULL_CONVERSION = YES;
				CLANG_WARN_OBJC_IMPLICIT_RETAIN_SELF = YES;
				CLANG_WARN_OBJC_LITERAL_CONVERSION = YES;
				CLANG_WARN_OBJC_ROOT_CLASS = YES_ERROR;
				CLANG_WARN_QUOTED_INCLUDE_IN_FRAMEWORK_HEADER = YES;
				CLANG_WARN_RANGE_LOOP_ANALYSIS = YES;
				CLANG_WARN_STRICT_PROTOTYPES = YES;
				CLANG_WARN_SUSPICIOUS_MOVE = YES;
				CLANG_WARN_UNGUARDED_AVAILABILITY = YES_AGGRESSIVE;
				CLANG_WARN_UNREACHABLE_CODE = YES;
				CLANG_WARN__DUPLICATE_METHOD_MATCH = YES;
				COPY_PHASE_STRIP = NO;
				CURRENT_PROJECT_VERSION = 1;
				DEBUG_INFORMATION_FORMAT = "dwarf-with-dsym";
				ENABLE_NS_ASSERTIONS = NO;
				ENABLE_STRICT_OBJC_MSGSEND = YES;
				GCC_C_LANGUAGE_STANDARD = gnu11;
				GCC_NO_COMMON_BLOCKS = YES;
				GCC_WARN_64_TO_32_BIT_CONVERSION = YES;
				GCC_WARN_ABOUT_RETURN_TYPE = YES_ERROR;
				GCC_WARN_UNDECLARED_SELECTOR = YES;
				GCC_WARN_UNINITIALIZED_AUTOS = YES_AGGRESSIVE;
				GCC_WARN_UNUSED_FUNCTION = YES;
				GCC_WARN_UNUSED_VARIABLE = YES;
				MACOSX_DEPLOYMENT_TARGET = 13.1;
				MTL_ENABLE_DEBUG_INFO = NO;
				MTL_FAST_MATH = YES;
				SDKROOT = macosx;
				SWIFT_COMPILATION_MODE = wholemodule;
				SWIFT_OPTIMIZATION_LEVEL = "-O";
				VERSIONING_SYSTEM = "apple-generic";
				VERSION_INFO_PREFIX = "";
			};
			name = Release;
		};
		E70D116529BF9F2600B4E738 /* Debug */ = {
			isa = XCBuildConfiguration;
			buildSettings = {
				CLANG_ENABLE_MODULES = YES;
				CODE_SIGN_STYLE = Automatic;
				COMBINE_HIDPI_IMAGES = YES;
				CURRENT_PROJECT_VERSION = 1;
				DEFINES_MODULE = YES;
				DEVELOPMENT_TEAM = VXP8K9EDP6;
				DYLIB_COMPATIBILITY_VERSION = 1;
				DYLIB_CURRENT_VERSION = 1;
				DYLIB_INSTALL_NAME_BASE = "@rpath";
				GENERATE_INFOPLIST_FILE = YES;
				INFOPLIST_KEY_NSHumanReadableCopyright = "";
				INSTALL_PATH = "$(LOCAL_LIBRARY_DIR)/Frameworks";
				LD_RUNPATH_SEARCH_PATHS = (
					"$(inherited)",
					"@executable_path/../Frameworks",
					"@loader_path/Frameworks",
				);
				LIBRARY_SEARCH_PATHS = (
					"$(inherited)",
					"$(PROJECT_DIR)",
				);
				MARKETING_VERSION = 1.0;
				PRODUCT_BUNDLE_IDENTIFIER = com.royalapps.NativeAOTCodeGeneratorOutputSample;
				PRODUCT_NAME = "$(TARGET_NAME:c99extidentifier)";
				SKIP_INSTALL = YES;
				SWIFT_EMIT_LOC_STRINGS = YES;
				SWIFT_OPTIMIZATION_LEVEL = "-Onone";
				SWIFT_VERSION = 5.0;
			};
			name = Debug;
		};
		E70D116629BF9F2600B4E738 /* Release */ = {
			isa = XCBuildConfiguration;
			buildSettings = {
				CLANG_ENABLE_MODULES = YES;
				CODE_SIGN_STYLE = Automatic;
				COMBINE_HIDPI_IMAGES = YES;
				CURRENT_PROJECT_VERSION = 1;
				DEFINES_MODULE = YES;
				DEVELOPMENT_TEAM = VXP8K9EDP6;
				DYLIB_COMPATIBILITY_VERSION = 1;
				DYLIB_CURRENT_VERSION = 1;
				DYLIB_INSTALL_NAME_BASE = "@rpath";
				GENERATE_INFOPLIST_FILE = YES;
				INFOPLIST_KEY_NSHumanReadableCopyright = "";
				INSTALL_PATH = "$(LOCAL_LIBRARY_DIR)/Frameworks";
				LD_RUNPATH_SEARCH_PATHS = (
					"$(inherited)",
					"@executable_path/../Frameworks",
					"@loader_path/Frameworks",
				);
				LIBRARY_SEARCH_PATHS = (
					"$(inherited)",
					"$(PROJECT_DIR)",
				);
				MARKETING_VERSION = 1.0;
				PRODUCT_BUNDLE_IDENTIFIER = com.royalapps.NativeAOTCodeGeneratorOutputSample;
				PRODUCT_NAME = "$(TARGET_NAME:c99extidentifier)";
				SKIP_INSTALL = YES;
				SWIFT_EMIT_LOC_STRINGS = YES;
				SWIFT_VERSION = 5.0;
			};
			name = Release;
		};
		E70D117A29BF9FEC00B4E738 /* Debug */ = {
			isa = XCBuildConfiguration;
			buildSettings = {
				CODE_SIGN_STYLE = Automatic;
				CURRENT_PROJECT_VERSION = 1;
				DEVELOPMENT_TEAM = VXP8K9EDP6;
				GENERATE_INFOPLIST_FILE = YES;
				LIBRARY_SEARCH_PATHS = (
					"$(inherited)",
					"$(PROJECT_DIR)",
				);
				MARKETING_VERSION = 1.0;
				PRODUCT_BUNDLE_IDENTIFIER = com.royalapps.NativeAOTCodeGeneratorOutputSampleTests;
				PRODUCT_NAME = "$(TARGET_NAME)";
				SWIFT_EMIT_LOC_STRINGS = NO;
				SWIFT_VERSION = 5.0;
			};
			name = Debug;
		};
		E70D117B29BF9FEC00B4E738 /* Release */ = {
			isa = XCBuildConfiguration;
			buildSettings = {
				CODE_SIGN_STYLE = Automatic;
				CURRENT_PROJECT_VERSION = 1;
				DEVELOPMENT_TEAM = VXP8K9EDP6;
				GENERATE_INFOPLIST_FILE = YES;
				LIBRARY_SEARCH_PATHS = (
					"$(inherited)",
					"$(PROJECT_DIR)",
				);
				MARKETING_VERSION = 1.0;
				PRODUCT_BUNDLE_IDENTIFIER = com.royalapps.NativeAOTCodeGeneratorOutputSampleTests;
				PRODUCT_NAME = "$(TARGET_NAME)";
				SWIFT_EMIT_LOC_STRINGS = NO;
				SWIFT_VERSION = 5.0;
			};
			name = Release;
		};
/* End XCBuildConfiguration section */

/* Begin XCConfigurationList section */
		E70D115729BF9F2600B4E738 /* Build configuration list for PBXProject "NativeAOTCodeGeneratorOutputSample" */ = {
			isa = XCConfigurationList;
			buildConfigurations = (
				E70D116229BF9F2600B4E738 /* Debug */,
				E70D116329BF9F2600B4E738 /* Release */,
			);
			defaultConfigurationIsVisible = 0;
			defaultConfigurationName = Release;
		};
		E70D116429BF9F2600B4E738 /* Build configuration list for PBXNativeTarget "NativeAOTCodeGeneratorOutputSample" */ = {
			isa = XCConfigurationList;
			buildConfigurations = (
				E70D116529BF9F2600B4E738 /* Debug */,
				E70D116629BF9F2600B4E738 /* Release */,
			);
			defaultConfigurationIsVisible = 0;
			defaultConfigurationName = Release;
		};
		E70D117929BF9FEC00B4E738 /* Build configuration list for PBXNativeTarget "NativeAOTCodeGeneratorOutputSampleTests" */ = {
			isa = XCConfigurationList;
			buildConfigurations = (
				E70D117A29BF9FEC00B4E738 /* Debug */,
				E70D117B29BF9FEC00B4E738 /* Release */,
			);
			defaultConfigurationIsVisible = 0;
			defaultConfigurationName = Release;
		};
/* End XCConfigurationList section */
	};
	rootObject = E70D115429BF9F2600B4E738 /* Project object */;
}
