// !$*UTF8*$!
{
	archiveVersion = 1;
	classes = {
	};
	objectVersion = 56;
	objects = {

/* Begin PBXAggregateTarget section */
		E7B491D32A5FDBD900A7C75D /* Build .NET Stuff */ = {
			isa = PBXAggregateTarget;
			buildConfigurationList = E7B491D62A5FDBD900A7C75D /* Build configuration list for PBXAggregateTarget "Build .NET Stuff" */;
			buildPhases = (
				E7B491D72A5FDBDD00A7C75D /* Build Dependencies */,
			);
			dependencies = (
			);
			name = "Build .NET Stuff";
			productName = "Build .NET Stuff";
		};
/* End PBXAggregateTarget section */

/* Begin PBXBuildFile section */
		E70361632A6A8126000EF63C /* TestRecordTests.swift in Sources */ = {isa = PBXBuildFile; fileRef = E70361622A6A8126000EF63C /* TestRecordTests.swift */; };
		E705F33B2B0E024A00230720 /* NullabilityTests.swift in Sources */ = {isa = PBXBuildFile; fileRef = E705F33A2B0E024A00230720 /* NullabilityTests.swift */; };
		E71E41FE2A6012340075FE5F /* BeyondNETSampleSwift.framework in Frameworks */ = {isa = PBXBuildFile; fileRef = E71E41E62A60030F0075FE5F /* BeyondNETSampleSwift.framework */; };
		E74001D02B275A43008C70F6 /* ArrayTestsTests.swift in Sources */ = {isa = PBXBuildFile; fileRef = E74001CF2B275A43008C70F6 /* ArrayTestsTests.swift */; };
		E74FB7CC29F1341900D41787 /* IndexerTestsTests.swift in Sources */ = {isa = PBXBuildFile; fileRef = E74FB7CB29F1341900D41787 /* IndexerTestsTests.swift */; };
		E756F70D29F1737A00CA039F /* SystemActionTests.swift in Sources */ = {isa = PBXBuildFile; fileRef = E756F70C29F1737A00CA039F /* SystemActionTests.swift */; };
		E756F70F29F173E500CA039F /* SystemThreadingThreadTests.swift in Sources */ = {isa = PBXBuildFile; fileRef = E756F70E29F173E500CA039F /* SystemThreadingThreadTests.swift */; };
		E756F71129F1760A00CA039F /* SystemThreadingTimerTests.swift in Sources */ = {isa = PBXBuildFile; fileRef = E756F71029F1760A00CA039F /* SystemThreadingTimerTests.swift */; };
		E756F71329F17AA000CA039F /* AnimalTests.swift in Sources */ = {isa = PBXBuildFile; fileRef = E756F71229F17AA000CA039F /* AnimalTests.swift */; };
		E756F71529F1826500CA039F /* AddressTests.swift in Sources */ = {isa = PBXBuildFile; fileRef = E756F71429F1826500CA039F /* AddressTests.swift */; };
		E756F71729F183D400CA039F /* TransformerTests.swift in Sources */ = {isa = PBXBuildFile; fileRef = E756F71629F183D400CA039F /* TransformerTests.swift */; };
		E75873072A726C720078126F /* BeyondDotNETSampleKit.xcframework in Frameworks */ = {isa = PBXBuildFile; fileRef = E75873062A726C720078126F /* BeyondDotNETSampleKit.xcframework */; };
		E75873082A726C720078126F /* BeyondDotNETSampleKit.xcframework in Embed Frameworks */ = {isa = PBXBuildFile; fileRef = E75873062A726C720078126F /* BeyondDotNETSampleKit.xcframework */; settings = {ATTRIBUTES = (CodeSignOnCopy, RemoveHeadersOnCopy, ); }; };
		E75BF1ED2AD93E840006E224 /* SystemRuntimeInteropServicesMarshalTests.swift in Sources */ = {isa = PBXBuildFile; fileRef = E75BF1EC2AD93E840006E224 /* SystemRuntimeInteropServicesMarshalTests.swift */; };
		E787AA8629EDC0BA00601F1A /* SystemObjectTests.swift in Sources */ = {isa = PBXBuildFile; fileRef = E787AA8529EDC0BA00601F1A /* SystemObjectTests.swift */; };
		E787AA8829EDC2C400601F1A /* SystemTypeTests.swift in Sources */ = {isa = PBXBuildFile; fileRef = E787AA8729EDC2C400601F1A /* SystemTypeTests.swift */; };
		E787AA8A29EDC55D00601F1A /* SystemExceptionTests.swift in Sources */ = {isa = PBXBuildFile; fileRef = E787AA8929EDC55D00601F1A /* SystemExceptionTests.swift */; };
		E790871629EE80E2001F776F /* TypeConversionTests.swift in Sources */ = {isa = PBXBuildFile; fileRef = E790871529EE80E2001F776F /* TypeConversionTests.swift */; };
		E790871829EE8591001F776F /* PrimitivesBoxingTests.swift in Sources */ = {isa = PBXBuildFile; fileRef = E790871729EE8591001F776F /* PrimitivesBoxingTests.swift */; };
		E790871A29EEB8A5001F776F /* SystemStringTests.swift in Sources */ = {isa = PBXBuildFile; fileRef = E790871929EEB8A5001F776F /* SystemStringTests.swift */; };
		E790871C29EEC404001F776F /* SystemEnumTests.swift in Sources */ = {isa = PBXBuildFile; fileRef = E790871B29EEC404001F776F /* SystemEnumTests.swift */; };
		E790871E29EECA06001F776F /* SystemArrayTests.swift in Sources */ = {isa = PBXBuildFile; fileRef = E790871D29EECA06001F776F /* SystemArrayTests.swift */; };
		E7977F842A73F16500493C61 /* SystemWeakReferenceTests.swift in Sources */ = {isa = PBXBuildFile; fileRef = E7977F832A73F16500493C61 /* SystemWeakReferenceTests.swift */; };
		E79F7BF22B07BAF60070621B /* SystemBuffersBinaryBinaryPrimitivesTests.swift in Sources */ = {isa = PBXBuildFile; fileRef = E79F7BF12B07BAF60070621B /* SystemBuffersBinaryBinaryPrimitivesTests.swift */; };
		E7A3E6D029EECD9800447BF2 /* SystemGuidTests.swift in Sources */ = {isa = PBXBuildFile; fileRef = E7A3E6CF29EECD9800447BF2 /* SystemGuidTests.swift */; };
		E7A3E6D229EECEF800447BF2 /* SystemDateTimeTests.swift in Sources */ = {isa = PBXBuildFile; fileRef = E7A3E6D129EECEF800447BF2 /* SystemDateTimeTests.swift */; };
		E7A3E6D629EED70000447BF2 /* SystemVersionTests.swift in Sources */ = {isa = PBXBuildFile; fileRef = E7A3E6D529EED70000447BF2 /* SystemVersionTests.swift */; };
		E7A3E6D829EED85000447BF2 /* SystemConvertTests.swift in Sources */ = {isa = PBXBuildFile; fileRef = E7A3E6D729EED85000447BF2 /* SystemConvertTests.swift */; };
		E7A3E6DA29EEDA6900447BF2 /* SystemMathTests.swift in Sources */ = {isa = PBXBuildFile; fileRef = E7A3E6D929EEDA6900447BF2 /* SystemMathTests.swift */; };
		E7A3E6DC29EEDDE000447BF2 /* SystemRandomTests.swift in Sources */ = {isa = PBXBuildFile; fileRef = E7A3E6DB29EEDDE000447BF2 /* SystemRandomTests.swift */; };
		E7A3E6DE29EEDE3400447BF2 /* SystemIOPathTests.swift in Sources */ = {isa = PBXBuildFile; fileRef = E7A3E6DD29EEDE3400447BF2 /* SystemIOPathTests.swift */; };
		E7A3E6E029EEDEA700447BF2 /* SystemReflectionAssemblyTests.swift in Sources */ = {isa = PBXBuildFile; fileRef = E7A3E6DF29EEDEA700447BF2 /* SystemReflectionAssemblyTests.swift */; };
		E7A3E6E229EEDEF100447BF2 /* SystemDecimalTests.swift in Sources */ = {isa = PBXBuildFile; fileRef = E7A3E6E129EEDEF100447BF2 /* SystemDecimalTests.swift */; };
		E7A3E6E429EEE13E00447BF2 /* SystemTextStringBuilderTests.swift in Sources */ = {isa = PBXBuildFile; fileRef = E7A3E6E329EEE13E00447BF2 /* SystemTextStringBuilderTests.swift */; };
		E7A3E6E629EEE1D800447BF2 /* SystemCollectionsGenericListTests.swift in Sources */ = {isa = PBXBuildFile; fileRef = E7A3E6E529EEE1D800447BF2 /* SystemCollectionsGenericListTests.swift */; };
		E7A3E6E829EEE38F00447BF2 /* SystemCollectionsGenericDictionaryTests.swift in Sources */ = {isa = PBXBuildFile; fileRef = E7A3E6E729EEE38F00447BF2 /* SystemCollectionsGenericDictionaryTests.swift */; };
		E7A3E6EA29EEE4B100447BF2 /* SystemTupleTests.swift in Sources */ = {isa = PBXBuildFile; fileRef = E7A3E6E929EEE4B100447BF2 /* SystemTupleTests.swift */; };
		E7A3E6EC29EEEB0800447BF2 /* TestClassesTests.swift in Sources */ = {isa = PBXBuildFile; fileRef = E7A3E6EB29EEEB0800447BF2 /* TestClassesTests.swift */; };
		E7A3E6EE29EEEDB100447BF2 /* PersonTests.swift in Sources */ = {isa = PBXBuildFile; fileRef = E7A3E6ED29EEEDB100447BF2 /* PersonTests.swift */; };
		E7ABDE632C33E4F3004D3C08 /* InterfaceTests.swift in Sources */ = {isa = PBXBuildFile; fileRef = E7ABDE622C33E4F3004D3C08 /* InterfaceTests.swift */; };
		E7AC3D8C29E0391200C5609B /* XCTestCase+Extensions.swift in Sources */ = {isa = PBXBuildFile; fileRef = E7AC3D8A29E038E000C5609B /* XCTestCase+Extensions.swift */; };
		E7AF01D92A5D6F9300A4C080 /* EventTestsTests.swift in Sources */ = {isa = PBXBuildFile; fileRef = E7AF01D82A5D6F9300A4C080 /* EventTestsTests.swift */; };
		E7B905DA2A865C6000B5DC75 /* DelegateTestTests.swift in Sources */ = {isa = PBXBuildFile; fileRef = E7B905D92A865C6000B5DC75 /* DelegateTestTests.swift */; };
		E7B93FA92A050D8300D8BAF1 /* SystemUriTests.swift in Sources */ = {isa = PBXBuildFile; fileRef = E7B93FA82A050D8300D8BAF1 /* SystemUriTests.swift */; };
		E7B93FAB2A05259500D8BAF1 /* StructTestTests.swift in Sources */ = {isa = PBXBuildFile; fileRef = E7B93FAA2A05259500D8BAF1 /* StructTestTests.swift */; };
		E7C0C4FD2AD94C9100A48301 /* Data+Extensions.swift in Sources */ = {isa = PBXBuildFile; fileRef = E7C0C4FC2AD94C9100A48301 /* Data+Extensions.swift */; };
		E7C16FCB2B21D2C10021DCB3 /* SystemSecurityCryptographyTests.swift in Sources */ = {isa = PBXBuildFile; fileRef = E7C16FCA2B21D2C10021DCB3 /* SystemSecurityCryptographyTests.swift */; };
		E7E5171A2AD9289200634B3E /* ComparisonTests.swift in Sources */ = {isa = PBXBuildFile; fileRef = E7E517192AD9289200634B3E /* ComparisonTests.swift */; };
		E7E517202AD9312700634B3E /* AsyncTestTests.swift in Sources */ = {isa = PBXBuildFile; fileRef = E7E5171F2AD9312700634B3E /* AsyncTestTests.swift */; };
		E7F6044F2C3D5A6E00432278 /* OutParameterTestTests.swift in Sources */ = {isa = PBXBuildFile; fileRef = E7F6044E2C3D5A6E00432278 /* OutParameterTestTests.swift */; };
		E7F90B6029F2A324005B0C67 /* GenericTestsTests.swift in Sources */ = {isa = PBXBuildFile; fileRef = E7F90B5F29F2A324005B0C67 /* GenericTestsTests.swift */; };
		E7F90B6229F2A340005B0C67 /* GenericTestClassTests.swift in Sources */ = {isa = PBXBuildFile; fileRef = E7F90B6129F2A340005B0C67 /* GenericTestClassTests.swift */; };
		E7FBD6A52B0365A3006BDB53 /* SpanTestTests.swift in Sources */ = {isa = PBXBuildFile; fileRef = E7FBD6A42B0365A3006BDB53 /* SpanTestTests.swift */; };
/* End PBXBuildFile section */

/* Begin PBXCopyFilesBuildPhase section */
		E70D118029C0597200B4E738 /* Copy Libraries */ = {
			isa = PBXCopyFilesBuildPhase;
			buildActionMask = 2147483647;
			dstPath = "";
			dstSubfolderSpec = 10;
			files = (
			);
			name = "Copy Libraries";
			runOnlyForDeploymentPostprocessing = 0;
		};
		E75873042A726C350078126F /* Embed Frameworks */ = {
			isa = PBXCopyFilesBuildPhase;
			buildActionMask = 2147483647;
			dstPath = "";
			dstSubfolderSpec = 10;
			files = (
				E75873082A726C720078126F /* BeyondDotNETSampleKit.xcframework in Embed Frameworks */,
			);
			name = "Embed Frameworks";
			runOnlyForDeploymentPostprocessing = 0;
		};
/* End PBXCopyFilesBuildPhase section */

/* Begin PBXFileReference section */
		E70361622A6A8126000EF63C /* TestRecordTests.swift */ = {isa = PBXFileReference; lastKnownFileType = sourcecode.swift; path = TestRecordTests.swift; sourceTree = "<group>"; };
		E705F33A2B0E024A00230720 /* NullabilityTests.swift */ = {isa = PBXFileReference; lastKnownFileType = sourcecode.swift; path = NullabilityTests.swift; sourceTree = "<group>"; };
		E70D117229BF9FEC00B4E738 /* BeyondNETSampleSwiftTests.xctest */ = {isa = PBXFileReference; explicitFileType = wrapper.cfbundle; includeInIndex = 0; path = BeyondNETSampleSwiftTests.xctest; sourceTree = BUILT_PRODUCTS_DIR; };
		E71E41E62A60030F0075FE5F /* BeyondNETSampleSwift.framework */ = {isa = PBXFileReference; explicitFileType = wrapper.framework; includeInIndex = 0; path = BeyondNETSampleSwift.framework; sourceTree = BUILT_PRODUCTS_DIR; };
		E71E41FC2A60116A0075FE5F /* README.md */ = {isa = PBXFileReference; lastKnownFileType = net.daringfireball.markdown; path = README.md; sourceTree = "<group>"; };
		E74001CF2B275A43008C70F6 /* ArrayTestsTests.swift */ = {isa = PBXFileReference; lastKnownFileType = sourcecode.swift; path = ArrayTestsTests.swift; sourceTree = "<group>"; };
		E74FB7CB29F1341900D41787 /* IndexerTestsTests.swift */ = {isa = PBXFileReference; lastKnownFileType = sourcecode.swift; path = IndexerTestsTests.swift; sourceTree = "<group>"; };
		E756F70C29F1737A00CA039F /* SystemActionTests.swift */ = {isa = PBXFileReference; lastKnownFileType = sourcecode.swift; path = SystemActionTests.swift; sourceTree = "<group>"; };
		E756F70E29F173E500CA039F /* SystemThreadingThreadTests.swift */ = {isa = PBXFileReference; lastKnownFileType = sourcecode.swift; path = SystemThreadingThreadTests.swift; sourceTree = "<group>"; };
		E756F71029F1760A00CA039F /* SystemThreadingTimerTests.swift */ = {isa = PBXFileReference; lastKnownFileType = sourcecode.swift; path = SystemThreadingTimerTests.swift; sourceTree = "<group>"; };
		E756F71229F17AA000CA039F /* AnimalTests.swift */ = {isa = PBXFileReference; lastKnownFileType = sourcecode.swift; path = AnimalTests.swift; sourceTree = "<group>"; };
		E756F71429F1826500CA039F /* AddressTests.swift */ = {isa = PBXFileReference; lastKnownFileType = sourcecode.swift; path = AddressTests.swift; sourceTree = "<group>"; };
		E756F71629F183D400CA039F /* TransformerTests.swift */ = {isa = PBXFileReference; lastKnownFileType = sourcecode.swift; path = TransformerTests.swift; sourceTree = "<group>"; };
		E75873062A726C720078126F /* BeyondDotNETSampleKit.xcframework */ = {isa = PBXFileReference; lastKnownFileType = wrapper.xcframework; path = BeyondDotNETSampleKit.xcframework; sourceTree = "<group>"; };
		E75BF1EC2AD93E840006E224 /* SystemRuntimeInteropServicesMarshalTests.swift */ = {isa = PBXFileReference; lastKnownFileType = sourcecode.swift; path = SystemRuntimeInteropServicesMarshalTests.swift; sourceTree = "<group>"; };
		E7808CE929DEFB2600F50203 /* BeyondNETSampleSwift.xctestplan */ = {isa = PBXFileReference; lastKnownFileType = text; path = BeyondNETSampleSwift.xctestplan; sourceTree = SOURCE_ROOT; };
		E787AA8529EDC0BA00601F1A /* SystemObjectTests.swift */ = {isa = PBXFileReference; lastKnownFileType = sourcecode.swift; path = SystemObjectTests.swift; sourceTree = "<group>"; };
		E787AA8729EDC2C400601F1A /* SystemTypeTests.swift */ = {isa = PBXFileReference; lastKnownFileType = sourcecode.swift; path = SystemTypeTests.swift; sourceTree = "<group>"; };
		E787AA8929EDC55D00601F1A /* SystemExceptionTests.swift */ = {isa = PBXFileReference; lastKnownFileType = sourcecode.swift; path = SystemExceptionTests.swift; sourceTree = "<group>"; };
		E790871529EE80E2001F776F /* TypeConversionTests.swift */ = {isa = PBXFileReference; lastKnownFileType = sourcecode.swift; path = TypeConversionTests.swift; sourceTree = "<group>"; };
		E790871729EE8591001F776F /* PrimitivesBoxingTests.swift */ = {isa = PBXFileReference; lastKnownFileType = sourcecode.swift; path = PrimitivesBoxingTests.swift; sourceTree = "<group>"; };
		E790871929EEB8A5001F776F /* SystemStringTests.swift */ = {isa = PBXFileReference; lastKnownFileType = sourcecode.swift; path = SystemStringTests.swift; sourceTree = "<group>"; };
		E790871B29EEC404001F776F /* SystemEnumTests.swift */ = {isa = PBXFileReference; lastKnownFileType = sourcecode.swift; path = SystemEnumTests.swift; sourceTree = "<group>"; };
		E790871D29EECA06001F776F /* SystemArrayTests.swift */ = {isa = PBXFileReference; lastKnownFileType = sourcecode.swift; path = SystemArrayTests.swift; sourceTree = "<group>"; };
		E7977F832A73F16500493C61 /* SystemWeakReferenceTests.swift */ = {isa = PBXFileReference; lastKnownFileType = sourcecode.swift; path = SystemWeakReferenceTests.swift; sourceTree = "<group>"; };
		E79F7BF12B07BAF60070621B /* SystemBuffersBinaryBinaryPrimitivesTests.swift */ = {isa = PBXFileReference; lastKnownFileType = sourcecode.swift; path = SystemBuffersBinaryBinaryPrimitivesTests.swift; sourceTree = "<group>"; };
		E7A3E6CF29EECD9800447BF2 /* SystemGuidTests.swift */ = {isa = PBXFileReference; lastKnownFileType = sourcecode.swift; path = SystemGuidTests.swift; sourceTree = "<group>"; };
		E7A3E6D129EECEF800447BF2 /* SystemDateTimeTests.swift */ = {isa = PBXFileReference; lastKnownFileType = sourcecode.swift; path = SystemDateTimeTests.swift; sourceTree = "<group>"; };
		E7A3E6D529EED70000447BF2 /* SystemVersionTests.swift */ = {isa = PBXFileReference; lastKnownFileType = sourcecode.swift; path = SystemVersionTests.swift; sourceTree = "<group>"; };
		E7A3E6D729EED85000447BF2 /* SystemConvertTests.swift */ = {isa = PBXFileReference; lastKnownFileType = sourcecode.swift; path = SystemConvertTests.swift; sourceTree = "<group>"; };
		E7A3E6D929EEDA6900447BF2 /* SystemMathTests.swift */ = {isa = PBXFileReference; lastKnownFileType = sourcecode.swift; path = SystemMathTests.swift; sourceTree = "<group>"; };
		E7A3E6DB29EEDDE000447BF2 /* SystemRandomTests.swift */ = {isa = PBXFileReference; lastKnownFileType = sourcecode.swift; path = SystemRandomTests.swift; sourceTree = "<group>"; };
		E7A3E6DD29EEDE3400447BF2 /* SystemIOPathTests.swift */ = {isa = PBXFileReference; lastKnownFileType = sourcecode.swift; path = SystemIOPathTests.swift; sourceTree = "<group>"; };
		E7A3E6DF29EEDEA700447BF2 /* SystemReflectionAssemblyTests.swift */ = {isa = PBXFileReference; lastKnownFileType = sourcecode.swift; path = SystemReflectionAssemblyTests.swift; sourceTree = "<group>"; };
		E7A3E6E129EEDEF100447BF2 /* SystemDecimalTests.swift */ = {isa = PBXFileReference; lastKnownFileType = sourcecode.swift; path = SystemDecimalTests.swift; sourceTree = "<group>"; };
		E7A3E6E329EEE13E00447BF2 /* SystemTextStringBuilderTests.swift */ = {isa = PBXFileReference; lastKnownFileType = sourcecode.swift; path = SystemTextStringBuilderTests.swift; sourceTree = "<group>"; };
		E7A3E6E529EEE1D800447BF2 /* SystemCollectionsGenericListTests.swift */ = {isa = PBXFileReference; lastKnownFileType = sourcecode.swift; path = SystemCollectionsGenericListTests.swift; sourceTree = "<group>"; };
		E7A3E6E729EEE38F00447BF2 /* SystemCollectionsGenericDictionaryTests.swift */ = {isa = PBXFileReference; lastKnownFileType = sourcecode.swift; path = SystemCollectionsGenericDictionaryTests.swift; sourceTree = "<group>"; };
		E7A3E6E929EEE4B100447BF2 /* SystemTupleTests.swift */ = {isa = PBXFileReference; lastKnownFileType = sourcecode.swift; path = SystemTupleTests.swift; sourceTree = "<group>"; };
		E7A3E6EB29EEEB0800447BF2 /* TestClassesTests.swift */ = {isa = PBXFileReference; lastKnownFileType = sourcecode.swift; path = TestClassesTests.swift; sourceTree = "<group>"; };
		E7A3E6ED29EEEDB100447BF2 /* PersonTests.swift */ = {isa = PBXFileReference; lastKnownFileType = sourcecode.swift; path = PersonTests.swift; sourceTree = "<group>"; };
		E7ABDE622C33E4F3004D3C08 /* InterfaceTests.swift */ = {isa = PBXFileReference; lastKnownFileType = sourcecode.swift; path = InterfaceTests.swift; sourceTree = "<group>"; };
		E7AC3D8A29E038E000C5609B /* XCTestCase+Extensions.swift */ = {isa = PBXFileReference; lastKnownFileType = sourcecode.swift; path = "XCTestCase+Extensions.swift"; sourceTree = "<group>"; };
		E7AF01D82A5D6F9300A4C080 /* EventTestsTests.swift */ = {isa = PBXFileReference; lastKnownFileType = sourcecode.swift; path = EventTestsTests.swift; sourceTree = "<group>"; };
		E7B491E12A5FE3F300A7C75D /* BuildDotNETStuffOutputFiles.xcfilelist */ = {isa = PBXFileReference; lastKnownFileType = text.xcfilelist; path = BuildDotNETStuffOutputFiles.xcfilelist; sourceTree = "<group>"; };
		E7B905D92A865C6000B5DC75 /* DelegateTestTests.swift */ = {isa = PBXFileReference; lastKnownFileType = sourcecode.swift; path = DelegateTestTests.swift; sourceTree = "<group>"; };
		E7B93FA82A050D8300D8BAF1 /* SystemUriTests.swift */ = {isa = PBXFileReference; lastKnownFileType = sourcecode.swift; path = SystemUriTests.swift; sourceTree = "<group>"; };
		E7B93FAA2A05259500D8BAF1 /* StructTestTests.swift */ = {isa = PBXFileReference; lastKnownFileType = sourcecode.swift; path = StructTestTests.swift; sourceTree = "<group>"; };
		E7C0C4FC2AD94C9100A48301 /* Data+Extensions.swift */ = {isa = PBXFileReference; lastKnownFileType = sourcecode.swift; path = "Data+Extensions.swift"; sourceTree = "<group>"; };
		E7C16FCA2B21D2C10021DCB3 /* SystemSecurityCryptographyTests.swift */ = {isa = PBXFileReference; lastKnownFileType = sourcecode.swift; path = SystemSecurityCryptographyTests.swift; sourceTree = "<group>"; };
		E7E517192AD9289200634B3E /* ComparisonTests.swift */ = {isa = PBXFileReference; lastKnownFileType = sourcecode.swift; path = ComparisonTests.swift; sourceTree = "<group>"; };
		E7E5171F2AD9312700634B3E /* AsyncTestTests.swift */ = {isa = PBXFileReference; lastKnownFileType = sourcecode.swift; path = AsyncTestTests.swift; sourceTree = "<group>"; };
		E7F6044E2C3D5A6E00432278 /* OutParameterTestTests.swift */ = {isa = PBXFileReference; lastKnownFileType = sourcecode.swift; path = OutParameterTestTests.swift; sourceTree = "<group>"; };
		E7F90B5F29F2A324005B0C67 /* GenericTestsTests.swift */ = {isa = PBXFileReference; lastKnownFileType = sourcecode.swift; path = GenericTestsTests.swift; sourceTree = "<group>"; };
		E7F90B6129F2A340005B0C67 /* GenericTestClassTests.swift */ = {isa = PBXFileReference; lastKnownFileType = sourcecode.swift; path = GenericTestClassTests.swift; sourceTree = "<group>"; };
		E7FBD6A42B0365A3006BDB53 /* SpanTestTests.swift */ = {isa = PBXFileReference; lastKnownFileType = sourcecode.swift; path = SpanTestTests.swift; sourceTree = "<group>"; };
/* End PBXFileReference section */

/* Begin PBXFrameworksBuildPhase section */
		E70D116F29BF9FEC00B4E738 /* Frameworks */ = {
			isa = PBXFrameworksBuildPhase;
			buildActionMask = 2147483647;
			files = (
				E71E41FE2A6012340075FE5F /* BeyondNETSampleSwift.framework in Frameworks */,
			);
			runOnlyForDeploymentPostprocessing = 0;
		};
		E71E41E32A60030F0075FE5F /* Frameworks */ = {
			isa = PBXFrameworksBuildPhase;
			buildActionMask = 2147483647;
			files = (
				E75873072A726C720078126F /* BeyondDotNETSampleKit.xcframework in Frameworks */,
			);
			runOnlyForDeploymentPostprocessing = 0;
		};
/* End PBXFrameworksBuildPhase section */

/* Begin PBXGroup section */
		E70D115329BF9F2600B4E738 = {
			isa = PBXGroup;
			children = (
				E71E41FC2A60116A0075FE5F /* README.md */,
				E7808CE929DEFB2600F50203 /* BeyondNETSampleSwift.xctestplan */,
				E7B491E12A5FE3F300A7C75D /* BuildDotNETStuffOutputFiles.xcfilelist */,
				E7C8CF0129C1FA6C00C4230F /* Tests */,
				E70D115E29BF9F2600B4E738 /* Products */,
				E75873052A726C720078126F /* Frameworks */,
			);
			sourceTree = "<group>";
		};
		E70D115E29BF9F2600B4E738 /* Products */ = {
			isa = PBXGroup;
			children = (
				E70D117229BF9FEC00B4E738 /* BeyondNETSampleSwiftTests.xctest */,
				E71E41E62A60030F0075FE5F /* BeyondNETSampleSwift.framework */,
			);
			name = Products;
			sourceTree = "<group>";
		};
		E75873052A726C720078126F /* Frameworks */ = {
			isa = PBXGroup;
			children = (
				E75873062A726C720078126F /* BeyondDotNETSampleKit.xcframework */,
			);
			name = Frameworks;
			sourceTree = "<group>";
		};
		E7AC3D8929E038CB00C5609B /* TestSupport */ = {
			isa = PBXGroup;
			children = (
				E7AC3D8A29E038E000C5609B /* XCTestCase+Extensions.swift */,
				E7C0C4FC2AD94C9100A48301 /* Data+Extensions.swift */,
			);
			path = TestSupport;
			sourceTree = "<group>";
		};
		E7C8CF0129C1FA6C00C4230F /* Tests */ = {
			isa = PBXGroup;
			children = (
				E7AC3D8929E038CB00C5609B /* TestSupport */,
				E7C8CF0229C1FA7800C4230F /* System */,
				E7C8CF0329C1FA7B00C4230F /* TestClasses */,
			);
			path = Tests;
			sourceTree = "<group>";
		};
		E7C8CF0229C1FA7800C4230F /* System */ = {
			isa = PBXGroup;
			children = (
				E790871529EE80E2001F776F /* TypeConversionTests.swift */,
				E790871729EE8591001F776F /* PrimitivesBoxingTests.swift */,
				E7E517192AD9289200634B3E /* ComparisonTests.swift */,
				E787AA8529EDC0BA00601F1A /* SystemObjectTests.swift */,
				E787AA8729EDC2C400601F1A /* SystemTypeTests.swift */,
				E787AA8929EDC55D00601F1A /* SystemExceptionTests.swift */,
				E790871929EEB8A5001F776F /* SystemStringTests.swift */,
				E790871D29EECA06001F776F /* SystemArrayTests.swift */,
				E790871B29EEC404001F776F /* SystemEnumTests.swift */,
				E7A3E6CF29EECD9800447BF2 /* SystemGuidTests.swift */,
				E7A3E6D129EECEF800447BF2 /* SystemDateTimeTests.swift */,
				E7A3E6D529EED70000447BF2 /* SystemVersionTests.swift */,
				E7A3E6D729EED85000447BF2 /* SystemConvertTests.swift */,
				E756F70C29F1737A00CA039F /* SystemActionTests.swift */,
				E756F70E29F173E500CA039F /* SystemThreadingThreadTests.swift */,
				E756F71029F1760A00CA039F /* SystemThreadingTimerTests.swift */,
				E7A3E6D929EEDA6900447BF2 /* SystemMathTests.swift */,
				E7A3E6DB29EEDDE000447BF2 /* SystemRandomTests.swift */,
				E7A3E6DD29EEDE3400447BF2 /* SystemIOPathTests.swift */,
				E7A3E6DF29EEDEA700447BF2 /* SystemReflectionAssemblyTests.swift */,
				E7A3E6E129EEDEF100447BF2 /* SystemDecimalTests.swift */,
				E7A3E6E329EEE13E00447BF2 /* SystemTextStringBuilderTests.swift */,
				E7A3E6E529EEE1D800447BF2 /* SystemCollectionsGenericListTests.swift */,
				E7A3E6E729EEE38F00447BF2 /* SystemCollectionsGenericDictionaryTests.swift */,
				E7A3E6E929EEE4B100447BF2 /* SystemTupleTests.swift */,
				E7B93FA82A050D8300D8BAF1 /* SystemUriTests.swift */,
				E7977F832A73F16500493C61 /* SystemWeakReferenceTests.swift */,
				E75BF1EC2AD93E840006E224 /* SystemRuntimeInteropServicesMarshalTests.swift */,
				E79F7BF12B07BAF60070621B /* SystemBuffersBinaryBinaryPrimitivesTests.swift */,
				E7C16FCA2B21D2C10021DCB3 /* SystemSecurityCryptographyTests.swift */,
			);
			path = System;
			sourceTree = "<group>";
		};
		E7C8CF0329C1FA7B00C4230F /* TestClasses */ = {
			isa = PBXGroup;
			children = (
				E7A3E6EB29EEEB0800447BF2 /* TestClassesTests.swift */,
				E7A3E6ED29EEEDB100447BF2 /* PersonTests.swift */,
				E756F71229F17AA000CA039F /* AnimalTests.swift */,
				E756F71629F183D400CA039F /* TransformerTests.swift */,
				E756F71429F1826500CA039F /* AddressTests.swift */,
				E7F90B5F29F2A324005B0C67 /* GenericTestsTests.swift */,
				E7F90B6129F2A340005B0C67 /* GenericTestClassTests.swift */,
				E74FB7CB29F1341900D41787 /* IndexerTestsTests.swift */,
				E7B93FAA2A05259500D8BAF1 /* StructTestTests.swift */,
				E7AF01D82A5D6F9300A4C080 /* EventTestsTests.swift */,
				E70361622A6A8126000EF63C /* TestRecordTests.swift */,
				E7B905D92A865C6000B5DC75 /* DelegateTestTests.swift */,
				E7E5171F2AD9312700634B3E /* AsyncTestTests.swift */,
				E7FBD6A42B0365A3006BDB53 /* SpanTestTests.swift */,
				E705F33A2B0E024A00230720 /* NullabilityTests.swift */,
				E74001CF2B275A43008C70F6 /* ArrayTestsTests.swift */,
				E7ABDE622C33E4F3004D3C08 /* InterfaceTests.swift */,
				E7F6044E2C3D5A6E00432278 /* OutParameterTestTests.swift */,
			);
			path = TestClasses;
			sourceTree = "<group>";
		};
/* End PBXGroup section */

/* Begin PBXHeadersBuildPhase section */
		E71E41E12A60030F0075FE5F /* Headers */ = {
			isa = PBXHeadersBuildPhase;
			buildActionMask = 2147483647;
			files = (
			);
			runOnlyForDeploymentPostprocessing = 0;
		};
/* End PBXHeadersBuildPhase section */

/* Begin PBXNativeTarget section */
		E70D117129BF9FEC00B4E738 /* BeyondNETSampleSwiftTests */ = {
			isa = PBXNativeTarget;
			buildConfigurationList = E70D117929BF9FEC00B4E738 /* Build configuration list for PBXNativeTarget "BeyondNETSampleSwiftTests" */;
			buildPhases = (
				E70D116E29BF9FEC00B4E738 /* Sources */,
				E70D116F29BF9FEC00B4E738 /* Frameworks */,
				E70D117029BF9FEC00B4E738 /* Resources */,
				E70D118029C0597200B4E738 /* Copy Libraries */,
			);
			buildRules = (
			);
			dependencies = (
			);
			name = BeyondNETSampleSwiftTests;
			productName = BeyondNETSamplesSwiftTests;
			productReference = E70D117229BF9FEC00B4E738 /* BeyondNETSampleSwiftTests.xctest */;
			productType = "com.apple.product-type.bundle.unit-test";
		};
		E71E41E52A60030F0075FE5F /* BeyondNETSampleSwift */ = {
			isa = PBXNativeTarget;
			buildConfigurationList = E71E41EC2A60030F0075FE5F /* Build configuration list for PBXNativeTarget "BeyondNETSampleSwift" */;
			buildPhases = (
				E71E41E12A60030F0075FE5F /* Headers */,
				E71E41E22A60030F0075FE5F /* Sources */,
				E71E41E32A60030F0075FE5F /* Frameworks */,
				E71E41E42A60030F0075FE5F /* Resources */,
				E75873042A726C350078126F /* Embed Frameworks */,
			);
			buildRules = (
			);
			dependencies = (
			);
			name = BeyondNETSampleSwift;
			productName = BeyondNETSamplesSwiftMulti;
			productReference = E71E41E62A60030F0075FE5F /* BeyondNETSampleSwift.framework */;
			productType = "com.apple.product-type.framework";
		};
/* End PBXNativeTarget section */

/* Begin PBXProject section */
		E70D115429BF9F2600B4E738 /* Project object */ = {
			isa = PBXProject;
			attributes = {
				BuildIndependentTargetsInParallel = 1;
				LastSwiftUpdateCheck = 1420;
				LastUpgradeCheck = 1600;
				TargetAttributes = {
					E70D117129BF9FEC00B4E738 = {
						CreatedOnToolsVersion = 14.2;
					};
					E71E41E52A60030F0075FE5F = {
						CreatedOnToolsVersion = 14.3.1;
						LastSwiftMigration = 1430;
					};
					E7B491D32A5FDBD900A7C75D = {
						CreatedOnToolsVersion = 14.3.1;
					};
				};
			};
			buildConfigurationList = E70D115729BF9F2600B4E738 /* Build configuration list for PBXProject "BeyondNETSampleSwift" */;
			compatibilityVersion = "Xcode 14.0";
			developmentRegion = en;
			hasScannedForEncodings = 0;
			knownRegions = (
				en,
				Base,
			);
			mainGroup = E70D115329BF9F2600B4E738;
			productRefGroup = E70D115E29BF9F2600B4E738 /* Products */;
			projectDirPath = "";
			projectRoot = "";
			targets = (
				E71E41E52A60030F0075FE5F /* BeyondNETSampleSwift */,
				E70D117129BF9FEC00B4E738 /* BeyondNETSampleSwiftTests */,
				E7B491D32A5FDBD900A7C75D /* Build .NET Stuff */,
			);
		};
/* End PBXProject section */

/* Begin PBXResourcesBuildPhase section */
		E70D117029BF9FEC00B4E738 /* Resources */ = {
			isa = PBXResourcesBuildPhase;
			buildActionMask = 2147483647;
			files = (
			);
			runOnlyForDeploymentPostprocessing = 0;
		};
		E71E41E42A60030F0075FE5F /* Resources */ = {
			isa = PBXResourcesBuildPhase;
			buildActionMask = 2147483647;
			files = (
			);
			runOnlyForDeploymentPostprocessing = 0;
		};
/* End PBXResourcesBuildPhase section */

/* Begin PBXShellScriptBuildPhase section */
		E7B491D72A5FDBDD00A7C75D /* Build Dependencies */ = {
			isa = PBXShellScriptBuildPhase;
			alwaysOutOfDate = 1;
			buildActionMask = 2147483647;
			files = (
			);
			inputFileListPaths = (
			);
			inputPaths = (
			);
			name = "Build Dependencies";
			outputFileListPaths = (
				"$(PROJECT_DIR)/BuildDotNETStuffOutputFiles.xcfilelist",
			);
			outputPaths = (
			);
			runOnlyForDeploymentPostprocessing = 0;
			shellPath = /bin/sh;
			shellScript = "set -e\n\ncd \"${PROJECT_DIR}\"\n./build_dependencies\n";
		};
/* End PBXShellScriptBuildPhase section */

/* Begin PBXSourcesBuildPhase section */
		E70D116E29BF9FEC00B4E738 /* Sources */ = {
			isa = PBXSourcesBuildPhase;
			buildActionMask = 2147483647;
			files = (
				E790871629EE80E2001F776F /* TypeConversionTests.swift in Sources */,
				E7F90B6029F2A324005B0C67 /* GenericTestsTests.swift in Sources */,
				E7B93FAB2A05259500D8BAF1 /* StructTestTests.swift in Sources */,
				E7F90B6229F2A340005B0C67 /* GenericTestClassTests.swift in Sources */,
				E7AF01D92A5D6F9300A4C080 /* EventTestsTests.swift in Sources */,
				E74001D02B275A43008C70F6 /* ArrayTestsTests.swift in Sources */,
				E787AA8829EDC2C400601F1A /* SystemTypeTests.swift in Sources */,
				E79F7BF22B07BAF60070621B /* SystemBuffersBinaryBinaryPrimitivesTests.swift in Sources */,
				E7A3E6EA29EEE4B100447BF2 /* SystemTupleTests.swift in Sources */,
				E7A3E6D629EED70000447BF2 /* SystemVersionTests.swift in Sources */,
				E787AA8A29EDC55D00601F1A /* SystemExceptionTests.swift in Sources */,
				E7A3E6E429EEE13E00447BF2 /* SystemTextStringBuilderTests.swift in Sources */,
				E7A3E6EC29EEEB0800447BF2 /* TestClassesTests.swift in Sources */,
				E7A3E6D829EED85000447BF2 /* SystemConvertTests.swift in Sources */,
				E7A3E6DC29EEDDE000447BF2 /* SystemRandomTests.swift in Sources */,
				E7A3E6DE29EEDE3400447BF2 /* SystemIOPathTests.swift in Sources */,
				E7E5171A2AD9289200634B3E /* ComparisonTests.swift in Sources */,
				E756F71329F17AA000CA039F /* AnimalTests.swift in Sources */,
				E7A3E6E029EEDEA700447BF2 /* SystemReflectionAssemblyTests.swift in Sources */,
				E7E517202AD9312700634B3E /* AsyncTestTests.swift in Sources */,
				E756F70D29F1737A00CA039F /* SystemActionTests.swift in Sources */,
				E7A3E6E629EEE1D800447BF2 /* SystemCollectionsGenericListTests.swift in Sources */,
				E74FB7CC29F1341900D41787 /* IndexerTestsTests.swift in Sources */,
				E756F70F29F173E500CA039F /* SystemThreadingThreadTests.swift in Sources */,
				E7AC3D8C29E0391200C5609B /* XCTestCase+Extensions.swift in Sources */,
				E7FBD6A52B0365A3006BDB53 /* SpanTestTests.swift in Sources */,
				E790871829EE8591001F776F /* PrimitivesBoxingTests.swift in Sources */,
				E7B905DA2A865C6000B5DC75 /* DelegateTestTests.swift in Sources */,
				E7C16FCB2B21D2C10021DCB3 /* SystemSecurityCryptographyTests.swift in Sources */,
				E790871E29EECA06001F776F /* SystemArrayTests.swift in Sources */,
				E7ABDE632C33E4F3004D3C08 /* InterfaceTests.swift in Sources */,
				E75BF1ED2AD93E840006E224 /* SystemRuntimeInteropServicesMarshalTests.swift in Sources */,
				E790871C29EEC404001F776F /* SystemEnumTests.swift in Sources */,
				E7977F842A73F16500493C61 /* SystemWeakReferenceTests.swift in Sources */,
				E790871A29EEB8A5001F776F /* SystemStringTests.swift in Sources */,
				E787AA8629EDC0BA00601F1A /* SystemObjectTests.swift in Sources */,
				E756F71729F183D400CA039F /* TransformerTests.swift in Sources */,
				E7A3E6EE29EEEDB100447BF2 /* PersonTests.swift in Sources */,
				E705F33B2B0E024A00230720 /* NullabilityTests.swift in Sources */,
				E7A3E6E229EEDEF100447BF2 /* SystemDecimalTests.swift in Sources */,
				E7A3E6D229EECEF800447BF2 /* SystemDateTimeTests.swift in Sources */,
				E7B93FA92A050D8300D8BAF1 /* SystemUriTests.swift in Sources */,
				E7A3E6D029EECD9800447BF2 /* SystemGuidTests.swift in Sources */,
				E756F71129F1760A00CA039F /* SystemThreadingTimerTests.swift in Sources */,
				E7A3E6E829EEE38F00447BF2 /* SystemCollectionsGenericDictionaryTests.swift in Sources */,
				E70361632A6A8126000EF63C /* TestRecordTests.swift in Sources */,
				E7C0C4FD2AD94C9100A48301 /* Data+Extensions.swift in Sources */,
				E756F71529F1826500CA039F /* AddressTests.swift in Sources */,
				E7F6044F2C3D5A6E00432278 /* OutParameterTestTests.swift in Sources */,
				E7A3E6DA29EEDA6900447BF2 /* SystemMathTests.swift in Sources */,
			);
			runOnlyForDeploymentPostprocessing = 0;
		};
		E71E41E22A60030F0075FE5F /* Sources */ = {
			isa = PBXSourcesBuildPhase;
			buildActionMask = 2147483647;
			files = (
			);
			runOnlyForDeploymentPostprocessing = 0;
		};
/* End PBXSourcesBuildPhase section */

/* Begin XCBuildConfiguration section */
		E70D116229BF9F2600B4E738 /* Debug */ = {
			isa = XCBuildConfiguration;
			buildSettings = {
				ALWAYS_SEARCH_USER_PATHS = NO;
				CLANG_ANALYZER_NONNULL = YES;
				CLANG_ANALYZER_NUMBER_OBJECT_CONVERSION = YES_AGGRESSIVE;
				CLANG_CXX_LANGUAGE_STANDARD = "gnu++20";
				CLANG_ENABLE_MODULES = YES;
				CLANG_ENABLE_OBJC_ARC = YES;
				CLANG_ENABLE_OBJC_WEAK = YES;
				CLANG_WARN_BLOCK_CAPTURE_AUTORELEASING = YES;
				CLANG_WARN_BOOL_CONVERSION = YES;
				CLANG_WARN_COMMA = YES;
				CLANG_WARN_CONSTANT_CONVERSION = YES;
				CLANG_WARN_DEPRECATED_OBJC_IMPLEMENTATIONS = YES;
				CLANG_WARN_DIRECT_OBJC_ISA_USAGE = YES_ERROR;
				CLANG_WARN_DOCUMENTATION_COMMENTS = YES;
				CLANG_WARN_EMPTY_BODY = YES;
				CLANG_WARN_ENUM_CONVERSION = YES;
				CLANG_WARN_INFINITE_RECURSION = YES;
				CLANG_WARN_INT_CONVERSION = YES;
				CLANG_WARN_NON_LITERAL_NULL_CONVERSION = YES;
				CLANG_WARN_OBJC_IMPLICIT_RETAIN_SELF = YES;
				CLANG_WARN_OBJC_LITERAL_CONVERSION = YES;
				CLANG_WARN_OBJC_ROOT_CLASS = YES_ERROR;
				CLANG_WARN_QUOTED_INCLUDE_IN_FRAMEWORK_HEADER = YES;
				CLANG_WARN_RANGE_LOOP_ANALYSIS = YES;
				CLANG_WARN_STRICT_PROTOTYPES = YES;
				CLANG_WARN_SUSPICIOUS_MOVE = YES;
				CLANG_WARN_UNGUARDED_AVAILABILITY = YES_AGGRESSIVE;
				CLANG_WARN_UNREACHABLE_CODE = YES;
				CLANG_WARN__DUPLICATE_METHOD_MATCH = YES;
				COPY_PHASE_STRIP = NO;
				CURRENT_PROJECT_VERSION = 1;
				DEAD_CODE_STRIPPING = YES;
				DEBUG_INFORMATION_FORMAT = dwarf;
				ENABLE_HARDENED_RUNTIME = YES;
				ENABLE_STRICT_OBJC_MSGSEND = YES;
				ENABLE_TESTABILITY = YES;
				ENABLE_USER_SCRIPT_SANDBOXING = YES;
				GCC_C_LANGUAGE_STANDARD = gnu11;
				GCC_DYNAMIC_NO_PIC = NO;
				GCC_NO_COMMON_BLOCKS = YES;
				GCC_OPTIMIZATION_LEVEL = 0;
				GCC_PREPROCESSOR_DEFINITIONS = (
					"DEBUG=1",
					"$(inherited)",
				);
				GCC_WARN_64_TO_32_BIT_CONVERSION = YES;
				GCC_WARN_ABOUT_RETURN_TYPE = YES_ERROR;
				GCC_WARN_UNDECLARED_SELECTOR = YES;
				GCC_WARN_UNINITIALIZED_AUTOS = YES_AGGRESSIVE;
				GCC_WARN_UNUSED_FUNCTION = YES;
				GCC_WARN_UNUSED_VARIABLE = YES;
				MACOSX_DEPLOYMENT_TARGET = 13.1;
				MTL_ENABLE_DEBUG_INFO = INCLUDE_SOURCE;
				MTL_FAST_MATH = YES;
				ONLY_ACTIVE_ARCH = YES;
				SDKROOT = macosx;
				SWIFT_ACTIVE_COMPILATION_CONDITIONS = DEBUG;
				SWIFT_OPTIMIZATION_LEVEL = "-Onone";
				VERSIONING_SYSTEM = "apple-generic";
				VERSION_INFO_PREFIX = "";
			};
			name = Debug;
		};
		E70D116329BF9F2600B4E738 /* Release */ = {
			isa = XCBuildConfiguration;
			buildSettings = {
				ALWAYS_SEARCH_USER_PATHS = NO;
				CLANG_ANALYZER_NONNULL = YES;
				CLANG_ANALYZER_NUMBER_OBJECT_CONVERSION = YES_AGGRESSIVE;
				CLANG_CXX_LANGUAGE_STANDARD = "gnu++20";
				CLANG_ENABLE_MODULES = YES;
				CLANG_ENABLE_OBJC_ARC = YES;
				CLANG_ENABLE_OBJC_WEAK = YES;
				CLANG_WARN_BLOCK_CAPTURE_AUTORELEASING = YES;
				CLANG_WARN_BOOL_CONVERSION = YES;
				CLANG_WARN_COMMA = YES;
				CLANG_WARN_CONSTANT_CONVERSION = YES;
				CLANG_WARN_DEPRECATED_OBJC_IMPLEMENTATIONS = YES;
				CLANG_WARN_DIRECT_OBJC_ISA_USAGE = YES_ERROR;
				CLANG_WARN_DOCUMENTATION_COMMENTS = YES;
				CLANG_WARN_EMPTY_BODY = YES;
				CLANG_WARN_ENUM_CONVERSION = YES;
				CLANG_WARN_INFINITE_RECURSION = YES;
				CLANG_WARN_INT_CONVERSION = YES;
				CLANG_WARN_NON_LITERAL_NULL_CONVERSION = YES;
				CLANG_WARN_OBJC_IMPLICIT_RETAIN_SELF = YES;
				CLANG_WARN_OBJC_LITERAL_CONVERSION = YES;
				CLANG_WARN_OBJC_ROOT_CLASS = YES_ERROR;
				CLANG_WARN_QUOTED_INCLUDE_IN_FRAMEWORK_HEADER = YES;
				CLANG_WARN_RANGE_LOOP_ANALYSIS = YES;
				CLANG_WARN_STRICT_PROTOTYPES = YES;
				CLANG_WARN_SUSPICIOUS_MOVE = YES;
				CLANG_WARN_UNGUARDED_AVAILABILITY = YES_AGGRESSIVE;
				CLANG_WARN_UNREACHABLE_CODE = YES;
				CLANG_WARN__DUPLICATE_METHOD_MATCH = YES;
				COPY_PHASE_STRIP = NO;
				CURRENT_PROJECT_VERSION = 1;
				DEAD_CODE_STRIPPING = YES;
				DEBUG_INFORMATION_FORMAT = "dwarf-with-dsym";
				ENABLE_HARDENED_RUNTIME = YES;
				ENABLE_NS_ASSERTIONS = NO;
				ENABLE_STRICT_OBJC_MSGSEND = YES;
				ENABLE_USER_SCRIPT_SANDBOXING = YES;
				GCC_C_LANGUAGE_STANDARD = gnu11;
				GCC_NO_COMMON_BLOCKS = YES;
				GCC_WARN_64_TO_32_BIT_CONVERSION = YES;
				GCC_WARN_ABOUT_RETURN_TYPE = YES_ERROR;
				GCC_WARN_UNDECLARED_SELECTOR = YES;
				GCC_WARN_UNINITIALIZED_AUTOS = YES_AGGRESSIVE;
				GCC_WARN_UNUSED_FUNCTION = YES;
				GCC_WARN_UNUSED_VARIABLE = YES;
				MACOSX_DEPLOYMENT_TARGET = 13.1;
				MTL_ENABLE_DEBUG_INFO = NO;
				MTL_FAST_MATH = YES;
				SDKROOT = macosx;
				SWIFT_COMPILATION_MODE = wholemodule;
				SWIFT_OPTIMIZATION_LEVEL = "-O";
				VERSIONING_SYSTEM = "apple-generic";
				VERSION_INFO_PREFIX = "";
			};
			name = Release;
		};
		E70D117A29BF9FEC00B4E738 /* Debug */ = {
			isa = XCBuildConfiguration;
			buildSettings = {
				CODE_SIGN_STYLE = Automatic;
				CURRENT_PROJECT_VERSION = 1;
				DEAD_CODE_STRIPPING = YES;
				DEVELOPMENT_TEAM = "";
				ENABLE_APP_SANDBOX = YES;
				GENERATE_INFOPLIST_FILE = YES;
				IPHONEOS_DEPLOYMENT_TARGET = 16.0;
				LIBRARY_SEARCH_PATHS = (
					"$(inherited)",
					"$(PROJECT_DIR)",
				);
				MACOSX_DEPLOYMENT_TARGET = 13.0;
				MARKETING_VERSION = 1.0;
				PRODUCT_BUNDLE_IDENTIFIER = com.royalapps.Beyond.NET.Sample.Swift.Tests;
				PRODUCT_NAME = "$(TARGET_NAME)";
				SUPPORTED_PLATFORMS = "iphoneos iphonesimulator macosx";
				SUPPORTS_MACCATALYST = NO;
				SUPPORTS_MAC_DESIGNED_FOR_IPHONE_IPAD = NO;
				SWIFT_EMIT_LOC_STRINGS = NO;
				SWIFT_VERSION = 6.0;
				TARGETED_DEVICE_FAMILY = "1,2";
			};
			name = Debug;
		};
		E70D117B29BF9FEC00B4E738 /* Release */ = {
			isa = XCBuildConfiguration;
			buildSettings = {
				CODE_SIGN_STYLE = Automatic;
				CURRENT_PROJECT_VERSION = 1;
				DEAD_CODE_STRIPPING = YES;
				DEVELOPMENT_TEAM = "";
				ENABLE_APP_SANDBOX = YES;
				GENERATE_INFOPLIST_FILE = YES;
				IPHONEOS_DEPLOYMENT_TARGET = 16.0;
				LIBRARY_SEARCH_PATHS = (
					"$(inherited)",
					"$(PROJECT_DIR)",
				);
				MACOSX_DEPLOYMENT_TARGET = 13.0;
				MARKETING_VERSION = 1.0;
				PRODUCT_BUNDLE_IDENTIFIER = com.royalapps.Beyond.NET.Sample.Swift.Tests;
				PRODUCT_NAME = "$(TARGET_NAME)";
				SUPPORTED_PLATFORMS = "iphoneos iphonesimulator macosx";
				SUPPORTS_MACCATALYST = NO;
				SUPPORTS_MAC_DESIGNED_FOR_IPHONE_IPAD = NO;
				SWIFT_EMIT_LOC_STRINGS = NO;
				SWIFT_VERSION = 6.0;
				TARGETED_DEVICE_FAMILY = "1,2";
			};
			name = Release;
		};
		E71E41EA2A60030F0075FE5F /* Debug */ = {
			isa = XCBuildConfiguration;
			buildSettings = {
				CLANG_ENABLE_MODULES = YES;
				CODE_SIGN_STYLE = Automatic;
				CURRENT_PROJECT_VERSION = 1;
				DYLIB_COMPATIBILITY_VERSION = 1;
				DYLIB_CURRENT_VERSION = 1;
				DYLIB_INSTALL_NAME_BASE = "@rpath";
				ENABLE_MODULE_VERIFIER = YES;
				GENERATE_INFOPLIST_FILE = YES;
				INFOPLIST_KEY_NSHumanReadableCopyright = "";
				INSTALL_PATH = "$(LOCAL_LIBRARY_DIR)/Frameworks";
				IPHONEOS_DEPLOYMENT_TARGET = 16.0;
				LD_RUNPATH_SEARCH_PATHS = (
					"@executable_path/Frameworks",
					"@loader_path/Frameworks",
				);
				"LD_RUNPATH_SEARCH_PATHS[sdk=macosx*]" = (
					"@executable_path/../Frameworks",
					"@loader_path/Frameworks",
				);
				MACOSX_DEPLOYMENT_TARGET = 13.0;
				MARKETING_VERSION = 1.0;
				MODULE_VERIFIER_SUPPORTED_LANGUAGES = "objective-c objective-c++";
				MODULE_VERIFIER_SUPPORTED_LANGUAGE_STANDARDS = "gnu11 gnu++20";
				PRODUCT_BUNDLE_IDENTIFIER = com.royalapps.BeyondNETSampleSwift;
				PRODUCT_NAME = "$(TARGET_NAME:c99extidentifier)";
				SDKROOT = auto;
				SKIP_INSTALL = YES;
				SUPPORTED_PLATFORMS = "iphoneos iphonesimulator macosx";
				SWIFT_EMIT_LOC_STRINGS = YES;
				SWIFT_OPTIMIZATION_LEVEL = "-Onone";
				SWIFT_VERSION = 6.0;
				TARGETED_DEVICE_FAMILY = "1,2";
			};
			name = Debug;
		};
		E71E41EB2A60030F0075FE5F /* Release */ = {
			isa = XCBuildConfiguration;
			buildSettings = {
				CLANG_ENABLE_MODULES = YES;
				CODE_SIGN_STYLE = Automatic;
				CURRENT_PROJECT_VERSION = 1;
				DYLIB_COMPATIBILITY_VERSION = 1;
				DYLIB_CURRENT_VERSION = 1;
				DYLIB_INSTALL_NAME_BASE = "@rpath";
				ENABLE_MODULE_VERIFIER = YES;
				GENERATE_INFOPLIST_FILE = YES;
				INFOPLIST_KEY_NSHumanReadableCopyright = "";
				INSTALL_PATH = "$(LOCAL_LIBRARY_DIR)/Frameworks";
				IPHONEOS_DEPLOYMENT_TARGET = 16.0;
				LD_RUNPATH_SEARCH_PATHS = (
					"@executable_path/Frameworks",
					"@loader_path/Frameworks",
				);
				"LD_RUNPATH_SEARCH_PATHS[sdk=macosx*]" = (
					"@executable_path/../Frameworks",
					"@loader_path/Frameworks",
				);
				MACOSX_DEPLOYMENT_TARGET = 13.0;
				MARKETING_VERSION = 1.0;
				MODULE_VERIFIER_SUPPORTED_LANGUAGES = "objective-c objective-c++";
				MODULE_VERIFIER_SUPPORTED_LANGUAGE_STANDARDS = "gnu11 gnu++20";
				PRODUCT_BUNDLE_IDENTIFIER = com.royalapps.BeyondNETSampleSwift;
				PRODUCT_NAME = "$(TARGET_NAME:c99extidentifier)";
				SDKROOT = auto;
				SKIP_INSTALL = YES;
				SUPPORTED_PLATFORMS = "iphoneos iphonesimulator macosx";
				SWIFT_EMIT_LOC_STRINGS = YES;
				SWIFT_VERSION = 6.0;
				TARGETED_DEVICE_FAMILY = "1,2";
			};
			name = Release;
		};
		E7B491D42A5FDBD900A7C75D /* Debug */ = {
			isa = XCBuildConfiguration;
			buildSettings = {
				CODE_SIGN_STYLE = Automatic;
				PRODUCT_NAME = "$(TARGET_NAME)";
			};
			name = Debug;
		};
		E7B491D52A5FDBD900A7C75D /* Release */ = {
			isa = XCBuildConfiguration;
			buildSettings = {
				CODE_SIGN_STYLE = Automatic;
				PRODUCT_NAME = "$(TARGET_NAME)";
			};
			name = Release;
		};
/* End XCBuildConfiguration section */

/* Begin XCConfigurationList section */
		E70D115729BF9F2600B4E738 /* Build configuration list for PBXProject "BeyondNETSampleSwift" */ = {
			isa = XCConfigurationList;
			buildConfigurations = (
				E70D116229BF9F2600B4E738 /* Debug */,
				E70D116329BF9F2600B4E738 /* Release */,
			);
			defaultConfigurationIsVisible = 0;
			defaultConfigurationName = Release;
		};
		E70D117929BF9FEC00B4E738 /* Build configuration list for PBXNativeTarget "BeyondNETSampleSwiftTests" */ = {
			isa = XCConfigurationList;
			buildConfigurations = (
				E70D117A29BF9FEC00B4E738 /* Debug */,
				E70D117B29BF9FEC00B4E738 /* Release */,
			);
			defaultConfigurationIsVisible = 0;
			defaultConfigurationName = Release;
		};
		E71E41EC2A60030F0075FE5F /* Build configuration list for PBXNativeTarget "BeyondNETSampleSwift" */ = {
			isa = XCConfigurationList;
			buildConfigurations = (
				E71E41EA2A60030F0075FE5F /* Debug */,
				E71E41EB2A60030F0075FE5F /* Release */,
			);
			defaultConfigurationIsVisible = 0;
			defaultConfigurationName = Release;
		};
		E7B491D62A5FDBD900A7C75D /* Build configuration list for PBXAggregateTarget "Build .NET Stuff" */ = {
			isa = XCConfigurationList;
			buildConfigurations = (
				E7B491D42A5FDBD900A7C75D /* Debug */,
				E7B491D52A5FDBD900A7C75D /* Release */,
			);
			defaultConfigurationIsVisible = 0;
			defaultConfigurationName = Release;
		};
/* End XCConfigurationList section */
	};
	rootObject = E70D115429BF9F2600B4E738 /* Project object */;
}
